// !$*UTF8*$!
{
	archiveVersion = 1;
	classes = {
	};
	objectVersion = 46;
	objects = {

/* Begin PBXBuildFile section */
		823CC0091B46291700F633F8 /* Post.swift in Sources */ = {isa = PBXBuildFile; fileRef = 823CC0081B46291700F633F8 /* Post.swift */; };
		823CC00B1B46297500F633F8 /* PostAnnotation.swift in Sources */ = {isa = PBXBuildFile; fileRef = 823CC00A1B46297500F633F8 /* PostAnnotation.swift */; };
		823CC00D1B4629C000F633F8 /* VCMapView.swift in Sources */ = {isa = PBXBuildFile; fileRef = 823CC00C1B4629C000F633F8 /* VCMapView.swift */; };
		8256CAFC1B40FC750002708C /* ListUsers.swift in Sources */ = {isa = PBXBuildFile; fileRef = 8256CAFB1B40FC750002708C /* ListUsers.swift */; };
		8256CAFE1B40FD730002708C /* ListUsersTVC.swift in Sources */ = {isa = PBXBuildFile; fileRef = 8256CAFD1B40FD730002708C /* ListUsersTVC.swift */; };
		8283BE181B0143AF0085F9A6 /* AppDelegate.swift in Sources */ = {isa = PBXBuildFile; fileRef = 8283BE171B0143AF0085F9A6 /* AppDelegate.swift */; };
		8283BE1B1B0143AF0085F9A6 /* mplango.xcdatamodeld in Sources */ = {isa = PBXBuildFile; fileRef = 8283BE191B0143AF0085F9A6 /* mplango.xcdatamodeld */; };
		8283BE1D1B0143AF0085F9A6 /* AccountViewController.swift in Sources */ = {isa = PBXBuildFile; fileRef = 8283BE1C1B0143AF0085F9A6 /* AccountViewController.swift */; };
		8283BE201B0143AF0085F9A6 /* Main.storyboard in Resources */ = {isa = PBXBuildFile; fileRef = 8283BE1E1B0143AF0085F9A6 /* Main.storyboard */; };
		8283BE221B0143AF0085F9A6 /* Images.xcassets in Resources */ = {isa = PBXBuildFile; fileRef = 8283BE211B0143AF0085F9A6 /* Images.xcassets */; };
		8283BE251B0143AF0085F9A6 /* LaunchScreen.xib in Resources */ = {isa = PBXBuildFile; fileRef = 8283BE231B0143AF0085F9A6 /* LaunchScreen.xib */; };
		8283BE311B0143AF0085F9A6 /* mplangoTests.swift in Sources */ = {isa = PBXBuildFile; fileRef = 8283BE301B0143AF0085F9A6 /* mplangoTests.swift */; };
		8283BE3D1B0162F00085F9A6 /* MUser.swift in Sources */ = {isa = PBXBuildFile; fileRef = 8283BE3C1B0162F00085F9A6 /* MUser.swift */; };
		8283BE431B0233440085F9A6 /* LoginViewController.swift in Sources */ = {isa = PBXBuildFile; fileRef = 8283BE421B0233440085F9A6 /* LoginViewController.swift */; };
		8283BE451B02364E0085F9A6 /* ForgotPassViewController.swift in Sources */ = {isa = PBXBuildFile; fileRef = 8283BE441B02364E0085F9A6 /* ForgotPassViewController.swift */; };
		8283BE471B0236880085F9A6 /* MapViewController.swift in Sources */ = {isa = PBXBuildFile; fileRef = 8283BE461B0236880085F9A6 /* MapViewController.swift */; };
		82842E351B61E38700E7C860 /* AppDelegate.swift in Sources */ = {isa = PBXBuildFile; fileRef = 8283BE171B0143AF0085F9A6 /* AppDelegate.swift */; };
		82842E361B61E62D00E7C860 /* MUser.swift in Sources */ = {isa = PBXBuildFile; fileRef = 8283BE3C1B0162F00085F9A6 /* MUser.swift */; };
		82842E371B61E65200E7C860 /* AccountViewController.swift in Sources */ = {isa = PBXBuildFile; fileRef = 8283BE1C1B0143AF0085F9A6 /* AccountViewController.swift */; };
		82842E381B61E65600E7C860 /* ForgotPassViewController.swift in Sources */ = {isa = PBXBuildFile; fileRef = 8283BE441B02364E0085F9A6 /* ForgotPassViewController.swift */; };
		82842E391B61E65B00E7C860 /* LoginViewController.swift in Sources */ = {isa = PBXBuildFile; fileRef = 8283BE421B0233440085F9A6 /* LoginViewController.swift */; };
		82842E3A1B61E65E00E7C860 /* MapViewController.swift in Sources */ = {isa = PBXBuildFile; fileRef = 8283BE461B0236880085F9A6 /* MapViewController.swift */; };
		82842E3B1B61E66100E7C860 /* Post.swift in Sources */ = {isa = PBXBuildFile; fileRef = 823CC0081B46291700F633F8 /* Post.swift */; };
		82842E3C1B61E66500E7C860 /* PostAnnotation.swift in Sources */ = {isa = PBXBuildFile; fileRef = 823CC00A1B46297500F633F8 /* PostAnnotation.swift */; };
		82842E3D1B61E66800E7C860 /* VCMapView.swift in Sources */ = {isa = PBXBuildFile; fileRef = 823CC00C1B4629C000F633F8 /* VCMapView.swift */; };
		82842E3E1B61E66C00E7C860 /* ListUsers.swift in Sources */ = {isa = PBXBuildFile; fileRef = 8256CAFB1B40FC750002708C /* ListUsers.swift */; };
		82842E3F1B61E9D200E7C860 /* Main.storyboard in Resources */ = {isa = PBXBuildFile; fileRef = 8283BE1E1B0143AF0085F9A6 /* Main.storyboard */; };
		82842E441B61EA7900E7C860 /* InitialViewController.swift in Sources */ = {isa = PBXBuildFile; fileRef = 82842E431B61EA7900E7C860 /* InitialViewController.swift */; };
		82842E451B61EA7900E7C860 /* InitialViewController.swift in Sources */ = {isa = PBXBuildFile; fileRef = 82842E431B61EA7900E7C860 /* InitialViewController.swift */; };
/* End PBXBuildFile section */

/* Begin PBXContainerItemProxy section */
		8283BE2B1B0143AF0085F9A6 /* PBXContainerItemProxy */ = {
			isa = PBXContainerItemProxy;
			containerPortal = 8283BE0A1B0143AF0085F9A6 /* Project object */;
			proxyType = 1;
			remoteGlobalIDString = 8283BE111B0143AF0085F9A6;
			remoteInfo = mplango;
		};
/* End PBXContainerItemProxy section */

/* Begin PBXFileReference section */
		823CC0081B46291700F633F8 /* Post.swift */ = {isa = PBXFileReference; fileEncoding = 4; lastKnownFileType = sourcecode.swift; path = Post.swift; sourceTree = "<group>"; };
		823CC00A1B46297500F633F8 /* PostAnnotation.swift */ = {isa = PBXFileReference; fileEncoding = 4; lastKnownFileType = sourcecode.swift; path = PostAnnotation.swift; sourceTree = "<group>"; };
		823CC00C1B4629C000F633F8 /* VCMapView.swift */ = {isa = PBXFileReference; fileEncoding = 4; lastKnownFileType = sourcecode.swift; path = VCMapView.swift; sourceTree = "<group>"; };
		8256CAFB1B40FC750002708C /* ListUsers.swift */ = {isa = PBXFileReference; fileEncoding = 4; lastKnownFileType = sourcecode.swift; path = ListUsers.swift; sourceTree = "<group>"; };
		8256CAFD1B40FD730002708C /* ListUsersTVC.swift */ = {isa = PBXFileReference; fileEncoding = 4; lastKnownFileType = sourcecode.swift; path = ListUsersTVC.swift; sourceTree = "<group>"; };
		8283BE121B0143AF0085F9A6 /* mplango.app */ = {isa = PBXFileReference; explicitFileType = wrapper.application; includeInIndex = 0; path = mplango.app; sourceTree = BUILT_PRODUCTS_DIR; };
		8283BE161B0143AF0085F9A6 /* Info.plist */ = {isa = PBXFileReference; lastKnownFileType = text.plist.xml; path = Info.plist; sourceTree = "<group>"; };
		8283BE171B0143AF0085F9A6 /* AppDelegate.swift */ = {isa = PBXFileReference; lastKnownFileType = sourcecode.swift; path = AppDelegate.swift; sourceTree = "<group>"; };
		8283BE1A1B0143AF0085F9A6 /* mplango.xcdatamodel */ = {isa = PBXFileReference; lastKnownFileType = wrapper.xcdatamodel; path = mplango.xcdatamodel; sourceTree = "<group>"; };
		8283BE1C1B0143AF0085F9A6 /* AccountViewController.swift */ = {isa = PBXFileReference; lastKnownFileType = sourcecode.swift; path = AccountViewController.swift; sourceTree = "<group>"; };
		8283BE1F1B0143AF0085F9A6 /* Base */ = {isa = PBXFileReference; lastKnownFileType = file.storyboard; name = Base; path = Base.lproj/Main.storyboard; sourceTree = "<group>"; };
		8283BE211B0143AF0085F9A6 /* Images.xcassets */ = {isa = PBXFileReference; lastKnownFileType = folder.assetcatalog; path = Images.xcassets; sourceTree = "<group>"; };
		8283BE241B0143AF0085F9A6 /* Base */ = {isa = PBXFileReference; lastKnownFileType = file.xib; name = Base; path = Base.lproj/LaunchScreen.xib; sourceTree = "<group>"; };
		8283BE2A1B0143AF0085F9A6 /* mplangoTests.xctest */ = {isa = PBXFileReference; explicitFileType = wrapper.cfbundle; includeInIndex = 0; path = mplangoTests.xctest; sourceTree = BUILT_PRODUCTS_DIR; };
		8283BE2F1B0143AF0085F9A6 /* Info.plist */ = {isa = PBXFileReference; lastKnownFileType = text.plist.xml; path = Info.plist; sourceTree = "<group>"; };
		8283BE301B0143AF0085F9A6 /* mplangoTests.swift */ = {isa = PBXFileReference; lastKnownFileType = sourcecode.swift; path = mplangoTests.swift; sourceTree = "<group>"; };
		8283BE3C1B0162F00085F9A6 /* MUser.swift */ = {isa = PBXFileReference; fileEncoding = 4; lastKnownFileType = sourcecode.swift; path = MUser.swift; sourceTree = "<group>"; };
		8283BE421B0233440085F9A6 /* LoginViewController.swift */ = {isa = PBXFileReference; fileEncoding = 4; lastKnownFileType = sourcecode.swift; path = LoginViewController.swift; sourceTree = "<group>"; };
		8283BE441B02364E0085F9A6 /* ForgotPassViewController.swift */ = {isa = PBXFileReference; fileEncoding = 4; lastKnownFileType = sourcecode.swift; path = ForgotPassViewController.swift; sourceTree = "<group>"; };
		8283BE461B0236880085F9A6 /* MapViewController.swift */ = {isa = PBXFileReference; fileEncoding = 4; lastKnownFileType = sourcecode.swift; path = MapViewController.swift; sourceTree = "<group>"; };
		82842E431B61EA7900E7C860 /* InitialViewController.swift */ = {isa = PBXFileReference; fileEncoding = 4; lastKnownFileType = sourcecode.swift; path = InitialViewController.swift; sourceTree = "<group>"; };
/* End PBXFileReference section */

/* Begin PBXFrameworksBuildPhase section */
		8283BE0F1B0143AF0085F9A6 /* Frameworks */ = {
			isa = PBXFrameworksBuildPhase;
			buildActionMask = 2147483647;
			files = (
			);
			runOnlyForDeploymentPostprocessing = 0;
		};
		8283BE271B0143AF0085F9A6 /* Frameworks */ = {
			isa = PBXFrameworksBuildPhase;
			buildActionMask = 2147483647;
			files = (
			);
			runOnlyForDeploymentPostprocessing = 0;
		};
/* End PBXFrameworksBuildPhase section */

/* Begin PBXGroup section */
		8283BE091B0143AF0085F9A6 = {
			isa = PBXGroup;
			children = (
				8283BE141B0143AF0085F9A6 /* mplango */,
				8283BE2D1B0143AF0085F9A6 /* mplangoTests */,
				8283BE131B0143AF0085F9A6 /* Products */,
			);
			sourceTree = "<group>";
		};
		8283BE131B0143AF0085F9A6 /* Products */ = {
			isa = PBXGroup;
			children = (
				8283BE121B0143AF0085F9A6 /* mplango.app */,
				8283BE2A1B0143AF0085F9A6 /* mplangoTests.xctest */,
			);
			name = Products;
			sourceTree = "<group>";
		};
		8283BE141B0143AF0085F9A6 /* mplango */ = {
			isa = PBXGroup;
			children = (
				8283BE171B0143AF0085F9A6 /* AppDelegate.swift */,
				8283BE3C1B0162F00085F9A6 /* MUser.swift */,
				8283BE1C1B0143AF0085F9A6 /* AccountViewController.swift */,
				82842E431B61EA7900E7C860 /* InitialViewController.swift */,
				8283BE441B02364E0085F9A6 /* ForgotPassViewController.swift */,
				8283BE421B0233440085F9A6 /* LoginViewController.swift */,
				8283BE461B0236880085F9A6 /* MapViewController.swift */,
				823CC0081B46291700F633F8 /* Post.swift */,
				823CC00A1B46297500F633F8 /* PostAnnotation.swift */,
				823CC00C1B4629C000F633F8 /* VCMapView.swift */,
				8256CAFB1B40FC750002708C /* ListUsers.swift */,
				8256CAFD1B40FD730002708C /* ListUsersTVC.swift */,
				8283BE1E1B0143AF0085F9A6 /* Main.storyboard */,
				8283BE211B0143AF0085F9A6 /* Images.xcassets */,
				8283BE231B0143AF0085F9A6 /* LaunchScreen.xib */,
				8283BE191B0143AF0085F9A6 /* mplango.xcdatamodeld */,
				8283BE151B0143AF0085F9A6 /* Supporting Files */,
			);
			path = mplango;
			sourceTree = "<group>";
		};
		8283BE151B0143AF0085F9A6 /* Supporting Files */ = {
			isa = PBXGroup;
			children = (
				8283BE161B0143AF0085F9A6 /* Info.plist */,
			);
			name = "Supporting Files";
			sourceTree = "<group>";
		};
		8283BE2D1B0143AF0085F9A6 /* mplangoTests */ = {
			isa = PBXGroup;
			children = (
				8283BE301B0143AF0085F9A6 /* mplangoTests.swift */,
				8283BE2E1B0143AF0085F9A6 /* Supporting Files */,
			);
			path = mplangoTests;
			sourceTree = "<group>";
		};
		8283BE2E1B0143AF0085F9A6 /* Supporting Files */ = {
			isa = PBXGroup;
			children = (
				8283BE2F1B0143AF0085F9A6 /* Info.plist */,
			);
			name = "Supporting Files";
			sourceTree = "<group>";
		};
/* End PBXGroup section */

/* Begin PBXNativeTarget section */
		8283BE111B0143AF0085F9A6 /* mplango */ = {
			isa = PBXNativeTarget;
			buildConfigurationList = 8283BE341B0143AF0085F9A6 /* Build configuration list for PBXNativeTarget "mplango" */;
			buildPhases = (
				8283BE0E1B0143AF0085F9A6 /* Sources */,
				8283BE0F1B0143AF0085F9A6 /* Frameworks */,
				8283BE101B0143AF0085F9A6 /* Resources */,
			);
			buildRules = (
			);
			dependencies = (
			);
			name = mplango;
			productName = mplango;
			productReference = 8283BE121B0143AF0085F9A6 /* mplango.app */;
			productType = "com.apple.product-type.application";
		};
		8283BE291B0143AF0085F9A6 /* mplangoTests */ = {
			isa = PBXNativeTarget;
			buildConfigurationList = 8283BE371B0143AF0085F9A6 /* Build configuration list for PBXNativeTarget "mplangoTests" */;
			buildPhases = (
				8283BE261B0143AF0085F9A6 /* Sources */,
				8283BE271B0143AF0085F9A6 /* Frameworks */,
				8283BE281B0143AF0085F9A6 /* Resources */,
			);
			buildRules = (
			);
			dependencies = (
				8283BE2C1B0143AF0085F9A6 /* PBXTargetDependency */,
			);
			name = mplangoTests;
			productName = mplangoTests;
			productReference = 8283BE2A1B0143AF0085F9A6 /* mplangoTests.xctest */;
			productType = "com.apple.product-type.bundle.unit-test";
		};
/* End PBXNativeTarget section */

/* Begin PBXProject section */
		8283BE0A1B0143AF0085F9A6 /* Project object */ = {
			isa = PBXProject;
			attributes = {
				LastUpgradeCheck = 0630;
				ORGANIZATIONNAME = unb.br;
				TargetAttributes = {
					8283BE111B0143AF0085F9A6 = {
						CreatedOnToolsVersion = 6.3;
					};
					8283BE291B0143AF0085F9A6 = {
						CreatedOnToolsVersion = 6.3;
						TestTargetID = 8283BE111B0143AF0085F9A6;
					};
				};
			};
			buildConfigurationList = 8283BE0D1B0143AF0085F9A6 /* Build configuration list for PBXProject "mplango" */;
			compatibilityVersion = "Xcode 3.2";
			developmentRegion = English;
			hasScannedForEncodings = 0;
			knownRegions = (
				en,
				Base,
			);
			mainGroup = 8283BE091B0143AF0085F9A6;
			productRefGroup = 8283BE131B0143AF0085F9A6 /* Products */;
			projectDirPath = "";
			projectRoot = "";
			targets = (
				8283BE111B0143AF0085F9A6 /* mplango */,
				8283BE291B0143AF0085F9A6 /* mplangoTests */,
			);
		};
/* End PBXProject section */

/* Begin PBXResourcesBuildPhase section */
		8283BE101B0143AF0085F9A6 /* Resources */ = {
			isa = PBXResourcesBuildPhase;
			buildActionMask = 2147483647;
			files = (
				8283BE201B0143AF0085F9A6 /* Main.storyboard in Resources */,
				8283BE251B0143AF0085F9A6 /* LaunchScreen.xib in Resources */,
				8283BE221B0143AF0085F9A6 /* Images.xcassets in Resources */,
			);
			runOnlyForDeploymentPostprocessing = 0;
		};
		8283BE281B0143AF0085F9A6 /* Resources */ = {
			isa = PBXResourcesBuildPhase;
			buildActionMask = 2147483647;
			files = (
				82842E3F1B61E9D200E7C860 /* Main.storyboard in Resources */,
			);
			runOnlyForDeploymentPostprocessing = 0;
		};
/* End PBXResourcesBuildPhase section */

/* Begin PBXSourcesBuildPhase section */
		8283BE0E1B0143AF0085F9A6 /* Sources */ = {
			isa = PBXSourcesBuildPhase;
			buildActionMask = 2147483647;
			files = (
				823CC00D1B4629C000F633F8 /* VCMapView.swift in Sources */,
				82842E441B61EA7900E7C860 /* InitialViewController.swift in Sources */,
				8256CAFC1B40FC750002708C /* ListUsers.swift in Sources */,
				8283BE451B02364E0085F9A6 /* ForgotPassViewController.swift in Sources */,
				823CC00B1B46297500F633F8 /* PostAnnotation.swift in Sources */,
				8283BE431B0233440085F9A6 /* LoginViewController.swift in Sources */,
				8283BE3D1B0162F00085F9A6 /* MUser.swift in Sources */,
				8283BE471B0236880085F9A6 /* MapViewController.swift in Sources */,
				8283BE1D1B0143AF0085F9A6 /* AccountViewController.swift in Sources */,
				8283BE1B1B0143AF0085F9A6 /* mplango.xcdatamodeld in Sources */,
				8256CAFE1B40FD730002708C /* ListUsersTVC.swift in Sources */,
				8283BE181B0143AF0085F9A6 /* AppDelegate.swift in Sources */,
				823CC0091B46291700F633F8 /* Post.swift in Sources */,
			);
			runOnlyForDeploymentPostprocessing = 0;
		};
		8283BE261B0143AF0085F9A6 /* Sources */ = {
			isa = PBXSourcesBuildPhase;
			buildActionMask = 2147483647;
			files = (
				82842E3E1B61E66C00E7C860 /* ListUsers.swift in Sources */,
				82842E451B61EA7900E7C860 /* InitialViewController.swift in Sources */,
				82842E391B61E65B00E7C860 /* LoginViewController.swift in Sources */,
				82842E351B61E38700E7C860 /* AppDelegate.swift in Sources */,
				82842E371B61E65200E7C860 /* AccountViewController.swift in Sources */,
				82842E381B61E65600E7C860 /* ForgotPassViewController.swift in Sources */,
				82842E3D1B61E66800E7C860 /* VCMapView.swift in Sources */,
				82842E3C1B61E66500E7C860 /* PostAnnotation.swift in Sources */,
				82288E8E1B51C878006BC80F /* ListUsersTVC.swift in Sources */,
				82842E361B61E62D00E7C860 /* MUser.swift in Sources */,
				82842E3B1B61E66100E7C860 /* Post.swift in Sources */,
				8283BE311B0143AF0085F9A6 /* mplangoTests.swift in Sources */,
				82842E3A1B61E65E00E7C860 /* MapViewController.swift in Sources */,
			);
			runOnlyForDeploymentPostprocessing = 0;
		};
/* End PBXSourcesBuildPhase section */

/* Begin PBXTargetDependency section */
		8283BE2C1B0143AF0085F9A6 /* PBXTargetDependency */ = {
			isa = PBXTargetDependency;
			target = 8283BE111B0143AF0085F9A6 /* mplango */;
			targetProxy = 8283BE2B1B0143AF0085F9A6 /* PBXContainerItemProxy */;
		};
/* End PBXTargetDependency section */

/* Begin PBXVariantGroup section */
		8283BE1E1B0143AF0085F9A6 /* Main.storyboard */ = {
			isa = PBXVariantGroup;
			children = (
				8283BE1F1B0143AF0085F9A6 /* Base */,
			);
			name = Main.storyboard;
			sourceTree = "<group>";
		};
		8283BE231B0143AF0085F9A6 /* LaunchScreen.xib */ = {
			isa = PBXVariantGroup;
			children = (
				8283BE241B0143AF0085F9A6 /* Base */,
			);
			name = LaunchScreen.xib;
			sourceTree = "<group>";
		};
/* End PBXVariantGroup section */

/* Begin XCBuildConfiguration section */
		8283BE321B0143AF0085F9A6 /* Debug */ = {
			isa = XCBuildConfiguration;
			buildSettings = {
				ALWAYS_SEARCH_USER_PATHS = NO;
				CLANG_CXX_LANGUAGE_STANDARD = "gnu++0x";
				CLANG_CXX_LIBRARY = "libc++";
				CLANG_ENABLE_MODULES = YES;
				CLANG_ENABLE_OBJC_ARC = YES;
				CLANG_WARN_BOOL_CONVERSION = YES;
				CLANG_WARN_CONSTANT_CONVERSION = YES;
				CLANG_WARN_DIRECT_OBJC_ISA_USAGE = YES_ERROR;
				CLANG_WARN_EMPTY_BODY = YES;
				CLANG_WARN_ENUM_CONVERSION = YES;
				CLANG_WARN_INT_CONVERSION = YES;
				CLANG_WARN_OBJC_ROOT_CLASS = YES_ERROR;
				CLANG_WARN_UNREACHABLE_CODE = YES;
				CLANG_WARN__DUPLICATE_METHOD_MATCH = YES;
				"CODE_SIGN_IDENTITY[sdk=iphoneos*]" = "iPhone Developer";
				COPY_PHASE_STRIP = NO;
				DEBUG_INFORMATION_FORMAT = "dwarf-with-dsym";
				ENABLE_STRICT_OBJC_MSGSEND = YES;
				GCC_C_LANGUAGE_STANDARD = gnu99;
				GCC_DYNAMIC_NO_PIC = NO;
				GCC_NO_COMMON_BLOCKS = YES;
				GCC_OPTIMIZATION_LEVEL = 0;
				GCC_PREPROCESSOR_DEFINITIONS = (
					"DEBUG=1",
					"$(inherited)",
				);
				GCC_SYMBOLS_PRIVATE_EXTERN = NO;
				GCC_WARN_64_TO_32_BIT_CONVERSION = YES;
				GCC_WARN_ABOUT_RETURN_TYPE = YES_ERROR;
				GCC_WARN_UNDECLARED_SELECTOR = YES;
				GCC_WARN_UNINITIALIZED_AUTOS = YES_AGGRESSIVE;
				GCC_WARN_UNUSED_FUNCTION = YES;
				GCC_WARN_UNUSED_VARIABLE = YES;
				IPHONEOS_DEPLOYMENT_TARGET = 8.3;
				MTL_ENABLE_DEBUG_INFO = YES;
				ONLY_ACTIVE_ARCH = YES;
				SDKROOT = iphoneos;
				SWIFT_OPTIMIZATION_LEVEL = "-Onone";
			};
			name = Debug;
		};
		8283BE331B0143AF0085F9A6 /* Release */ = {
			isa = XCBuildConfiguration;
			buildSettings = {
				ALWAYS_SEARCH_USER_PATHS = NO;
				CLANG_CXX_LANGUAGE_STANDARD = "gnu++0x";
				CLANG_CXX_LIBRARY = "libc++";
				CLANG_ENABLE_MODULES = YES;
				CLANG_ENABLE_OBJC_ARC = YES;
				CLANG_WARN_BOOL_CONVERSION = YES;
				CLANG_WARN_CONSTANT_CONVERSION = YES;
				CLANG_WARN_DIRECT_OBJC_ISA_USAGE = YES_ERROR;
				CLANG_WARN_EMPTY_BODY = YES;
				CLANG_WARN_ENUM_CONVERSION = YES;
				CLANG_WARN_INT_CONVERSION = YES;
				CLANG_WARN_OBJC_ROOT_CLASS = YES_ERROR;
				CLANG_WARN_UNREACHABLE_CODE = YES;
				CLANG_WARN__DUPLICATE_METHOD_MATCH = YES;
				"CODE_SIGN_IDENTITY[sdk=iphoneos*]" = "iPhone Developer";
				COPY_PHASE_STRIP = NO;
				DEBUG_INFORMATION_FORMAT = "dwarf-with-dsym";
				ENABLE_NS_ASSERTIONS = NO;
				ENABLE_STRICT_OBJC_MSGSEND = YES;
				GCC_C_LANGUAGE_STANDARD = gnu99;
				GCC_NO_COMMON_BLOCKS = YES;
				GCC_WARN_64_TO_32_BIT_CONVERSION = YES;
				GCC_WARN_ABOUT_RETURN_TYPE = YES_ERROR;
				GCC_WARN_UNDECLARED_SELECTOR = YES;
				GCC_WARN_UNINITIALIZED_AUTOS = YES_AGGRESSIVE;
				GCC_WARN_UNUSED_FUNCTION = YES;
				GCC_WARN_UNUSED_VARIABLE = YES;
				IPHONEOS_DEPLOYMENT_TARGET = 8.3;
				MTL_ENABLE_DEBUG_INFO = NO;
				SDKROOT = iphoneos;
				VALIDATE_PRODUCT = YES;
			};
			name = Release;
		};
		8283BE351B0143AF0085F9A6 /* Debug */ = {
			isa = XCBuildConfiguration;
			buildSettings = {
				ASSETCATALOG_COMPILER_APPICON_NAME = AppIcon;
				INFOPLIST_FILE = mplango/Info.plist;
				LD_RUNPATH_SEARCH_PATHS = "$(inherited) @executable_path/Frameworks";
				PRODUCT_NAME = "$(TARGET_NAME)";
			};
			name = Debug;
		};
		8283BE361B0143AF0085F9A6 /* Release */ = {
			isa = XCBuildConfiguration;
			buildSettings = {
				ASSETCATALOG_COMPILER_APPICON_NAME = AppIcon;
				INFOPLIST_FILE = mplango/Info.plist;
				LD_RUNPATH_SEARCH_PATHS = "$(inherited) @executable_path/Frameworks";
				PRODUCT_NAME = "$(TARGET_NAME)";
			};
			name = Release;
		};
		8283BE381B0143AF0085F9A6 /* Debug */ = {
			isa = XCBuildConfiguration;
			buildSettings = {
				BUNDLE_LOADER = "$(TEST_HOST)";
				FRAMEWORK_SEARCH_PATHS = (
					"$(SDKROOT)/Developer/Library/Frameworks",
					"$(inherited)",
				);
				GCC_PREPROCESSOR_DEFINITIONS = (
					"DEBUG=1",
					"$(inherited)",
				);
				INFOPLIST_FILE = mplangoTests/Info.plist;
				LD_RUNPATH_SEARCH_PATHS = "$(inherited) @executable_path/Frameworks @loader_path/Frameworks";
				PRODUCT_NAME = "$(TARGET_NAME)";
				TEST_HOST = "$(BUILT_PRODUCTS_DIR)/mplango.app/mplango";
			};
			name = Debug;
		};
		8283BE391B0143AF0085F9A6 /* Release */ = {
			isa = XCBuildConfiguration;
			buildSettings = {
				BUNDLE_LOADER = "$(TEST_HOST)";
				FRAMEWORK_SEARCH_PATHS = (
					"$(SDKROOT)/Developer/Library/Frameworks",
					"$(inherited)",
				);
				INFOPLIST_FILE = mplangoTests/Info.plist;
				LD_RUNPATH_SEARCH_PATHS = "$(inherited) @executable_path/Frameworks @loader_path/Frameworks";
				PRODUCT_NAME = "$(TARGET_NAME)";
				TEST_HOST = "$(BUILT_PRODUCTS_DIR)/mplango.app/mplango";
			};
			name = Release;
		};
/* End XCBuildConfiguration section */

/* Begin XCConfigurationList section */
		8283BE0D1B0143AF0085F9A6 /* Build configuration list for PBXProject "mplango" */ = {
			isa = XCConfigurationList;
			buildConfigurations = (
				8283BE321B0143AF0085F9A6 /* Debug */,
				8283BE331B0143AF0085F9A6 /* Release */,
			);
			defaultConfigurationIsVisible = 0;
			defaultConfigurationName = Release;
		};
		8283BE341B0143AF0085F9A6 /* Build configuration list for PBXNativeTarget "mplango" */ = {
			isa = XCConfigurationList;
			buildConfigurations = (
				8283BE351B0143AF0085F9A6 /* Debug */,
				8283BE361B0143AF0085F9A6 /* Release */,
			);
			defaultConfigurationIsVisible = 0;
			defaultConfigurationName = Release;
		};
		8283BE371B0143AF0085F9A6 /* Build configuration list for PBXNativeTarget "mplangoTests" */ = {
			isa = XCConfigurationList;
			buildConfigurations = (
				8283BE381B0143AF0085F9A6 /* Debug */,
				8283BE391B0143AF0085F9A6 /* Release */,
			);
			defaultConfigurationIsVisible = 0;
			defaultConfigurationName = Release;
		};
/* End XCConfigurationList section */

/* Begin XCVersionGroup section */
		8283BE191B0143AF0085F9A6 /* mplango.xcdatamodeld */ = {
			isa = XCVersionGroup;
			children = (
				8283BE1A1B0143AF0085F9A6 /* mplango.xcdatamodel */,
			);
			currentVersion = 8283BE1A1B0143AF0085F9A6 /* mplango.xcdatamodel */;
			path = mplango.xcdatamodeld;
			sourceTree = "<group>";
			versionGroupType = wrapper.xcdatamodel;
		};
/* End XCVersionGroup section */
	};
	rootObject = 8283BE0A1B0143AF0085F9A6 /* Project object */;
}
