// !$*UTF8*$!
{
	archiveVersion = 1;
	classes = {
	};
	objectVersion = 46;
	objects = {

/* Begin PBXBuildFile section */
		159C11AE1BF5768A0018EBE1 /* RUser.swift in Sources */ = {isa = PBXBuildFile; fileRef = 159C11AD1BF5768A0018EBE1 /* RUser.swift */; };
		159C11AF1BF576A60018EBE1 /* RUser.swift in Sources */ = {isa = PBXBuildFile; fileRef = 159C11AD1BF5768A0018EBE1 /* RUser.swift */; };
		159C11B01BF586A80018EBE1 /* mplango.xcdatamodeld in Sources */ = {isa = PBXBuildFile; fileRef = 8283BE191B0143AF0085F9A6 /* mplango.xcdatamodeld */; };
		159C11B31BF589D70018EBE1 /* RestApiManager.swift in Sources */ = {isa = PBXBuildFile; fileRef = 159C11B21BF589D70018EBE1 /* RestApiManager.swift */; };
		159C11B41BF589D70018EBE1 /* RestApiManager.swift in Sources */ = {isa = PBXBuildFile; fileRef = 159C11B21BF589D70018EBE1 /* RestApiManager.swift */; };
		159C11B71BF58B1C0018EBE1 /* UserRestService.swift in Sources */ = {isa = PBXBuildFile; fileRef = 159C11B61BF58B1C0018EBE1 /* UserRestService.swift */; };
		159C11B81BF58B1C0018EBE1 /* UserRestService.swift in Sources */ = {isa = PBXBuildFile; fileRef = 159C11B61BF58B1C0018EBE1 /* UserRestService.swift */; };
		541546161B7D1548008E182C /* ProfileVC.swift in Sources */ = {isa = PBXBuildFile; fileRef = 541546141B7D1548008E182C /* ProfileVC.swift */; };
		54241A111B7E35040074D350 /* Carnet.swift in Sources */ = {isa = PBXBuildFile; fileRef = 54241A101B7E35040074D350 /* Carnet.swift */; };
		542B4B041B73A06F0099349E /* CarnetAddVC.swift in Sources */ = {isa = PBXBuildFile; fileRef = 542B4B031B73A06F0099349E /* CarnetAddVC.swift */; };
		542B4B101B73F4100099349E /* CarnetViewController.swift in Sources */ = {isa = PBXBuildFile; fileRef = 542B4B0F1B73F4100099349E /* CarnetViewController.swift */; };
		542DEE401B8A178800A09A00 /* TabBarController.swift in Sources */ = {isa = PBXBuildFile; fileRef = 542DEE3F1B8A178800A09A00 /* TabBarController.swift */; };
		543A48741BDD4226008E9D71 /* tuto1VC.swift in Sources */ = {isa = PBXBuildFile; fileRef = 543A48721BDD4226008E9D71 /* tuto1VC.swift */; };
		545A4AB21BF37268001B3D2C /* BasicCarnetCell.swift in Sources */ = {isa = PBXBuildFile; fileRef = 545A4AB11BF37268001B3D2C /* BasicCarnetCell.swift */; };
		545A4AB31BF3769C001B3D2C /* BasicCarnetCell.swift in Sources */ = {isa = PBXBuildFile; fileRef = 545A4AB11BF37268001B3D2C /* BasicCarnetCell.swift */; };
		546483991BF11E2A00AA41EB /* CarnetItemTVC.swift in Sources */ = {isa = PBXBuildFile; fileRef = 546483981BF11E2A00AA41EB /* CarnetItemTVC.swift */; };
		546483A31BF150E400AA41EB /* CarnetSoundCell.swift in Sources */ = {isa = PBXBuildFile; fileRef = 546483A21BF150E400AA41EB /* CarnetSoundCell.swift */; };
		546483A51BF150FA00AA41EB /* CarnetPictCell.swift in Sources */ = {isa = PBXBuildFile; fileRef = 546483A41BF150FA00AA41EB /* CarnetPictCell.swift */; };
		546483A61BF159F000AA41EB /* CarnetItemTVC.swift in Sources */ = {isa = PBXBuildFile; fileRef = 546483981BF11E2A00AA41EB /* CarnetItemTVC.swift */; };
		5470F0A11B8DE6EA00E3BA64 /* ProfileGameVC.swift in Sources */ = {isa = PBXBuildFile; fileRef = 5470F0A01B8DE6EA00E3BA64 /* ProfileGameVC.swift */; };
		5470F0A31B8DFD4100E3BA64 /* ProfileSegue.swift in Sources */ = {isa = PBXBuildFile; fileRef = 5470F0A21B8DFD4100E3BA64 /* ProfileSegue.swift */; };
		54B4A7EA1BEB80E300199613 /* EditProfile.swift in Sources */ = {isa = PBXBuildFile; fileRef = 54B4A7E91BEB80E300199613 /* EditProfile.swift */; };
		54B4A7EC1BEB8E2400199613 /* Settings.swift in Sources */ = {isa = PBXBuildFile; fileRef = 54B4A7EB1BEB8E2400199613 /* Settings.swift */; };
		54B4A7EF1BEB9DBE00199613 /* ChangeEmail.swift in Sources */ = {isa = PBXBuildFile; fileRef = 54B4A7EE1BEB9DBE00199613 /* ChangeEmail.swift */; };
		54B4A7F11BEB9DF100199613 /* ChangePasswrd.swift in Sources */ = {isa = PBXBuildFile; fileRef = 54B4A7F01BEB9DF100199613 /* ChangePasswrd.swift */; };
		54C26FDF1C0FA08B002B5B5D /* TestsVC.swift in Sources */ = {isa = PBXBuildFile; fileRef = 54C26FDE1C0FA08B002B5B5D /* TestsVC.swift */; };
		54D02AB71BD949F900B62860 /* UITextViewExt.swift in Sources */ = {isa = PBXBuildFile; fileRef = 54D02AB61BD949F900B62860 /* UITextViewExt.swift */; };
		54D02AB81BD949FC00B62860 /* UITextViewExt.swift in Sources */ = {isa = PBXBuildFile; fileRef = 54D02AB61BD949F900B62860 /* UITextViewExt.swift */; };
		54D02ABA1BD94C0700B62860 /* RewardViewController.swift in Sources */ = {isa = PBXBuildFile; fileRef = 54D02AB91BD94C0700B62860 /* RewardViewController.swift */; };
		54D02ABB1BD94C0700B62860 /* RewardViewController.swift in Sources */ = {isa = PBXBuildFile; fileRef = 54D02AB91BD94C0700B62860 /* RewardViewController.swift */; };
		54D48D3F1B6D7C500087F6BB /* PostConfirm.swift in Sources */ = {isa = PBXBuildFile; fileRef = 54D48D3E1B6D7C500087F6BB /* PostConfirm.swift */; };
		54D48D411B6D7ED90087F6BB /* PostNViewController.swift in Sources */ = {isa = PBXBuildFile; fileRef = 54D48D401B6D7ED90087F6BB /* PostNViewController.swift */; };
		54D750621B763F7200A78824 /* CarnetTVC.swift in Sources */ = {isa = PBXBuildFile; fileRef = 54D750611B763F7200A78824 /* CarnetTVC.swift */; };
		54E971941B6ED25B005F27F1 /* FiraMono-Bold.ttf in Resources */ = {isa = PBXBuildFile; fileRef = 54E971711B6ED1F5005F27F1 /* FiraMono-Bold.ttf */; };
		54E971951B6ED25B005F27F1 /* FiraMono-Medium.ttf in Resources */ = {isa = PBXBuildFile; fileRef = 54E971721B6ED1F5005F27F1 /* FiraMono-Medium.ttf */; };
		54E971961B6ED25B005F27F1 /* FiraMono-Regular.ttf in Resources */ = {isa = PBXBuildFile; fileRef = 54E971731B6ED1F5005F27F1 /* FiraMono-Regular.ttf */; };
		54E971971B6ED25B005F27F1 /* FiraSans-Bold.ttf in Resources */ = {isa = PBXBuildFile; fileRef = 54E971741B6ED1F5005F27F1 /* FiraSans-Bold.ttf */; };
		54E971981B6ED25B005F27F1 /* FiraSans-BoldItalic.ttf in Resources */ = {isa = PBXBuildFile; fileRef = 54E971751B6ED1F5005F27F1 /* FiraSans-BoldItalic.ttf */; };
		54E971991B6ED25B005F27F1 /* FiraSans-Book.ttf in Resources */ = {isa = PBXBuildFile; fileRef = 54E971761B6ED1F5005F27F1 /* FiraSans-Book.ttf */; };
		54E9719A1B6ED25B005F27F1 /* FiraSans-BookItalic.ttf in Resources */ = {isa = PBXBuildFile; fileRef = 54E971771B6ED1F5005F27F1 /* FiraSans-BookItalic.ttf */; };
		54E9719B1B6ED25B005F27F1 /* FiraSans-Eight.ttf in Resources */ = {isa = PBXBuildFile; fileRef = 54E971781B6ED1F5005F27F1 /* FiraSans-Eight.ttf */; };
		54E9719C1B6ED25B005F27F1 /* FiraSans-EightItalic.ttf in Resources */ = {isa = PBXBuildFile; fileRef = 54E971791B6ED1F5005F27F1 /* FiraSans-EightItalic.ttf */; };
		54E9719D1B6ED25B005F27F1 /* FiraSans-ExtraBold.ttf in Resources */ = {isa = PBXBuildFile; fileRef = 54E9717A1B6ED1F5005F27F1 /* FiraSans-ExtraBold.ttf */; };
		54E9719E1B6ED25B005F27F1 /* FiraSans-ExtraBoldItalic.ttf in Resources */ = {isa = PBXBuildFile; fileRef = 54E9717B1B6ED1F5005F27F1 /* FiraSans-ExtraBoldItalic.ttf */; };
		54E9719F1B6ED25B005F27F1 /* FiraSans-ExtraLight.ttf in Resources */ = {isa = PBXBuildFile; fileRef = 54E9717C1B6ED1F5005F27F1 /* FiraSans-ExtraLight.ttf */; };
		54E971A01B6ED25B005F27F1 /* FiraSans-ExtraLightItalic.ttf in Resources */ = {isa = PBXBuildFile; fileRef = 54E9717D1B6ED1F5005F27F1 /* FiraSans-ExtraLightItalic.ttf */; };
		54E971A11B6ED25B005F27F1 /* FiraSans-Four.ttf in Resources */ = {isa = PBXBuildFile; fileRef = 54E9717E1B6ED1F5005F27F1 /* FiraSans-Four.ttf */; };
		54E971A21B6ED25B005F27F1 /* FiraSans-FourItalic.ttf in Resources */ = {isa = PBXBuildFile; fileRef = 54E9717F1B6ED1F5005F27F1 /* FiraSans-FourItalic.ttf */; };
		54E971A31B6ED25B005F27F1 /* FiraSans-Hair.ttf in Resources */ = {isa = PBXBuildFile; fileRef = 54E971801B6ED1F5005F27F1 /* FiraSans-Hair.ttf */; };
		54E971A41B6ED25B005F27F1 /* FiraSans-HairItalic.ttf in Resources */ = {isa = PBXBuildFile; fileRef = 54E971811B6ED1F5005F27F1 /* FiraSans-HairItalic.ttf */; };
		54E971A51B6ED25B005F27F1 /* FiraSans-Heavy.ttf in Resources */ = {isa = PBXBuildFile; fileRef = 54E971821B6ED1F5005F27F1 /* FiraSans-Heavy.ttf */; };
		54E971A61B6ED25B005F27F1 /* FiraSans-HeavyItalic.ttf in Resources */ = {isa = PBXBuildFile; fileRef = 54E971831B6ED1F5005F27F1 /* FiraSans-HeavyItalic.ttf */; };
		54E971A71B6ED25B005F27F1 /* FiraSans-Italic.ttf in Resources */ = {isa = PBXBuildFile; fileRef = 54E971841B6ED1F5005F27F1 /* FiraSans-Italic.ttf */; };
		54E971A81B6ED25B005F27F1 /* FiraSans-Light.ttf in Resources */ = {isa = PBXBuildFile; fileRef = 54E971851B6ED1F5005F27F1 /* FiraSans-Light.ttf */; };
		54E971A91B6ED25B005F27F1 /* FiraSans-LightItalic.ttf in Resources */ = {isa = PBXBuildFile; fileRef = 54E971861B6ED1F5005F27F1 /* FiraSans-LightItalic.ttf */; };
		54E971AA1B6ED25B005F27F1 /* FiraSans-Medium.ttf in Resources */ = {isa = PBXBuildFile; fileRef = 54E971871B6ED1F5005F27F1 /* FiraSans-Medium.ttf */; };
		54E971AB1B6ED25B005F27F1 /* FiraSans-MediumItalic.ttf in Resources */ = {isa = PBXBuildFile; fileRef = 54E971881B6ED1F5005F27F1 /* FiraSans-MediumItalic.ttf */; };
		54E971AC1B6ED25B005F27F1 /* FiraSans-Regular.ttf in Resources */ = {isa = PBXBuildFile; fileRef = 54E971891B6ED1F5005F27F1 /* FiraSans-Regular.ttf */; };
		54E971AD1B6ED25B005F27F1 /* FiraSans-SemiBold.ttf in Resources */ = {isa = PBXBuildFile; fileRef = 54E9718A1B6ED1F5005F27F1 /* FiraSans-SemiBold.ttf */; };
		54E971AE1B6ED25B005F27F1 /* FiraSans-SemiBoldItalic.ttf in Resources */ = {isa = PBXBuildFile; fileRef = 54E9718B1B6ED1F5005F27F1 /* FiraSans-SemiBoldItalic.ttf */; };
		54E971AF1B6ED25B005F27F1 /* FiraSans-Thin.ttf in Resources */ = {isa = PBXBuildFile; fileRef = 54E9718C1B6ED1F5005F27F1 /* FiraSans-Thin.ttf */; };
		54E971B01B6ED25B005F27F1 /* FiraSans-ThinItalic.ttf in Resources */ = {isa = PBXBuildFile; fileRef = 54E9718D1B6ED1F5005F27F1 /* FiraSans-ThinItalic.ttf */; };
		54E971B11B6ED25B005F27F1 /* FiraSans-Two.ttf in Resources */ = {isa = PBXBuildFile; fileRef = 54E9718E1B6ED1F5005F27F1 /* FiraSans-Two.ttf */; };
		54E971B21B6ED25B005F27F1 /* FiraSans-TwoItalic.ttf in Resources */ = {isa = PBXBuildFile; fileRef = 54E9718F1B6ED1F5005F27F1 /* FiraSans-TwoItalic.ttf */; };
		54E971B31B6ED25B005F27F1 /* FiraSans-Ultra.ttf in Resources */ = {isa = PBXBuildFile; fileRef = 54E971901B6ED1F5005F27F1 /* FiraSans-Ultra.ttf */; };
		54E971B41B6ED25B005F27F1 /* FiraSans-UltraItalic.ttf in Resources */ = {isa = PBXBuildFile; fileRef = 54E971911B6ED1F5005F27F1 /* FiraSans-UltraItalic.ttf */; };
		54E971B51B6ED25B005F27F1 /* FiraSans-UltraLight.ttf in Resources */ = {isa = PBXBuildFile; fileRef = 54E971921B6ED1F5005F27F1 /* FiraSans-UltraLight.ttf */; };
		54E971B61B6ED25B005F27F1 /* FiraSans-UltraLightItalic.ttf in Resources */ = {isa = PBXBuildFile; fileRef = 54E971931B6ED1F5005F27F1 /* FiraSans-UltraLightItalic.ttf */; };
		82288E8E1B51C878006BC80F /* ContactViewController.swift in Sources */ = {isa = PBXBuildFile; fileRef = 8256CAFD1B40FD730002708C /* ContactViewController.swift */; };
		823CC0091B46291700F633F8 /* Annotation.swift in Sources */ = {isa = PBXBuildFile; fileRef = 823CC0081B46291700F633F8 /* Annotation.swift */; };
		823CC00D1B4629C000F633F8 /* VCMapView.swift in Sources */ = {isa = PBXBuildFile; fileRef = 823CC00C1B4629C000F633F8 /* VCMapView.swift */; };
		8256CAFE1B40FD730002708C /* ContactViewController.swift in Sources */ = {isa = PBXBuildFile; fileRef = 8256CAFD1B40FD730002708C /* ContactViewController.swift */; };
		8283BE181B0143AF0085F9A6 /* AppDelegate.swift in Sources */ = {isa = PBXBuildFile; fileRef = 8283BE171B0143AF0085F9A6 /* AppDelegate.swift */; };
		8283BE1B1B0143AF0085F9A6 /* mplango.xcdatamodeld in Sources */ = {isa = PBXBuildFile; fileRef = 8283BE191B0143AF0085F9A6 /* mplango.xcdatamodeld */; };
		8283BE1D1B0143AF0085F9A6 /* AccountViewController.swift in Sources */ = {isa = PBXBuildFile; fileRef = 8283BE1C1B0143AF0085F9A6 /* AccountViewController.swift */; };
		8283BE201B0143AF0085F9A6 /* Main.storyboard in Resources */ = {isa = PBXBuildFile; fileRef = 8283BE1E1B0143AF0085F9A6 /* Main.storyboard */; };
		8283BE221B0143AF0085F9A6 /* Images.xcassets in Resources */ = {isa = PBXBuildFile; fileRef = 8283BE211B0143AF0085F9A6 /* Images.xcassets */; };
		8283BE251B0143AF0085F9A6 /* LaunchScreen.xib in Resources */ = {isa = PBXBuildFile; fileRef = 8283BE231B0143AF0085F9A6 /* LaunchScreen.xib */; };
		8283BE311B0143AF0085F9A6 /* mplangoTests.swift in Sources */ = {isa = PBXBuildFile; fileRef = 8283BE301B0143AF0085F9A6 /* mplangoTests.swift */; };
		8283BE3D1B0162F00085F9A6 /* User.swift in Sources */ = {isa = PBXBuildFile; fileRef = 8283BE3C1B0162F00085F9A6 /* User.swift */; };
		8283BE431B0233440085F9A6 /* LoginViewController.swift in Sources */ = {isa = PBXBuildFile; fileRef = 8283BE421B0233440085F9A6 /* LoginViewController.swift */; };
		8283BE451B02364E0085F9A6 /* ForgotPassViewController.swift in Sources */ = {isa = PBXBuildFile; fileRef = 8283BE441B02364E0085F9A6 /* ForgotPassViewController.swift */; };
		8283BE471B0236880085F9A6 /* MapViewController.swift in Sources */ = {isa = PBXBuildFile; fileRef = 8283BE461B0236880085F9A6 /* MapViewController.swift */; };
		82842E351B61E38700E7C860 /* AppDelegate.swift in Sources */ = {isa = PBXBuildFile; fileRef = 8283BE171B0143AF0085F9A6 /* AppDelegate.swift */; };
		82842E361B61E62D00E7C860 /* User.swift in Sources */ = {isa = PBXBuildFile; fileRef = 8283BE3C1B0162F00085F9A6 /* User.swift */; };
		82842E371B61E65200E7C860 /* AccountViewController.swift in Sources */ = {isa = PBXBuildFile; fileRef = 8283BE1C1B0143AF0085F9A6 /* AccountViewController.swift */; };
		82842E381B61E65600E7C860 /* ForgotPassViewController.swift in Sources */ = {isa = PBXBuildFile; fileRef = 8283BE441B02364E0085F9A6 /* ForgotPassViewController.swift */; };
		82842E391B61E65B00E7C860 /* LoginViewController.swift in Sources */ = {isa = PBXBuildFile; fileRef = 8283BE421B0233440085F9A6 /* LoginViewController.swift */; };
		82842E3A1B61E65E00E7C860 /* MapViewController.swift in Sources */ = {isa = PBXBuildFile; fileRef = 8283BE461B0236880085F9A6 /* MapViewController.swift */; };
		82842E3B1B61E66100E7C860 /* Annotation.swift in Sources */ = {isa = PBXBuildFile; fileRef = 823CC0081B46291700F633F8 /* Annotation.swift */; };
		82842E3D1B61E66800E7C860 /* VCMapView.swift in Sources */ = {isa = PBXBuildFile; fileRef = 823CC00C1B4629C000F633F8 /* VCMapView.swift */; };
		82842E3F1B61E9D200E7C860 /* Main.storyboard in Resources */ = {isa = PBXBuildFile; fileRef = 8283BE1E1B0143AF0085F9A6 /* Main.storyboard */; };
		82842E441B61EA7900E7C860 /* InitialViewController.swift in Sources */ = {isa = PBXBuildFile; fileRef = 82842E431B61EA7900E7C860 /* InitialViewController.swift */; };
		82842E451B61EA7900E7C860 /* InitialViewController.swift in Sources */ = {isa = PBXBuildFile; fileRef = 82842E431B61EA7900E7C860 /* InitialViewController.swift */; };
		828C71791B839C87009FE9B5 /* CarnetAddVC.swift in Sources */ = {isa = PBXBuildFile; fileRef = 542B4B031B73A06F0099349E /* CarnetAddVC.swift */; };
		828C717A1B83A11D009FE9B5 /* Carnet.swift in Sources */ = {isa = PBXBuildFile; fileRef = 54241A101B7E35040074D350 /* Carnet.swift */; };
		828C717B1B83A620009FE9B5 /* CarnetTVC.swift in Sources */ = {isa = PBXBuildFile; fileRef = 54D750611B763F7200A78824 /* CarnetTVC.swift */; };
		828C717C1B83B260009FE9B5 /* CarnetViewController.swift in Sources */ = {isa = PBXBuildFile; fileRef = 542B4B0F1B73F4100099349E /* CarnetViewController.swift */; };
		82D73C9C1B8139DB00DFEAB0 /* Post.swift in Sources */ = {isa = PBXBuildFile; fileRef = 82D73C9B1B8139DB00DFEAB0 /* Post.swift */; };
		82D73C9D1B8139DB00DFEAB0 /* Post.swift in Sources */ = {isa = PBXBuildFile; fileRef = 82D73C9B1B8139DB00DFEAB0 /* Post.swift */; };
		82D73CA21B81718B00DFEAB0 /* CategoryViewController.swift in Sources */ = {isa = PBXBuildFile; fileRef = 82D73CA11B81718B00DFEAB0 /* CategoryViewController.swift */; };
		82D73CA31B81718B00DFEAB0 /* CategoryViewController.swift in Sources */ = {isa = PBXBuildFile; fileRef = 82D73CA11B81718B00DFEAB0 /* CategoryViewController.swift */; };
		82D73CA51B81720E00DFEAB0 /* PostViewController.swift in Sources */ = {isa = PBXBuildFile; fileRef = 82D73CA41B81720E00DFEAB0 /* PostViewController.swift */; };
		82D73CA61B81720E00DFEAB0 /* PostViewController.swift in Sources */ = {isa = PBXBuildFile; fileRef = 82D73CA41B81720E00DFEAB0 /* PostViewController.swift */; };
		82D73CA81B82419700DFEAB0 /* AVFoundation.framework in Frameworks */ = {isa = PBXBuildFile; fileRef = 82D73CA71B82419700DFEAB0 /* AVFoundation.framework */; };
		82D73CAA1B82479400DFEAB0 /* RecordedAudio.swift in Sources */ = {isa = PBXBuildFile; fileRef = 82D73CA91B82479400DFEAB0 /* RecordedAudio.swift */; };
		82D73CAB1B82479400DFEAB0 /* RecordedAudio.swift in Sources */ = {isa = PBXBuildFile; fileRef = 82D73CA91B82479400DFEAB0 /* RecordedAudio.swift */; };
/* End PBXBuildFile section */

/* Begin PBXContainerItemProxy section */
		8283BE2B1B0143AF0085F9A6 /* PBXContainerItemProxy */ = {
			isa = PBXContainerItemProxy;
			containerPortal = 8283BE0A1B0143AF0085F9A6 /* Project object */;
			proxyType = 1;
			remoteGlobalIDString = 8283BE111B0143AF0085F9A6;
			remoteInfo = mplango;
		};
/* End PBXContainerItemProxy section */

/* Begin PBXFileReference section */
		159C11AD1BF5768A0018EBE1 /* RUser.swift */ = {isa = PBXFileReference; fileEncoding = 4; lastKnownFileType = sourcecode.swift; path = RUser.swift; sourceTree = "<group>"; };
		159C11B11BF586D70018EBE1 /* mplango 8.xcdatamodel */ = {isa = PBXFileReference; lastKnownFileType = wrapper.xcdatamodel; path = "mplango 8.xcdatamodel"; sourceTree = "<group>"; };
		159C11B21BF589D70018EBE1 /* RestApiManager.swift */ = {isa = PBXFileReference; fileEncoding = 4; lastKnownFileType = sourcecode.swift; path = RestApiManager.swift; sourceTree = "<group>"; };
		159C11B61BF58B1C0018EBE1 /* UserRestService.swift */ = {isa = PBXFileReference; fileEncoding = 4; lastKnownFileType = sourcecode.swift; path = UserRestService.swift; sourceTree = "<group>"; };
		541546141B7D1548008E182C /* ProfileVC.swift */ = {isa = PBXFileReference; fileEncoding = 4; lastKnownFileType = sourcecode.swift; path = ProfileVC.swift; sourceTree = "<group>"; };
		54241A0C1B7E1B1E0074D350 /* mplango 3.xcdatamodel */ = {isa = PBXFileReference; lastKnownFileType = wrapper.xcdatamodel; path = "mplango 3.xcdatamodel"; sourceTree = "<group>"; };
		54241A0D1B7E31BF0074D350 /* mplango 4.xcdatamodel */ = {isa = PBXFileReference; lastKnownFileType = wrapper.xcdatamodel; path = "mplango 4.xcdatamodel"; sourceTree = "<group>"; };
		54241A0E1B7E321E0074D350 /* mplango 5.xcdatamodel */ = {isa = PBXFileReference; lastKnownFileType = wrapper.xcdatamodel; path = "mplango 5.xcdatamodel"; sourceTree = "<group>"; };
		54241A0F1B7E34130074D350 /* mplango 6.xcdatamodel */ = {isa = PBXFileReference; lastKnownFileType = wrapper.xcdatamodel; path = "mplango 6.xcdatamodel"; sourceTree = "<group>"; };
		54241A101B7E35040074D350 /* Carnet.swift */ = {isa = PBXFileReference; fileEncoding = 4; lastKnownFileType = sourcecode.swift; path = Carnet.swift; sourceTree = "<group>"; };
		54241A121B7E367A0074D350 /* mplango 7.xcdatamodel */ = {isa = PBXFileReference; lastKnownFileType = wrapper.xcdatamodel; path = "mplango 7.xcdatamodel"; sourceTree = "<group>"; };
		542B4B031B73A06F0099349E /* CarnetAddVC.swift */ = {isa = PBXFileReference; fileEncoding = 4; lastKnownFileType = sourcecode.swift; path = CarnetAddVC.swift; sourceTree = "<group>"; };
		542B4B0F1B73F4100099349E /* CarnetViewController.swift */ = {isa = PBXFileReference; fileEncoding = 4; lastKnownFileType = sourcecode.swift; path = CarnetViewController.swift; sourceTree = "<group>"; };
		542DEE3F1B8A178800A09A00 /* TabBarController.swift */ = {isa = PBXFileReference; fileEncoding = 4; lastKnownFileType = sourcecode.swift; path = TabBarController.swift; sourceTree = "<group>"; };
		543A48721BDD4226008E9D71 /* tuto1VC.swift */ = {isa = PBXFileReference; fileEncoding = 4; lastKnownFileType = sourcecode.swift; name = tuto1VC.swift; path = mplango/tuto1VC.swift; sourceTree = "<group>"; };
		545A4AB11BF37268001B3D2C /* BasicCarnetCell.swift */ = {isa = PBXFileReference; fileEncoding = 4; lastKnownFileType = sourcecode.swift; path = BasicCarnetCell.swift; sourceTree = "<group>"; };
		546483981BF11E2A00AA41EB /* CarnetItemTVC.swift */ = {isa = PBXFileReference; fileEncoding = 4; lastKnownFileType = sourcecode.swift; path = CarnetItemTVC.swift; sourceTree = "<group>"; };
		546483A21BF150E400AA41EB /* CarnetSoundCell.swift */ = {isa = PBXFileReference; fileEncoding = 4; lastKnownFileType = sourcecode.swift; path = CarnetSoundCell.swift; sourceTree = "<group>"; };
		546483A41BF150FA00AA41EB /* CarnetPictCell.swift */ = {isa = PBXFileReference; fileEncoding = 4; lastKnownFileType = sourcecode.swift; path = CarnetPictCell.swift; sourceTree = "<group>"; };
		5470F0A01B8DE6EA00E3BA64 /* ProfileGameVC.swift */ = {isa = PBXFileReference; fileEncoding = 4; lastKnownFileType = sourcecode.swift; path = ProfileGameVC.swift; sourceTree = "<group>"; };
		5470F0A21B8DFD4100E3BA64 /* ProfileSegue.swift */ = {isa = PBXFileReference; fileEncoding = 4; lastKnownFileType = sourcecode.swift; path = ProfileSegue.swift; sourceTree = "<group>"; };
		54841D5A1BF62CD900008022 /* mplango 8.xcdatamodel */ = {isa = PBXFileReference; lastKnownFileType = wrapper.xcdatamodel; path = "mplango 8.xcdatamodel"; sourceTree = "<group>"; };
		54B4A7E91BEB80E300199613 /* EditProfile.swift */ = {isa = PBXFileReference; fileEncoding = 4; lastKnownFileType = sourcecode.swift; path = EditProfile.swift; sourceTree = "<group>"; };
		54B4A7EB1BEB8E2400199613 /* Settings.swift */ = {isa = PBXFileReference; fileEncoding = 4; lastKnownFileType = sourcecode.swift; path = Settings.swift; sourceTree = "<group>"; };
		54B4A7EE1BEB9DBE00199613 /* ChangeEmail.swift */ = {isa = PBXFileReference; fileEncoding = 4; lastKnownFileType = sourcecode.swift; path = ChangeEmail.swift; sourceTree = "<group>"; };
		54B4A7F01BEB9DF100199613 /* ChangePasswrd.swift */ = {isa = PBXFileReference; fileEncoding = 4; lastKnownFileType = sourcecode.swift; path = ChangePasswrd.swift; sourceTree = "<group>"; };
		54C26FDE1C0FA08B002B5B5D /* TestsVC.swift */ = {isa = PBXFileReference; fileEncoding = 4; lastKnownFileType = sourcecode.swift; path = TestsVC.swift; sourceTree = "<group>"; };
		54D02AB61BD949F900B62860 /* UITextViewExt.swift */ = {isa = PBXFileReference; fileEncoding = 4; lastKnownFileType = sourcecode.swift; path = UITextViewExt.swift; sourceTree = "<group>"; };
		54D02AB91BD94C0700B62860 /* RewardViewController.swift */ = {isa = PBXFileReference; fileEncoding = 4; lastKnownFileType = sourcecode.swift; path = RewardViewController.swift; sourceTree = "<group>"; };
		54D48D3E1B6D7C500087F6BB /* PostConfirm.swift */ = {isa = PBXFileReference; fileEncoding = 4; lastKnownFileType = sourcecode.swift; path = PostConfirm.swift; sourceTree = "<group>"; };
		54D48D401B6D7ED90087F6BB /* PostNViewController.swift */ = {isa = PBXFileReference; fileEncoding = 4; lastKnownFileType = sourcecode.swift; path = PostNViewController.swift; sourceTree = "<group>"; };
		54D750611B763F7200A78824 /* CarnetTVC.swift */ = {isa = PBXFileReference; fileEncoding = 4; lastKnownFileType = sourcecode.swift; path = CarnetTVC.swift; sourceTree = "<group>"; };
		54E971711B6ED1F5005F27F1 /* FiraMono-Bold.ttf */ = {isa = PBXFileReference; lastKnownFileType = file; path = "FiraMono-Bold.ttf"; sourceTree = "<group>"; };
		54E971721B6ED1F5005F27F1 /* FiraMono-Medium.ttf */ = {isa = PBXFileReference; lastKnownFileType = file; path = "FiraMono-Medium.ttf"; sourceTree = "<group>"; };
		54E971731B6ED1F5005F27F1 /* FiraMono-Regular.ttf */ = {isa = PBXFileReference; lastKnownFileType = file; path = "FiraMono-Regular.ttf"; sourceTree = "<group>"; };
		54E971741B6ED1F5005F27F1 /* FiraSans-Bold.ttf */ = {isa = PBXFileReference; lastKnownFileType = file; path = "FiraSans-Bold.ttf"; sourceTree = "<group>"; };
		54E971751B6ED1F5005F27F1 /* FiraSans-BoldItalic.ttf */ = {isa = PBXFileReference; lastKnownFileType = file; path = "FiraSans-BoldItalic.ttf"; sourceTree = "<group>"; };
		54E971761B6ED1F5005F27F1 /* FiraSans-Book.ttf */ = {isa = PBXFileReference; lastKnownFileType = file; path = "FiraSans-Book.ttf"; sourceTree = "<group>"; };
		54E971771B6ED1F5005F27F1 /* FiraSans-BookItalic.ttf */ = {isa = PBXFileReference; lastKnownFileType = file; path = "FiraSans-BookItalic.ttf"; sourceTree = "<group>"; };
		54E971781B6ED1F5005F27F1 /* FiraSans-Eight.ttf */ = {isa = PBXFileReference; lastKnownFileType = file; path = "FiraSans-Eight.ttf"; sourceTree = "<group>"; };
		54E971791B6ED1F5005F27F1 /* FiraSans-EightItalic.ttf */ = {isa = PBXFileReference; lastKnownFileType = file; path = "FiraSans-EightItalic.ttf"; sourceTree = "<group>"; };
		54E9717A1B6ED1F5005F27F1 /* FiraSans-ExtraBold.ttf */ = {isa = PBXFileReference; lastKnownFileType = file; path = "FiraSans-ExtraBold.ttf"; sourceTree = "<group>"; };
		54E9717B1B6ED1F5005F27F1 /* FiraSans-ExtraBoldItalic.ttf */ = {isa = PBXFileReference; lastKnownFileType = file; path = "FiraSans-ExtraBoldItalic.ttf"; sourceTree = "<group>"; };
		54E9717C1B6ED1F5005F27F1 /* FiraSans-ExtraLight.ttf */ = {isa = PBXFileReference; lastKnownFileType = file; path = "FiraSans-ExtraLight.ttf"; sourceTree = "<group>"; };
		54E9717D1B6ED1F5005F27F1 /* FiraSans-ExtraLightItalic.ttf */ = {isa = PBXFileReference; lastKnownFileType = file; path = "FiraSans-ExtraLightItalic.ttf"; sourceTree = "<group>"; };
		54E9717E1B6ED1F5005F27F1 /* FiraSans-Four.ttf */ = {isa = PBXFileReference; lastKnownFileType = file; path = "FiraSans-Four.ttf"; sourceTree = "<group>"; };
		54E9717F1B6ED1F5005F27F1 /* FiraSans-FourItalic.ttf */ = {isa = PBXFileReference; lastKnownFileType = file; path = "FiraSans-FourItalic.ttf"; sourceTree = "<group>"; };
		54E971801B6ED1F5005F27F1 /* FiraSans-Hair.ttf */ = {isa = PBXFileReference; lastKnownFileType = file; path = "FiraSans-Hair.ttf"; sourceTree = "<group>"; };
		54E971811B6ED1F5005F27F1 /* FiraSans-HairItalic.ttf */ = {isa = PBXFileReference; lastKnownFileType = file; path = "FiraSans-HairItalic.ttf"; sourceTree = "<group>"; };
		54E971821B6ED1F5005F27F1 /* FiraSans-Heavy.ttf */ = {isa = PBXFileReference; lastKnownFileType = file; path = "FiraSans-Heavy.ttf"; sourceTree = "<group>"; };
		54E971831B6ED1F5005F27F1 /* FiraSans-HeavyItalic.ttf */ = {isa = PBXFileReference; lastKnownFileType = file; path = "FiraSans-HeavyItalic.ttf"; sourceTree = "<group>"; };
		54E971841B6ED1F5005F27F1 /* FiraSans-Italic.ttf */ = {isa = PBXFileReference; lastKnownFileType = file; path = "FiraSans-Italic.ttf"; sourceTree = "<group>"; };
		54E971851B6ED1F5005F27F1 /* FiraSans-Light.ttf */ = {isa = PBXFileReference; lastKnownFileType = file; path = "FiraSans-Light.ttf"; sourceTree = "<group>"; };
		54E971861B6ED1F5005F27F1 /* FiraSans-LightItalic.ttf */ = {isa = PBXFileReference; lastKnownFileType = file; path = "FiraSans-LightItalic.ttf"; sourceTree = "<group>"; };
		54E971871B6ED1F5005F27F1 /* FiraSans-Medium.ttf */ = {isa = PBXFileReference; lastKnownFileType = file; path = "FiraSans-Medium.ttf"; sourceTree = "<group>"; };
		54E971881B6ED1F5005F27F1 /* FiraSans-MediumItalic.ttf */ = {isa = PBXFileReference; lastKnownFileType = file; path = "FiraSans-MediumItalic.ttf"; sourceTree = "<group>"; };
		54E971891B6ED1F5005F27F1 /* FiraSans-Regular.ttf */ = {isa = PBXFileReference; lastKnownFileType = file; path = "FiraSans-Regular.ttf"; sourceTree = "<group>"; };
		54E9718A1B6ED1F5005F27F1 /* FiraSans-SemiBold.ttf */ = {isa = PBXFileReference; lastKnownFileType = file; path = "FiraSans-SemiBold.ttf"; sourceTree = "<group>"; };
		54E9718B1B6ED1F5005F27F1 /* FiraSans-SemiBoldItalic.ttf */ = {isa = PBXFileReference; lastKnownFileType = file; path = "FiraSans-SemiBoldItalic.ttf"; sourceTree = "<group>"; };
		54E9718C1B6ED1F5005F27F1 /* FiraSans-Thin.ttf */ = {isa = PBXFileReference; lastKnownFileType = file; path = "FiraSans-Thin.ttf"; sourceTree = "<group>"; };
		54E9718D1B6ED1F5005F27F1 /* FiraSans-ThinItalic.ttf */ = {isa = PBXFileReference; lastKnownFileType = file; path = "FiraSans-ThinItalic.ttf"; sourceTree = "<group>"; };
		54E9718E1B6ED1F5005F27F1 /* FiraSans-Two.ttf */ = {isa = PBXFileReference; lastKnownFileType = file; path = "FiraSans-Two.ttf"; sourceTree = "<group>"; };
		54E9718F1B6ED1F5005F27F1 /* FiraSans-TwoItalic.ttf */ = {isa = PBXFileReference; lastKnownFileType = file; path = "FiraSans-TwoItalic.ttf"; sourceTree = "<group>"; };
		54E971901B6ED1F5005F27F1 /* FiraSans-Ultra.ttf */ = {isa = PBXFileReference; lastKnownFileType = file; path = "FiraSans-Ultra.ttf"; sourceTree = "<group>"; };
		54E971911B6ED1F5005F27F1 /* FiraSans-UltraItalic.ttf */ = {isa = PBXFileReference; lastKnownFileType = file; path = "FiraSans-UltraItalic.ttf"; sourceTree = "<group>"; };
		54E971921B6ED1F5005F27F1 /* FiraSans-UltraLight.ttf */ = {isa = PBXFileReference; lastKnownFileType = file; path = "FiraSans-UltraLight.ttf"; sourceTree = "<group>"; };
		54E971931B6ED1F5005F27F1 /* FiraSans-UltraLightItalic.ttf */ = {isa = PBXFileReference; lastKnownFileType = file; path = "FiraSans-UltraLightItalic.ttf"; sourceTree = "<group>"; };
		823CC0081B46291700F633F8 /* Annotation.swift */ = {isa = PBXFileReference; fileEncoding = 4; lastKnownFileType = sourcecode.swift; path = Annotation.swift; sourceTree = "<group>"; };
		823CC00C1B4629C000F633F8 /* VCMapView.swift */ = {isa = PBXFileReference; fileEncoding = 4; lastKnownFileType = sourcecode.swift; path = VCMapView.swift; sourceTree = "<group>"; };
		8256CAFD1B40FD730002708C /* ContactViewController.swift */ = {isa = PBXFileReference; fileEncoding = 4; lastKnownFileType = sourcecode.swift; path = ContactViewController.swift; sourceTree = "<group>"; };
		8283BE121B0143AF0085F9A6 /* mplango.app */ = {isa = PBXFileReference; explicitFileType = wrapper.application; includeInIndex = 0; path = mplango.app; sourceTree = BUILT_PRODUCTS_DIR; };
		8283BE161B0143AF0085F9A6 /* Info.plist */ = {isa = PBXFileReference; lastKnownFileType = text.plist.xml; path = Info.plist; sourceTree = "<group>"; };
		8283BE171B0143AF0085F9A6 /* AppDelegate.swift */ = {isa = PBXFileReference; lastKnownFileType = sourcecode.swift; path = AppDelegate.swift; sourceTree = "<group>"; };
		8283BE1A1B0143AF0085F9A6 /* mplango.xcdatamodel */ = {isa = PBXFileReference; lastKnownFileType = wrapper.xcdatamodel; path = mplango.xcdatamodel; sourceTree = "<group>"; };
		8283BE1C1B0143AF0085F9A6 /* AccountViewController.swift */ = {isa = PBXFileReference; lastKnownFileType = sourcecode.swift; path = AccountViewController.swift; sourceTree = "<group>"; };
		8283BE1F1B0143AF0085F9A6 /* Base */ = {isa = PBXFileReference; lastKnownFileType = file.storyboard; name = Base; path = Base.lproj/Main.storyboard; sourceTree = "<group>"; };
		8283BE211B0143AF0085F9A6 /* Images.xcassets */ = {isa = PBXFileReference; lastKnownFileType = folder.assetcatalog; path = Images.xcassets; sourceTree = "<group>"; };
		8283BE241B0143AF0085F9A6 /* Base */ = {isa = PBXFileReference; lastKnownFileType = file.xib; name = Base; path = Base.lproj/LaunchScreen.xib; sourceTree = "<group>"; };
		8283BE2A1B0143AF0085F9A6 /* mplangoTests.xctest */ = {isa = PBXFileReference; explicitFileType = wrapper.cfbundle; includeInIndex = 0; path = mplangoTests.xctest; sourceTree = BUILT_PRODUCTS_DIR; };
		8283BE2F1B0143AF0085F9A6 /* Info.plist */ = {isa = PBXFileReference; lastKnownFileType = text.plist.xml; path = Info.plist; sourceTree = "<group>"; };
		8283BE301B0143AF0085F9A6 /* mplangoTests.swift */ = {isa = PBXFileReference; lastKnownFileType = sourcecode.swift; path = mplangoTests.swift; sourceTree = "<group>"; };
		8283BE3C1B0162F00085F9A6 /* User.swift */ = {isa = PBXFileReference; fileEncoding = 4; lastKnownFileType = sourcecode.swift; path = User.swift; sourceTree = "<group>"; };
		8283BE421B0233440085F9A6 /* LoginViewController.swift */ = {isa = PBXFileReference; fileEncoding = 4; lastKnownFileType = sourcecode.swift; path = LoginViewController.swift; sourceTree = "<group>"; };
		8283BE441B02364E0085F9A6 /* ForgotPassViewController.swift */ = {isa = PBXFileReference; fileEncoding = 4; lastKnownFileType = sourcecode.swift; path = ForgotPassViewController.swift; sourceTree = "<group>"; };
		8283BE461B0236880085F9A6 /* MapViewController.swift */ = {isa = PBXFileReference; fileEncoding = 4; lastKnownFileType = sourcecode.swift; path = MapViewController.swift; sourceTree = "<group>"; };
		82842E431B61EA7900E7C860 /* InitialViewController.swift */ = {isa = PBXFileReference; fileEncoding = 4; lastKnownFileType = sourcecode.swift; path = InitialViewController.swift; sourceTree = "<group>"; };
		82D73C9B1B8139DB00DFEAB0 /* Post.swift */ = {isa = PBXFileReference; fileEncoding = 4; lastKnownFileType = sourcecode.swift; path = Post.swift; sourceTree = "<group>"; };
		82D73CA11B81718B00DFEAB0 /* CategoryViewController.swift */ = {isa = PBXFileReference; fileEncoding = 4; lastKnownFileType = sourcecode.swift; path = CategoryViewController.swift; sourceTree = "<group>"; };
		82D73CA41B81720E00DFEAB0 /* PostViewController.swift */ = {isa = PBXFileReference; fileEncoding = 4; lastKnownFileType = sourcecode.swift; path = PostViewController.swift; sourceTree = "<group>"; };
		82D73CA71B82419700DFEAB0 /* AVFoundation.framework */ = {isa = PBXFileReference; lastKnownFileType = wrapper.framework; name = AVFoundation.framework; path = System/Library/Frameworks/AVFoundation.framework; sourceTree = SDKROOT; };
		82D73CA91B82479400DFEAB0 /* RecordedAudio.swift */ = {isa = PBXFileReference; fileEncoding = 4; lastKnownFileType = sourcecode.swift; path = RecordedAudio.swift; sourceTree = "<group>"; };
/* End PBXFileReference section */

/* Begin PBXFrameworksBuildPhase section */
		8283BE0F1B0143AF0085F9A6 /* Frameworks */ = {
			isa = PBXFrameworksBuildPhase;
			buildActionMask = 2147483647;
			files = (
				82D73CA81B82419700DFEAB0 /* AVFoundation.framework in Frameworks */,
			);
			runOnlyForDeploymentPostprocessing = 0;
		};
		8283BE271B0143AF0085F9A6 /* Frameworks */ = {
			isa = PBXFrameworksBuildPhase;
			buildActionMask = 2147483647;
			files = (
			);
			runOnlyForDeploymentPostprocessing = 0;
		};
/* End PBXFrameworksBuildPhase section */

/* Begin PBXGroup section */
		159C11B51BF589DF0018EBE1 /* Service */ = {
			isa = PBXGroup;
			children = (
				159C11B21BF589D70018EBE1 /* RestApiManager.swift */,
				159C11B61BF58B1C0018EBE1 /* UserRestService.swift */,
			);
			name = Service;
			sourceTree = "<group>";
		};
		543A48761BDD422E008E9D71 /* Tutorial screens */ = {
			isa = PBXGroup;
			children = (
				543A48721BDD4226008E9D71 /* tuto1VC.swift */,
			);
			name = "Tutorial screens";
			path = ..;
			sourceTree = "<group>";
		};
		54A32FF31B8A76D100623A61 /* Testes */ = {
			isa = PBXGroup;
			children = (
				54C26FDE1C0FA08B002B5B5D /* TestsVC.swift */,
			);
			name = Testes;
			sourceTree = "<group>";
		};
		8283BE091B0143AF0085F9A6 = {
			isa = PBXGroup;
			children = (
				82D73CA71B82419700DFEAB0 /* AVFoundation.framework */,
				8283BE141B0143AF0085F9A6 /* mplango */,
				8283BE2D1B0143AF0085F9A6 /* mplangoTests */,
				8283BE131B0143AF0085F9A6 /* Products */,
			);
			sourceTree = "<group>";
		};
		8283BE131B0143AF0085F9A6 /* Products */ = {
			isa = PBXGroup;
			children = (
				8283BE121B0143AF0085F9A6 /* mplango.app */,
				8283BE2A1B0143AF0085F9A6 /* mplangoTests.xctest */,
			);
			name = Products;
			sourceTree = "<group>";
		};
		8283BE141B0143AF0085F9A6 /* mplango */ = {
			isa = PBXGroup;
			children = (
				159C11B51BF589DF0018EBE1 /* Service */,
				8283BE171B0143AF0085F9A6 /* AppDelegate.swift */,
				542DEE3F1B8A178800A09A00 /* TabBarController.swift */,
				828C717D1B83C3E8009FE9B5 /* Entity */,
				828C717E1B83C409009FE9B5 /* Model */,
				828C717F1B83C424009FE9B5 /* Controller */,
				543A48761BDD422E008E9D71 /* Tutorial screens */,
				8283BE1E1B0143AF0085F9A6 /* Main.storyboard */,
				8283BE211B0143AF0085F9A6 /* Images.xcassets */,
				8283BE231B0143AF0085F9A6 /* LaunchScreen.xib */,
				8283BE191B0143AF0085F9A6 /* mplango.xcdatamodeld */,
				8283BE151B0143AF0085F9A6 /* Supporting Files */,
			);
			path = mplango;
			sourceTree = "<group>";
		};
		8283BE151B0143AF0085F9A6 /* Supporting Files */ = {
			isa = PBXGroup;
			children = (
				54E971711B6ED1F5005F27F1 /* FiraMono-Bold.ttf */,
				54E971721B6ED1F5005F27F1 /* FiraMono-Medium.ttf */,
				54E971731B6ED1F5005F27F1 /* FiraMono-Regular.ttf */,
				54E971741B6ED1F5005F27F1 /* FiraSans-Bold.ttf */,
				54E971751B6ED1F5005F27F1 /* FiraSans-BoldItalic.ttf */,
				54E971761B6ED1F5005F27F1 /* FiraSans-Book.ttf */,
				54E971771B6ED1F5005F27F1 /* FiraSans-BookItalic.ttf */,
				54E971781B6ED1F5005F27F1 /* FiraSans-Eight.ttf */,
				54E971791B6ED1F5005F27F1 /* FiraSans-EightItalic.ttf */,
				54E9717A1B6ED1F5005F27F1 /* FiraSans-ExtraBold.ttf */,
				54E9717B1B6ED1F5005F27F1 /* FiraSans-ExtraBoldItalic.ttf */,
				54E9717C1B6ED1F5005F27F1 /* FiraSans-ExtraLight.ttf */,
				54E9717D1B6ED1F5005F27F1 /* FiraSans-ExtraLightItalic.ttf */,
				54E9717E1B6ED1F5005F27F1 /* FiraSans-Four.ttf */,
				54E9717F1B6ED1F5005F27F1 /* FiraSans-FourItalic.ttf */,
				54E971801B6ED1F5005F27F1 /* FiraSans-Hair.ttf */,
				54E971811B6ED1F5005F27F1 /* FiraSans-HairItalic.ttf */,
				54E971821B6ED1F5005F27F1 /* FiraSans-Heavy.ttf */,
				54E971831B6ED1F5005F27F1 /* FiraSans-HeavyItalic.ttf */,
				54E971841B6ED1F5005F27F1 /* FiraSans-Italic.ttf */,
				54E971851B6ED1F5005F27F1 /* FiraSans-Light.ttf */,
				54E971861B6ED1F5005F27F1 /* FiraSans-LightItalic.ttf */,
				54E971871B6ED1F5005F27F1 /* FiraSans-Medium.ttf */,
				54E971881B6ED1F5005F27F1 /* FiraSans-MediumItalic.ttf */,
				54E971891B6ED1F5005F27F1 /* FiraSans-Regular.ttf */,
				54E9718A1B6ED1F5005F27F1 /* FiraSans-SemiBold.ttf */,
				54E9718B1B6ED1F5005F27F1 /* FiraSans-SemiBoldItalic.ttf */,
				54E9718C1B6ED1F5005F27F1 /* FiraSans-Thin.ttf */,
				54E9718D1B6ED1F5005F27F1 /* FiraSans-ThinItalic.ttf */,
				54E9718E1B6ED1F5005F27F1 /* FiraSans-Two.ttf */,
				54E9718F1B6ED1F5005F27F1 /* FiraSans-TwoItalic.ttf */,
				54E971901B6ED1F5005F27F1 /* FiraSans-Ultra.ttf */,
				54E971911B6ED1F5005F27F1 /* FiraSans-UltraItalic.ttf */,
				54E971921B6ED1F5005F27F1 /* FiraSans-UltraLight.ttf */,
				54E971931B6ED1F5005F27F1 /* FiraSans-UltraLightItalic.ttf */,
				8283BE161B0143AF0085F9A6 /* Info.plist */,
			);
			name = "Supporting Files";
			sourceTree = "<group>";
		};
		8283BE2D1B0143AF0085F9A6 /* mplangoTests */ = {
			isa = PBXGroup;
			children = (
				8283BE301B0143AF0085F9A6 /* mplangoTests.swift */,
				8283BE2E1B0143AF0085F9A6 /* Supporting Files */,
			);
			path = mplangoTests;
			sourceTree = "<group>";
		};
		8283BE2E1B0143AF0085F9A6 /* Supporting Files */ = {
			isa = PBXGroup;
			children = (
				8283BE2F1B0143AF0085F9A6 /* Info.plist */,
			);
			name = "Supporting Files";
			sourceTree = "<group>";
		};
		828C717D1B83C3E8009FE9B5 /* Entity */ = {
			isa = PBXGroup;
			children = (
				8283BE3C1B0162F00085F9A6 /* User.swift */,
				82D73C9B1B8139DB00DFEAB0 /* Post.swift */,
				54241A101B7E35040074D350 /* Carnet.swift */,
				159C11AD1BF5768A0018EBE1 /* RUser.swift */,
			);
			name = Entity;
			sourceTree = "<group>";
		};
		828C717E1B83C409009FE9B5 /* Model */ = {
			isa = PBXGroup;
			children = (
				82D73CA91B82479400DFEAB0 /* RecordedAudio.swift */,
				823CC0081B46291700F633F8 /* Annotation.swift */,
			);
			name = Model;
			sourceTree = "<group>";
		};
		828C717F1B83C424009FE9B5 /* Controller */ = {
			isa = PBXGroup;
			children = (
				828C71811B83C526009FE9B5 /* Carnet */,
				828C71831B83C573009FE9B5 /* User */,
				828C71841B83C582009FE9B5 /* Post */,
				82842E431B61EA7900E7C860 /* InitialViewController.swift */,
				54A32FF31B8A76D100623A61 /* Testes */,
				828C71821B83C54C009FE9B5 /* Map */,
			);
			name = Controller;
			sourceTree = "<group>";
		};
		828C71811B83C526009FE9B5 /* Carnet */ = {
			isa = PBXGroup;
			children = (
				54D750611B763F7200A78824 /* CarnetTVC.swift */,
				542B4B031B73A06F0099349E /* CarnetAddVC.swift */,
				542B4B0F1B73F4100099349E /* CarnetViewController.swift */,
				546483981BF11E2A00AA41EB /* CarnetItemTVC.swift */,
				545A4AB11BF37268001B3D2C /* BasicCarnetCell.swift */,
				546483A21BF150E400AA41EB /* CarnetSoundCell.swift */,
				546483A41BF150FA00AA41EB /* CarnetPictCell.swift */,
			);
			name = Carnet;
			sourceTree = "<group>";
		};
		828C71821B83C54C009FE9B5 /* Map */ = {
			isa = PBXGroup;
			children = (
				8283BE461B0236880085F9A6 /* MapViewController.swift */,
				823CC00C1B4629C000F633F8 /* VCMapView.swift */,
			);
			name = Map;
			sourceTree = "<group>";
		};
		828C71831B83C573009FE9B5 /* User */ = {
			isa = PBXGroup;
			children = (
				541546141B7D1548008E182C /* ProfileVC.swift */,
				5470F0A01B8DE6EA00E3BA64 /* ProfileGameVC.swift */,
				5470F0A21B8DFD4100E3BA64 /* ProfileSegue.swift */,
				8256CAFD1B40FD730002708C /* ContactViewController.swift */,
				8283BE1C1B0143AF0085F9A6 /* AccountViewController.swift */,
				8283BE421B0233440085F9A6 /* LoginViewController.swift */,
				8283BE441B02364E0085F9A6 /* ForgotPassViewController.swift */,
				54B4A7E91BEB80E300199613 /* EditProfile.swift */,
				54B4A7EB1BEB8E2400199613 /* Settings.swift */,
				54B4A7EE1BEB9DBE00199613 /* ChangeEmail.swift */,
				54B4A7F01BEB9DF100199613 /* ChangePasswrd.swift */,
			);
			name = User;
			sourceTree = "<group>";
		};
		828C71841B83C582009FE9B5 /* Post */ = {
			isa = PBXGroup;
			children = (
				54D48D401B6D7ED90087F6BB /* PostNViewController.swift */,
				54D48D3E1B6D7C500087F6BB /* PostConfirm.swift */,
				82D73CA41B81720E00DFEAB0 /* PostViewController.swift */,
				54D02AB61BD949F900B62860 /* UITextViewExt.swift */,
				54D02AB91BD94C0700B62860 /* RewardViewController.swift */,
				82D73CA11B81718B00DFEAB0 /* CategoryViewController.swift */,
			);
			name = Post;
			sourceTree = "<group>";
		};
/* End PBXGroup section */

/* Begin PBXNativeTarget section */
		8283BE111B0143AF0085F9A6 /* mplango */ = {
			isa = PBXNativeTarget;
			buildConfigurationList = 8283BE341B0143AF0085F9A6 /* Build configuration list for PBXNativeTarget "mplango" */;
			buildPhases = (
				8283BE0E1B0143AF0085F9A6 /* Sources */,
				8283BE0F1B0143AF0085F9A6 /* Frameworks */,
				8283BE101B0143AF0085F9A6 /* Resources */,
			);
			buildRules = (
			);
			dependencies = (
			);
			name = mplango;
			productName = mplango;
			productReference = 8283BE121B0143AF0085F9A6 /* mplango.app */;
			productType = "com.apple.product-type.application";
		};
		8283BE291B0143AF0085F9A6 /* mplangoTests */ = {
			isa = PBXNativeTarget;
			buildConfigurationList = 8283BE371B0143AF0085F9A6 /* Build configuration list for PBXNativeTarget "mplangoTests" */;
			buildPhases = (
				8283BE261B0143AF0085F9A6 /* Sources */,
				8283BE271B0143AF0085F9A6 /* Frameworks */,
				8283BE281B0143AF0085F9A6 /* Resources */,
			);
			buildRules = (
			);
			dependencies = (
				8283BE2C1B0143AF0085F9A6 /* PBXTargetDependency */,
			);
			name = mplangoTests;
			productName = mplangoTests;
			productReference = 8283BE2A1B0143AF0085F9A6 /* mplangoTests.xctest */;
			productType = "com.apple.product-type.bundle.unit-test";
		};
/* End PBXNativeTarget section */

/* Begin PBXProject section */
		8283BE0A1B0143AF0085F9A6 /* Project object */ = {
			isa = PBXProject;
			attributes = {
				LastSwiftMigration = 0700;
				LastSwiftUpdateCheck = 0700;
				LastUpgradeCheck = 0700;
				ORGANIZATIONNAME = unb.br;
				TargetAttributes = {
					8283BE111B0143AF0085F9A6 = {
						CreatedOnToolsVersion = 6.3;
						DevelopmentTeam = 2B3UEHLLJ3;
					};
					8283BE291B0143AF0085F9A6 = {
						CreatedOnToolsVersion = 6.3;
						TestTargetID = 8283BE111B0143AF0085F9A6;
					};
				};
			};
			buildConfigurationList = 8283BE0D1B0143AF0085F9A6 /* Build configuration list for PBXProject "mplango" */;
			compatibilityVersion = "Xcode 3.2";
			developmentRegion = English;
			hasScannedForEncodings = 0;
			knownRegions = (
				en,
				Base,
			);
			mainGroup = 8283BE091B0143AF0085F9A6;
			productRefGroup = 8283BE131B0143AF0085F9A6 /* Products */;
			projectDirPath = "";
			projectRoot = "";
			targets = (
				8283BE111B0143AF0085F9A6 /* mplango */,
				8283BE291B0143AF0085F9A6 /* mplangoTests */,
			);
		};
/* End PBXProject section */

/* Begin PBXResourcesBuildPhase section */
		8283BE101B0143AF0085F9A6 /* Resources */ = {
			isa = PBXResourcesBuildPhase;
			buildActionMask = 2147483647;
			files = (
				54E971941B6ED25B005F27F1 /* FiraMono-Bold.ttf in Resources */,
				54E971951B6ED25B005F27F1 /* FiraMono-Medium.ttf in Resources */,
				54E971961B6ED25B005F27F1 /* FiraMono-Regular.ttf in Resources */,
				54E971971B6ED25B005F27F1 /* FiraSans-Bold.ttf in Resources */,
				54E971981B6ED25B005F27F1 /* FiraSans-BoldItalic.ttf in Resources */,
				54E971991B6ED25B005F27F1 /* FiraSans-Book.ttf in Resources */,
				54E9719A1B6ED25B005F27F1 /* FiraSans-BookItalic.ttf in Resources */,
				54E9719B1B6ED25B005F27F1 /* FiraSans-Eight.ttf in Resources */,
				54E9719C1B6ED25B005F27F1 /* FiraSans-EightItalic.ttf in Resources */,
				54E9719D1B6ED25B005F27F1 /* FiraSans-ExtraBold.ttf in Resources */,
				54E9719E1B6ED25B005F27F1 /* FiraSans-ExtraBoldItalic.ttf in Resources */,
				54E9719F1B6ED25B005F27F1 /* FiraSans-ExtraLight.ttf in Resources */,
				54E971A01B6ED25B005F27F1 /* FiraSans-ExtraLightItalic.ttf in Resources */,
				54E971A11B6ED25B005F27F1 /* FiraSans-Four.ttf in Resources */,
				54E971A21B6ED25B005F27F1 /* FiraSans-FourItalic.ttf in Resources */,
				54E971A31B6ED25B005F27F1 /* FiraSans-Hair.ttf in Resources */,
				54E971A41B6ED25B005F27F1 /* FiraSans-HairItalic.ttf in Resources */,
				54E971A51B6ED25B005F27F1 /* FiraSans-Heavy.ttf in Resources */,
				54E971A61B6ED25B005F27F1 /* FiraSans-HeavyItalic.ttf in Resources */,
				54E971A71B6ED25B005F27F1 /* FiraSans-Italic.ttf in Resources */,
				54E971A81B6ED25B005F27F1 /* FiraSans-Light.ttf in Resources */,
				54E971A91B6ED25B005F27F1 /* FiraSans-LightItalic.ttf in Resources */,
				54E971AA1B6ED25B005F27F1 /* FiraSans-Medium.ttf in Resources */,
				54E971AB1B6ED25B005F27F1 /* FiraSans-MediumItalic.ttf in Resources */,
				54E971AC1B6ED25B005F27F1 /* FiraSans-Regular.ttf in Resources */,
				54E971AD1B6ED25B005F27F1 /* FiraSans-SemiBold.ttf in Resources */,
				54E971AE1B6ED25B005F27F1 /* FiraSans-SemiBoldItalic.ttf in Resources */,
				54E971AF1B6ED25B005F27F1 /* FiraSans-Thin.ttf in Resources */,
				54E971B01B6ED25B005F27F1 /* FiraSans-ThinItalic.ttf in Resources */,
				54E971B11B6ED25B005F27F1 /* FiraSans-Two.ttf in Resources */,
				54E971B21B6ED25B005F27F1 /* FiraSans-TwoItalic.ttf in Resources */,
				54E971B31B6ED25B005F27F1 /* FiraSans-Ultra.ttf in Resources */,
				54E971B41B6ED25B005F27F1 /* FiraSans-UltraItalic.ttf in Resources */,
				54E971B51B6ED25B005F27F1 /* FiraSans-UltraLight.ttf in Resources */,
				54E971B61B6ED25B005F27F1 /* FiraSans-UltraLightItalic.ttf in Resources */,
				8283BE201B0143AF0085F9A6 /* Main.storyboard in Resources */,
				8283BE251B0143AF0085F9A6 /* LaunchScreen.xib in Resources */,
				8283BE221B0143AF0085F9A6 /* Images.xcassets in Resources */,
			);
			runOnlyForDeploymentPostprocessing = 0;
		};
		8283BE281B0143AF0085F9A6 /* Resources */ = {
			isa = PBXResourcesBuildPhase;
			buildActionMask = 2147483647;
			files = (
				82842E3F1B61E9D200E7C860 /* Main.storyboard in Resources */,
			);
			runOnlyForDeploymentPostprocessing = 0;
		};
/* End PBXResourcesBuildPhase section */

/* Begin PBXSourcesBuildPhase section */
		8283BE0E1B0143AF0085F9A6 /* Sources */ = {
			isa = PBXSourcesBuildPhase;
			buildActionMask = 2147483647;
			files = (
				82D73CAA1B82479400DFEAB0 /* RecordedAudio.swift in Sources */,
				54241A111B7E35040074D350 /* Carnet.swift in Sources */,
				823CC00D1B4629C000F633F8 /* VCMapView.swift in Sources */,
				542B4B041B73A06F0099349E /* CarnetAddVC.swift in Sources */,
				54D48D3F1B6D7C500087F6BB /* PostConfirm.swift in Sources */,
				542DEE401B8A178800A09A00 /* TabBarController.swift in Sources */,
				543A48741BDD4226008E9D71 /* tuto1VC.swift in Sources */,
				82842E441B61EA7900E7C860 /* InitialViewController.swift in Sources */,
				54B4A7EF1BEB9DBE00199613 /* ChangeEmail.swift in Sources */,
				82D73C9C1B8139DB00DFEAB0 /* Post.swift in Sources */,
				8283BE451B02364E0085F9A6 /* ForgotPassViewController.swift in Sources */,
				82D73CA51B81720E00DFEAB0 /* PostViewController.swift in Sources */,
				54C26FDF1C0FA08B002B5B5D /* TestsVC.swift in Sources */,
				5470F0A11B8DE6EA00E3BA64 /* ProfileGameVC.swift in Sources */,
				54D750621B763F7200A78824 /* CarnetTVC.swift in Sources */,
				54B4A7EA1BEB80E300199613 /* EditProfile.swift in Sources */,
				546483A51BF150FA00AA41EB /* CarnetPictCell.swift in Sources */,
				541546161B7D1548008E182C /* ProfileVC.swift in Sources */,
				546483991BF11E2A00AA41EB /* CarnetItemTVC.swift in Sources */,
				8283BE431B0233440085F9A6 /* LoginViewController.swift in Sources */,
				8283BE3D1B0162F00085F9A6 /* User.swift in Sources */,
				159C11B71BF58B1C0018EBE1 /* UserRestService.swift in Sources */,
				8283BE471B0236880085F9A6 /* MapViewController.swift in Sources */,
				5470F0A31B8DFD4100E3BA64 /* ProfileSegue.swift in Sources */,
				546483A31BF150E400AA41EB /* CarnetSoundCell.swift in Sources */,
				545A4AB21BF37268001B3D2C /* BasicCarnetCell.swift in Sources */,
				8283BE1D1B0143AF0085F9A6 /* AccountViewController.swift in Sources */,
				54D48D411B6D7ED90087F6BB /* PostNViewController.swift in Sources */,
				159C11B31BF589D70018EBE1 /* RestApiManager.swift in Sources */,
				8283BE1B1B0143AF0085F9A6 /* mplango.xcdatamodeld in Sources */,
				54D02ABA1BD94C0700B62860 /* RewardViewController.swift in Sources */,
				54B4A7F11BEB9DF100199613 /* ChangePasswrd.swift in Sources */,
				8256CAFE1B40FD730002708C /* ContactViewController.swift in Sources */,
				54B4A7EC1BEB8E2400199613 /* Settings.swift in Sources */,
				54D02AB71BD949F900B62860 /* UITextViewExt.swift in Sources */,
				542B4B101B73F4100099349E /* CarnetViewController.swift in Sources */,
				8283BE181B0143AF0085F9A6 /* AppDelegate.swift in Sources */,
				82D73CA21B81718B00DFEAB0 /* CategoryViewController.swift in Sources */,
				159C11AE1BF5768A0018EBE1 /* RUser.swift in Sources */,
				823CC0091B46291700F633F8 /* Annotation.swift in Sources */,
			);
			runOnlyForDeploymentPostprocessing = 0;
		};
		8283BE261B0143AF0085F9A6 /* Sources */ = {
			isa = PBXSourcesBuildPhase;
			buildActionMask = 2147483647;
			files = (
				828C71791B839C87009FE9B5 /* CarnetAddVC.swift in Sources */,
				54D02AB81BD949FC00B62860 /* UITextViewExt.swift in Sources */,
				82842E451B61EA7900E7C860 /* InitialViewController.swift in Sources */,
				82842E391B61E65B00E7C860 /* LoginViewController.swift in Sources */,
				159C11B41BF589D70018EBE1 /* RestApiManager.swift in Sources */,
				82842E351B61E38700E7C860 /* AppDelegate.swift in Sources */,
				546483A61BF159F000AA41EB /* CarnetItemTVC.swift in Sources */,
				828C717C1B83B260009FE9B5 /* CarnetViewController.swift in Sources */,
				82842E371B61E65200E7C860 /* AccountViewController.swift in Sources */,
				159C11B01BF586A80018EBE1 /* mplango.xcdatamodeld in Sources */,
				82842E381B61E65600E7C860 /* ForgotPassViewController.swift in Sources */,
				54D02ABB1BD94C0700B62860 /* RewardViewController.swift in Sources */,
				82842E3D1B61E66800E7C860 /* VCMapView.swift in Sources */,
				82D73CA61B81720E00DFEAB0 /* PostViewController.swift in Sources */,
				82D73CAB1B82479400DFEAB0 /* RecordedAudio.swift in Sources */,
				828C717A1B83A11D009FE9B5 /* Carnet.swift in Sources */,
				82288E8E1B51C878006BC80F /* ContactViewController.swift in Sources */,
				159C11AF1BF576A60018EBE1 /* RUser.swift in Sources */,
				82842E361B61E62D00E7C860 /* User.swift in Sources */,
				828C717B1B83A620009FE9B5 /* CarnetTVC.swift in Sources */,
				82D73CA31B81718B00DFEAB0 /* CategoryViewController.swift in Sources */,
				545A4AB31BF3769C001B3D2C /* BasicCarnetCell.swift in Sources */,
				82842E3B1B61E66100E7C860 /* Annotation.swift in Sources */,
				159C11B81BF58B1C0018EBE1 /* UserRestService.swift in Sources */,
				8283BE311B0143AF0085F9A6 /* mplangoTests.swift in Sources */,
				82842E3A1B61E65E00E7C860 /* MapViewController.swift in Sources */,
				82D73C9D1B8139DB00DFEAB0 /* Post.swift in Sources */,
			);
			runOnlyForDeploymentPostprocessing = 0;
		};
/* End PBXSourcesBuildPhase section */

/* Begin PBXTargetDependency section */
		8283BE2C1B0143AF0085F9A6 /* PBXTargetDependency */ = {
			isa = PBXTargetDependency;
			target = 8283BE111B0143AF0085F9A6 /* mplango */;
			targetProxy = 8283BE2B1B0143AF0085F9A6 /* PBXContainerItemProxy */;
		};
/* End PBXTargetDependency section */

/* Begin PBXVariantGroup section */
		8283BE1E1B0143AF0085F9A6 /* Main.storyboard */ = {
			isa = PBXVariantGroup;
			children = (
				8283BE1F1B0143AF0085F9A6 /* Base */,
			);
			name = Main.storyboard;
			sourceTree = "<group>";
		};
		8283BE231B0143AF0085F9A6 /* LaunchScreen.xib */ = {
			isa = PBXVariantGroup;
			children = (
				8283BE241B0143AF0085F9A6 /* Base */,
			);
			name = LaunchScreen.xib;
			sourceTree = "<group>";
		};
/* End PBXVariantGroup section */

/* Begin XCBuildConfiguration section */
		8283BE321B0143AF0085F9A6 /* Debug */ = {
			isa = XCBuildConfiguration;
			buildSettings = {
				ALWAYS_SEARCH_USER_PATHS = NO;
				CLANG_CXX_LANGUAGE_STANDARD = "gnu++0x";
				CLANG_CXX_LIBRARY = "libc++";
				CLANG_ENABLE_MODULES = YES;
				CLANG_ENABLE_OBJC_ARC = YES;
				CLANG_WARN_BOOL_CONVERSION = YES;
				CLANG_WARN_CONSTANT_CONVERSION = YES;
				CLANG_WARN_DIRECT_OBJC_ISA_USAGE = YES_ERROR;
				CLANG_WARN_EMPTY_BODY = YES;
				CLANG_WARN_ENUM_CONVERSION = YES;
				CLANG_WARN_INT_CONVERSION = YES;
				CLANG_WARN_OBJC_ROOT_CLASS = YES_ERROR;
				CLANG_WARN_UNREACHABLE_CODE = YES;
				CLANG_WARN__DUPLICATE_METHOD_MATCH = YES;
				"CODE_SIGN_IDENTITY[sdk=iphoneos*]" = "iPhone Developer";
				COPY_PHASE_STRIP = NO;
				DEBUG_INFORMATION_FORMAT = "dwarf-with-dsym";
				ENABLE_STRICT_OBJC_MSGSEND = YES;
				ENABLE_TESTABILITY = YES;
				GCC_C_LANGUAGE_STANDARD = gnu99;
				GCC_DYNAMIC_NO_PIC = NO;
				GCC_NO_COMMON_BLOCKS = YES;
				GCC_OPTIMIZATION_LEVEL = 0;
				GCC_PREPROCESSOR_DEFINITIONS = (
					"DEBUG=1",
					"$(inherited)",
				);
				GCC_SYMBOLS_PRIVATE_EXTERN = NO;
				GCC_WARN_64_TO_32_BIT_CONVERSION = YES;
				GCC_WARN_ABOUT_RETURN_TYPE = YES_ERROR;
				GCC_WARN_UNDECLARED_SELECTOR = YES;
				GCC_WARN_UNINITIALIZED_AUTOS = YES_AGGRESSIVE;
				GCC_WARN_UNUSED_FUNCTION = YES;
				GCC_WARN_UNUSED_VARIABLE = YES;
				IPHONEOS_DEPLOYMENT_TARGET = 9.0;
				MTL_ENABLE_DEBUG_INFO = YES;
				ONLY_ACTIVE_ARCH = YES;
				SDKROOT = iphoneos;
				SWIFT_OPTIMIZATION_LEVEL = "-Onone";
			};
			name = Debug;
		};
		8283BE331B0143AF0085F9A6 /* Release */ = {
			isa = XCBuildConfiguration;
			buildSettings = {
				ALWAYS_SEARCH_USER_PATHS = NO;
				CLANG_CXX_LANGUAGE_STANDARD = "gnu++0x";
				CLANG_CXX_LIBRARY = "libc++";
				CLANG_ENABLE_MODULES = YES;
				CLANG_ENABLE_OBJC_ARC = YES;
				CLANG_WARN_BOOL_CONVERSION = YES;
				CLANG_WARN_CONSTANT_CONVERSION = YES;
				CLANG_WARN_DIRECT_OBJC_ISA_USAGE = YES_ERROR;
				CLANG_WARN_EMPTY_BODY = YES;
				CLANG_WARN_ENUM_CONVERSION = YES;
				CLANG_WARN_INT_CONVERSION = YES;
				CLANG_WARN_OBJC_ROOT_CLASS = YES_ERROR;
				CLANG_WARN_UNREACHABLE_CODE = YES;
				CLANG_WARN__DUPLICATE_METHOD_MATCH = YES;
				"CODE_SIGN_IDENTITY[sdk=iphoneos*]" = "iPhone Developer";
				COPY_PHASE_STRIP = NO;
				DEBUG_INFORMATION_FORMAT = "dwarf-with-dsym";
				ENABLE_NS_ASSERTIONS = NO;
				ENABLE_STRICT_OBJC_MSGSEND = YES;
				GCC_C_LANGUAGE_STANDARD = gnu99;
				GCC_NO_COMMON_BLOCKS = YES;
				GCC_WARN_64_TO_32_BIT_CONVERSION = YES;
				GCC_WARN_ABOUT_RETURN_TYPE = YES_ERROR;
				GCC_WARN_UNDECLARED_SELECTOR = YES;
				GCC_WARN_UNINITIALIZED_AUTOS = YES_AGGRESSIVE;
				GCC_WARN_UNUSED_FUNCTION = YES;
				GCC_WARN_UNUSED_VARIABLE = YES;
				IPHONEOS_DEPLOYMENT_TARGET = 9.0;
				MTL_ENABLE_DEBUG_INFO = NO;
				SDKROOT = iphoneos;
				VALIDATE_PRODUCT = YES;
			};
			name = Release;
		};
		8283BE351B0143AF0085F9A6 /* Debug */ = {
			isa = XCBuildConfiguration;
			buildSettings = {
				ASSETCATALOG_COMPILER_APPICON_NAME = AppIcon;
				CODE_SIGN_IDENTITY = "iPhone Developer";
				"CODE_SIGN_IDENTITY[sdk=iphoneos*]" = "iPhone Developer";
				INFOPLIST_FILE = mplango/Info.plist;
				LD_RUNPATH_SEARCH_PATHS = "$(inherited) @executable_path/Frameworks";
				PRODUCT_BUNDLE_IDENTIFIER = "unb.$(PRODUCT_NAME:rfc1034identifier)";
				PRODUCT_NAME = "$(TARGET_NAME)";
				PROVISIONING_PROFILE = "";
			};
			name = Debug;
		};
		8283BE361B0143AF0085F9A6 /* Release */ = {
			isa = XCBuildConfiguration;
			buildSettings = {
				ASSETCATALOG_COMPILER_APPICON_NAME = AppIcon;
				CODE_SIGN_IDENTITY = "iPhone Developer";
				"CODE_SIGN_IDENTITY[sdk=iphoneos*]" = "iPhone Developer";
				INFOPLIST_FILE = mplango/Info.plist;
				LD_RUNPATH_SEARCH_PATHS = "$(inherited) @executable_path/Frameworks";
				PRODUCT_BUNDLE_IDENTIFIER = "unb.$(PRODUCT_NAME:rfc1034identifier)";
				PRODUCT_NAME = "$(TARGET_NAME)";
				PROVISIONING_PROFILE = "";
			};
			name = Release;
		};
		8283BE381B0143AF0085F9A6 /* Debug */ = {
			isa = XCBuildConfiguration;
			buildSettings = {
				BUNDLE_LOADER = "$(TEST_HOST)";
				FRAMEWORK_SEARCH_PATHS = (
					"$(SDKROOT)/Developer/Library/Frameworks",
					"$(inherited)",
				);
				GCC_PREPROCESSOR_DEFINITIONS = (
					"DEBUG=1",
					"$(inherited)",
				);
				INFOPLIST_FILE = mplangoTests/Info.plist;
				LD_RUNPATH_SEARCH_PATHS = "$(inherited) @executable_path/Frameworks @loader_path/Frameworks";
				PRODUCT_BUNDLE_IDENTIFIER = "unb.$(PRODUCT_NAME:rfc1034identifier)";
				PRODUCT_NAME = "$(TARGET_NAME)";
				TEST_HOST = "$(BUILT_PRODUCTS_DIR)/mplango.app/mplango";
			};
			name = Debug;
		};
		8283BE391B0143AF0085F9A6 /* Release */ = {
			isa = XCBuildConfiguration;
			buildSettings = {
				BUNDLE_LOADER = "$(TEST_HOST)";
				FRAMEWORK_SEARCH_PATHS = (
					"$(SDKROOT)/Developer/Library/Frameworks",
					"$(inherited)",
				);
				INFOPLIST_FILE = mplangoTests/Info.plist;
				LD_RUNPATH_SEARCH_PATHS = "$(inherited) @executable_path/Frameworks @loader_path/Frameworks";
				PRODUCT_BUNDLE_IDENTIFIER = "unb.$(PRODUCT_NAME:rfc1034identifier)";
				PRODUCT_NAME = "$(TARGET_NAME)";
				TEST_HOST = "$(BUILT_PRODUCTS_DIR)/mplango.app/mplango";
			};
			name = Release;
		};
/* End XCBuildConfiguration section */

/* Begin XCConfigurationList section */
		8283BE0D1B0143AF0085F9A6 /* Build configuration list for PBXProject "mplango" */ = {
			isa = XCConfigurationList;
			buildConfigurations = (
				8283BE321B0143AF0085F9A6 /* Debug */,
				8283BE331B0143AF0085F9A6 /* Release */,
			);
			defaultConfigurationIsVisible = 0;
			defaultConfigurationName = Release;
		};
		8283BE341B0143AF0085F9A6 /* Build configuration list for PBXNativeTarget "mplango" */ = {
			isa = XCConfigurationList;
			buildConfigurations = (
				8283BE351B0143AF0085F9A6 /* Debug */,
				8283BE361B0143AF0085F9A6 /* Release */,
			);
			defaultConfigurationIsVisible = 0;
			defaultConfigurationName = Release;
		};
		8283BE371B0143AF0085F9A6 /* Build configuration list for PBXNativeTarget "mplangoTests" */ = {
			isa = XCConfigurationList;
			buildConfigurations = (
				8283BE381B0143AF0085F9A6 /* Debug */,
				8283BE391B0143AF0085F9A6 /* Release */,
			);
			defaultConfigurationIsVisible = 0;
			defaultConfigurationName = Release;
		};
/* End XCConfigurationList section */

/* Begin XCVersionGroup section */
		8283BE191B0143AF0085F9A6 /* mplango.xcdatamodeld */ = {
			isa = XCVersionGroup;
			children = (
				54841D5A1BF62CD900008022 /* mplango 8.xcdatamodel */,
				159C11B11BF586D70018EBE1 /* mplango 8.xcdatamodel */,
				54241A121B7E367A0074D350 /* mplango 7.xcdatamodel */,
				54241A0F1B7E34130074D350 /* mplango 6.xcdatamodel */,
				54241A0E1B7E321E0074D350 /* mplango 5.xcdatamodel */,
				54241A0D1B7E31BF0074D350 /* mplango 4.xcdatamodel */,
				54241A0C1B7E1B1E0074D350 /* mplango 3.xcdatamodel */,
				8283BE1A1B0143AF0085F9A6 /* mplango.xcdatamodel */,
			);
			currentVersion = 159C11B11BF586D70018EBE1 /* mplango 8.xcdatamodel */;
			path = mplango.xcdatamodeld;
			sourceTree = "<group>";
			versionGroupType = wrapper.xcdatamodel;
		};
/* End XCVersionGroup section */
	};
	rootObject = 8283BE0A1B0143AF0085F9A6 /* Project object */;
}
