// !$*UTF8*$!
{
	archiveVersion = 1;
	classes = {
	};
	objectVersion = 46;
	objects = {

/* Begin PBXBuildFile section */
		1513D99B1C4D163600D1729C /* ImageUtils.swift in Sources */ = {isa = PBXBuildFile; fileRef = 1513D99A1C4D163600D1729C /* ImageUtils.swift */; };
		1513D99C1C4D163600D1729C /* ImageUtils.swift in Sources */ = {isa = PBXBuildFile; fileRef = 1513D99A1C4D163600D1729C /* ImageUtils.swift */; };
		1536E2AC1C6E805700471E86 /* Alamofire.framework in Frameworks */ = {isa = PBXBuildFile; fileRef = 1536E29F1C6E802100471E86 /* Alamofire.framework */; };
		1536E2AD1C6E805700471E86 /* Alamofire.framework in Embed Frameworks */ = {isa = PBXBuildFile; fileRef = 1536E29F1C6E802100471E86 /* Alamofire.framework */; settings = {ATTRIBUTES = (CodeSignOnCopy, RemoveHeadersOnCopy, ); }; };
		1536E2F01C6ECD0800471E86 /* SwiftyJSON.framework in Frameworks */ = {isa = PBXBuildFile; fileRef = 1536E2E31C6ECCF600471E86 /* SwiftyJSON.framework */; };
		1536E2F11C6ECD0800471E86 /* SwiftyJSON.framework in Embed Frameworks */ = {isa = PBXBuildFile; fileRef = 1536E2E31C6ECCF600471E86 /* SwiftyJSON.framework */; settings = {ATTRIBUTES = (CodeSignOnCopy, RemoveHeadersOnCopy, ); }; };
		1536E2FA1C6F711900471E86 /* ActivityIndicator.swift in Sources */ = {isa = PBXBuildFile; fileRef = 1536E2F91C6F711900471E86 /* ActivityIndicator.swift */; };
		1536E30B1C6FBE1000471E86 /* CountryUtils.swift in Sources */ = {isa = PBXBuildFile; fileRef = 1536E30A1C6FBE0F00471E86 /* CountryUtils.swift */; };
		153C20ED1CEA71B700C3FB8F /* Comment.swift in Sources */ = {isa = PBXBuildFile; fileRef = 153C20EC1CEA71B700C3FB8F /* Comment.swift */; };
		157970FF1CDD7E2D00C512F6 /* UrlRequestUtils.swift in Sources */ = {isa = PBXBuildFile; fileRef = 157970FE1CDD7E2D00C512F6 /* UrlRequestUtils.swift */; };
		157971181CDE395C00C512F6 /* AlamofireSwiftyJSON.framework in Frameworks */ = {isa = PBXBuildFile; fileRef = 157971151CDE394000C512F6 /* AlamofireSwiftyJSON.framework */; };
		157971191CDE396500C512F6 /* AlamofireSwiftyJSON.framework in Frameworks */ = {isa = PBXBuildFile; fileRef = 157971151CDE394000C512F6 /* AlamofireSwiftyJSON.framework */; };
		1579711A1CDE396500C512F6 /* AlamofireSwiftyJSON.framework in Embed Frameworks */ = {isa = PBXBuildFile; fileRef = 157971151CDE394000C512F6 /* AlamofireSwiftyJSON.framework */; settings = {ATTRIBUTES = (CodeSignOnCopy, RemoveHeadersOnCopy, ); }; };
		159C11AE1BF5768A0018EBE1 /* RUser.swift in Sources */ = {isa = PBXBuildFile; fileRef = 159C11AD1BF5768A0018EBE1 /* RUser.swift */; };
		159C11B31BF589D70018EBE1 /* RestApiManager.swift in Sources */ = {isa = PBXBuildFile; fileRef = 159C11B21BF589D70018EBE1 /* RestApiManager.swift */; };
		159C11B71BF58B1C0018EBE1 /* EndpointUtils.swift in Sources */ = {isa = PBXBuildFile; fileRef = 159C11B61BF58B1C0018EBE1 /* EndpointUtils.swift */; };
		15FE53C11CA6F6B0002A28CC /* FBAnnotation.swift in Sources */ = {isa = PBXBuildFile; fileRef = 15FE53BA1CA6F6B0002A28CC /* FBAnnotation.swift */; };
		15FE53C21CA6F6B0002A28CC /* FBAnnotationCluster.swift in Sources */ = {isa = PBXBuildFile; fileRef = 15FE53BB1CA6F6B0002A28CC /* FBAnnotationCluster.swift */; };
		15FE53C31CA6F6B0002A28CC /* FBAnnotationClusterView.swift in Sources */ = {isa = PBXBuildFile; fileRef = 15FE53BC1CA6F6B0002A28CC /* FBAnnotationClusterView.swift */; };
		15FE53C41CA6F6B0002A28CC /* FBBoundingBox.swift in Sources */ = {isa = PBXBuildFile; fileRef = 15FE53BD1CA6F6B0002A28CC /* FBBoundingBox.swift */; };
		15FE53C51CA6F6B0002A28CC /* FBClusteringManager.swift in Sources */ = {isa = PBXBuildFile; fileRef = 15FE53BE1CA6F6B0002A28CC /* FBClusteringManager.swift */; };
		15FE53C61CA6F6B0002A28CC /* FBQuadTree.swift in Sources */ = {isa = PBXBuildFile; fileRef = 15FE53BF1CA6F6B0002A28CC /* FBQuadTree.swift */; };
		15FE53C71CA6F6B0002A28CC /* FBQuadTreeNode.swift in Sources */ = {isa = PBXBuildFile; fileRef = 15FE53C01CA6F6B0002A28CC /* FBQuadTreeNode.swift */; };
		540A4A411C11EF5A00C166D8 /* PostDetailViewController.swift in Sources */ = {isa = PBXBuildFile; fileRef = 540A4A401C11EF5A00C166D8 /* PostDetailViewController.swift */; };
		540B2C331CD27B10005ED5D6 /* ContactCell.swift in Sources */ = {isa = PBXBuildFile; fileRef = 540B2C321CD27B10005ED5D6 /* ContactCell.swift */; };
		541546161B7D1548008E182C /* ProfileVC.swift in Sources */ = {isa = PBXBuildFile; fileRef = 541546141B7D1548008E182C /* ProfileVC.swift */; };
		54241A111B7E35040074D350 /* Carnet.swift in Sources */ = {isa = PBXBuildFile; fileRef = 54241A101B7E35040074D350 /* Carnet.swift */; };
		542B4B041B73A06F0099349E /* CarnetAddVC.swift in Sources */ = {isa = PBXBuildFile; fileRef = 542B4B031B73A06F0099349E /* CarnetAddVC.swift */; };
		542B4B101B73F4100099349E /* CarnetViewController.swift in Sources */ = {isa = PBXBuildFile; fileRef = 542B4B0F1B73F4100099349E /* CarnetViewController.swift */; };
		542DEE401B8A178800A09A00 /* TabBarController.swift in Sources */ = {isa = PBXBuildFile; fileRef = 542DEE3F1B8A178800A09A00 /* TabBarController.swift */; };
		543A48741BDD4226008E9D71 /* tuto1VC.swift in Sources */ = {isa = PBXBuildFile; fileRef = 543A48721BDD4226008E9D71 /* tuto1VC.swift */; };
		5448EB011C1B71DB004D771A /* helpSettingsVC.swift in Sources */ = {isa = PBXBuildFile; fileRef = 5448EB001C1B71DB004D771A /* helpSettingsVC.swift */; };
		544F17941CE25B8000B45683 /* Main.storyboard in Resources */ = {isa = PBXBuildFile; fileRef = 544F17931CE25B8000B45683 /* Main.storyboard */; };
		544F17961CE260C400B45683 /* ChangeEmail.swift in Sources */ = {isa = PBXBuildFile; fileRef = 544F17951CE260C400B45683 /* ChangeEmail.swift */; };
		544F17AF1CE2627F00B45683 /* EditProfile.swift in Sources */ = {isa = PBXBuildFile; fileRef = 544F17AE1CE2627F00B45683 /* EditProfile.swift */; };
		546042111C19A62800A6A2C4 /* CommentCell.swift in Sources */ = {isa = PBXBuildFile; fileRef = 546042101C19A62800A6A2C4 /* CommentCell.swift */; };
		546042151C19B4E300A6A2C4 /* CommentsVC.swift in Sources */ = {isa = PBXBuildFile; fileRef = 546042141C19B4E300A6A2C4 /* CommentsVC.swift */; };
		5470F0A11B8DE6EA00E3BA64 /* ProfileGameVC.swift in Sources */ = {isa = PBXBuildFile; fileRef = 5470F0A01B8DE6EA00E3BA64 /* ProfileGameVC.swift */; };
		5484F8451CC6C59C002EFB41 /* CarnetTableViewCell.swift in Sources */ = {isa = PBXBuildFile; fileRef = 5484F8441CC6C59C002EFB41 /* CarnetTableViewCell.swift */; };
		54B4A7EC1BEB8E2400199613 /* Settings.swift in Sources */ = {isa = PBXBuildFile; fileRef = 54B4A7EB1BEB8E2400199613 /* Settings.swift */; };
		54B4A7F11BEB9DF100199613 /* ChangePasswrd.swift in Sources */ = {isa = PBXBuildFile; fileRef = 54B4A7F01BEB9DF100199613 /* ChangePasswrd.swift */; };
		54C26FDF1C0FA08B002B5B5D /* TestsVC.swift in Sources */ = {isa = PBXBuildFile; fileRef = 54C26FDE1C0FA08B002B5B5D /* TestsVC.swift */; };
		54C3621B1CDBCDDC00396754 /* fixedOrientation.swift in Sources */ = {isa = PBXBuildFile; fileRef = 54C3621A1CDBCDDC00396754 /* fixedOrientation.swift */; };
		54D02AB71BD949F900B62860 /* UITextViewExt.swift in Sources */ = {isa = PBXBuildFile; fileRef = 54D02AB61BD949F900B62860 /* UITextViewExt.swift */; };
		54D02ABA1BD94C0700B62860 /* RewardViewController.swift in Sources */ = {isa = PBXBuildFile; fileRef = 54D02AB91BD94C0700B62860 /* RewardViewController.swift */; };
		54D750621B763F7200A78824 /* CarnetTVC.swift in Sources */ = {isa = PBXBuildFile; fileRef = 54D750611B763F7200A78824 /* CarnetTVC.swift */; };
		54E971941B6ED25B005F27F1 /* FiraMono-Bold.ttf in Resources */ = {isa = PBXBuildFile; fileRef = 54E971711B6ED1F5005F27F1 /* FiraMono-Bold.ttf */; };
		54E971951B6ED25B005F27F1 /* FiraMono-Medium.ttf in Resources */ = {isa = PBXBuildFile; fileRef = 54E971721B6ED1F5005F27F1 /* FiraMono-Medium.ttf */; };
		54E971961B6ED25B005F27F1 /* FiraMono-Regular.ttf in Resources */ = {isa = PBXBuildFile; fileRef = 54E971731B6ED1F5005F27F1 /* FiraMono-Regular.ttf */; };
		54E971971B6ED25B005F27F1 /* FiraSans-Bold.ttf in Resources */ = {isa = PBXBuildFile; fileRef = 54E971741B6ED1F5005F27F1 /* FiraSans-Bold.ttf */; };
		54E971981B6ED25B005F27F1 /* FiraSans-BoldItalic.ttf in Resources */ = {isa = PBXBuildFile; fileRef = 54E971751B6ED1F5005F27F1 /* FiraSans-BoldItalic.ttf */; };
		54E971991B6ED25B005F27F1 /* FiraSans-Book.ttf in Resources */ = {isa = PBXBuildFile; fileRef = 54E971761B6ED1F5005F27F1 /* FiraSans-Book.ttf */; };
		54E9719A1B6ED25B005F27F1 /* FiraSans-BookItalic.ttf in Resources */ = {isa = PBXBuildFile; fileRef = 54E971771B6ED1F5005F27F1 /* FiraSans-BookItalic.ttf */; };
		54E9719B1B6ED25B005F27F1 /* FiraSans-Eight.ttf in Resources */ = {isa = PBXBuildFile; fileRef = 54E971781B6ED1F5005F27F1 /* FiraSans-Eight.ttf */; };
		54E9719C1B6ED25B005F27F1 /* FiraSans-EightItalic.ttf in Resources */ = {isa = PBXBuildFile; fileRef = 54E971791B6ED1F5005F27F1 /* FiraSans-EightItalic.ttf */; };
		54E9719D1B6ED25B005F27F1 /* FiraSans-ExtraBold.ttf in Resources */ = {isa = PBXBuildFile; fileRef = 54E9717A1B6ED1F5005F27F1 /* FiraSans-ExtraBold.ttf */; };
		54E9719E1B6ED25B005F27F1 /* FiraSans-ExtraBoldItalic.ttf in Resources */ = {isa = PBXBuildFile; fileRef = 54E9717B1B6ED1F5005F27F1 /* FiraSans-ExtraBoldItalic.ttf */; };
		54E9719F1B6ED25B005F27F1 /* FiraSans-ExtraLight.ttf in Resources */ = {isa = PBXBuildFile; fileRef = 54E9717C1B6ED1F5005F27F1 /* FiraSans-ExtraLight.ttf */; };
		54E971A01B6ED25B005F27F1 /* FiraSans-ExtraLightItalic.ttf in Resources */ = {isa = PBXBuildFile; fileRef = 54E9717D1B6ED1F5005F27F1 /* FiraSans-ExtraLightItalic.ttf */; };
		54E971A11B6ED25B005F27F1 /* FiraSans-Four.ttf in Resources */ = {isa = PBXBuildFile; fileRef = 54E9717E1B6ED1F5005F27F1 /* FiraSans-Four.ttf */; };
		54E971A21B6ED25B005F27F1 /* FiraSans-FourItalic.ttf in Resources */ = {isa = PBXBuildFile; fileRef = 54E9717F1B6ED1F5005F27F1 /* FiraSans-FourItalic.ttf */; };
		54E971A31B6ED25B005F27F1 /* FiraSans-Hair.ttf in Resources */ = {isa = PBXBuildFile; fileRef = 54E971801B6ED1F5005F27F1 /* FiraSans-Hair.ttf */; };
		54E971A41B6ED25B005F27F1 /* FiraSans-HairItalic.ttf in Resources */ = {isa = PBXBuildFile; fileRef = 54E971811B6ED1F5005F27F1 /* FiraSans-HairItalic.ttf */; };
		54E971A51B6ED25B005F27F1 /* FiraSans-Heavy.ttf in Resources */ = {isa = PBXBuildFile; fileRef = 54E971821B6ED1F5005F27F1 /* FiraSans-Heavy.ttf */; };
		54E971A61B6ED25B005F27F1 /* FiraSans-HeavyItalic.ttf in Resources */ = {isa = PBXBuildFile; fileRef = 54E971831B6ED1F5005F27F1 /* FiraSans-HeavyItalic.ttf */; };
		54E971A71B6ED25B005F27F1 /* FiraSans-Italic.ttf in Resources */ = {isa = PBXBuildFile; fileRef = 54E971841B6ED1F5005F27F1 /* FiraSans-Italic.ttf */; };
		54E971A81B6ED25B005F27F1 /* FiraSans-Light.ttf in Resources */ = {isa = PBXBuildFile; fileRef = 54E971851B6ED1F5005F27F1 /* FiraSans-Light.ttf */; };
		54E971A91B6ED25B005F27F1 /* FiraSans-LightItalic.ttf in Resources */ = {isa = PBXBuildFile; fileRef = 54E971861B6ED1F5005F27F1 /* FiraSans-LightItalic.ttf */; };
		54E971AA1B6ED25B005F27F1 /* FiraSans-Medium.ttf in Resources */ = {isa = PBXBuildFile; fileRef = 54E971871B6ED1F5005F27F1 /* FiraSans-Medium.ttf */; };
		54E971AB1B6ED25B005F27F1 /* FiraSans-MediumItalic.ttf in Resources */ = {isa = PBXBuildFile; fileRef = 54E971881B6ED1F5005F27F1 /* FiraSans-MediumItalic.ttf */; };
		54E971AC1B6ED25B005F27F1 /* FiraSans-Regular.ttf in Resources */ = {isa = PBXBuildFile; fileRef = 54E971891B6ED1F5005F27F1 /* FiraSans-Regular.ttf */; };
		54E971AD1B6ED25B005F27F1 /* FiraSans-SemiBold.ttf in Resources */ = {isa = PBXBuildFile; fileRef = 54E9718A1B6ED1F5005F27F1 /* FiraSans-SemiBold.ttf */; };
		54E971AE1B6ED25B005F27F1 /* FiraSans-SemiBoldItalic.ttf in Resources */ = {isa = PBXBuildFile; fileRef = 54E9718B1B6ED1F5005F27F1 /* FiraSans-SemiBoldItalic.ttf */; };
		54E971AF1B6ED25B005F27F1 /* FiraSans-Thin.ttf in Resources */ = {isa = PBXBuildFile; fileRef = 54E9718C1B6ED1F5005F27F1 /* FiraSans-Thin.ttf */; };
		54E971B01B6ED25B005F27F1 /* FiraSans-ThinItalic.ttf in Resources */ = {isa = PBXBuildFile; fileRef = 54E9718D1B6ED1F5005F27F1 /* FiraSans-ThinItalic.ttf */; };
		54E971B11B6ED25B005F27F1 /* FiraSans-Two.ttf in Resources */ = {isa = PBXBuildFile; fileRef = 54E9718E1B6ED1F5005F27F1 /* FiraSans-Two.ttf */; };
		54E971B21B6ED25B005F27F1 /* FiraSans-TwoItalic.ttf in Resources */ = {isa = PBXBuildFile; fileRef = 54E9718F1B6ED1F5005F27F1 /* FiraSans-TwoItalic.ttf */; };
		54E971B31B6ED25B005F27F1 /* FiraSans-Ultra.ttf in Resources */ = {isa = PBXBuildFile; fileRef = 54E971901B6ED1F5005F27F1 /* FiraSans-Ultra.ttf */; };
		54E971B41B6ED25B005F27F1 /* FiraSans-UltraItalic.ttf in Resources */ = {isa = PBXBuildFile; fileRef = 54E971911B6ED1F5005F27F1 /* FiraSans-UltraItalic.ttf */; };
		54E971B51B6ED25B005F27F1 /* FiraSans-UltraLight.ttf in Resources */ = {isa = PBXBuildFile; fileRef = 54E971921B6ED1F5005F27F1 /* FiraSans-UltraLight.ttf */; };
		54E971B61B6ED25B005F27F1 /* FiraSans-UltraLightItalic.ttf in Resources */ = {isa = PBXBuildFile; fileRef = 54E971931B6ED1F5005F27F1 /* FiraSans-UltraLightItalic.ttf */; };
		54EEA4751C1F616A00AF6C71 /* FollowersTVC.swift in Sources */ = {isa = PBXBuildFile; fileRef = 54EEA4741C1F616A00AF6C71 /* FollowersTVC.swift */; };
		54F0896C1C20A05100089687 /* FollowingTVC.swift in Sources */ = {isa = PBXBuildFile; fileRef = 54F0896B1C20A05100089687 /* FollowingTVC.swift */; };
		823CC0091B46291700F633F8 /* PostAnnotation.swift in Sources */ = {isa = PBXBuildFile; fileRef = 823CC0081B46291700F633F8 /* PostAnnotation.swift */; };
		823CC00D1B4629C000F633F8 /* MapView.swift in Sources */ = {isa = PBXBuildFile; fileRef = 823CC00C1B4629C000F633F8 /* MapView.swift */; };
		8256CAFE1B40FD730002708C /* ContactViewController.swift in Sources */ = {isa = PBXBuildFile; fileRef = 8256CAFD1B40FD730002708C /* ContactViewController.swift */; };
		8283BE181B0143AF0085F9A6 /* AppDelegate.swift in Sources */ = {isa = PBXBuildFile; fileRef = 8283BE171B0143AF0085F9A6 /* AppDelegate.swift */; };
		8283BE1B1B0143AF0085F9A6 /* mplango.xcdatamodeld in Sources */ = {isa = PBXBuildFile; fileRef = 8283BE191B0143AF0085F9A6 /* mplango.xcdatamodeld */; };
		8283BE1D1B0143AF0085F9A6 /* AccountViewController.swift in Sources */ = {isa = PBXBuildFile; fileRef = 8283BE1C1B0143AF0085F9A6 /* AccountViewController.swift */; };
		8283BE221B0143AF0085F9A6 /* Images.xcassets in Resources */ = {isa = PBXBuildFile; fileRef = 8283BE211B0143AF0085F9A6 /* Images.xcassets */; };
		8283BE251B0143AF0085F9A6 /* LaunchScreen.xib in Resources */ = {isa = PBXBuildFile; fileRef = 8283BE231B0143AF0085F9A6 /* LaunchScreen.xib */; };
		8283BE311B0143AF0085F9A6 /* mplangoTests.swift in Sources */ = {isa = PBXBuildFile; fileRef = 8283BE301B0143AF0085F9A6 /* mplangoTests.swift */; };
		8283BE3D1B0162F00085F9A6 /* User.swift in Sources */ = {isa = PBXBuildFile; fileRef = 8283BE3C1B0162F00085F9A6 /* User.swift */; };
		8283BE431B0233440085F9A6 /* LoginViewController.swift in Sources */ = {isa = PBXBuildFile; fileRef = 8283BE421B0233440085F9A6 /* LoginViewController.swift */; };
		8283BE451B02364E0085F9A6 /* ForgotPassViewController.swift in Sources */ = {isa = PBXBuildFile; fileRef = 8283BE441B02364E0085F9A6 /* ForgotPassViewController.swift */; };
		8283BE471B0236880085F9A6 /* MapViewController.swift in Sources */ = {isa = PBXBuildFile; fileRef = 8283BE461B0236880085F9A6 /* MapViewController.swift */; };
		82842E441B61EA7900E7C860 /* InitialViewController.swift in Sources */ = {isa = PBXBuildFile; fileRef = 82842E431B61EA7900E7C860 /* InitialViewController.swift */; };
		82D73C9C1B8139DB00DFEAB0 /* Post.swift in Sources */ = {isa = PBXBuildFile; fileRef = 82D73C9B1B8139DB00DFEAB0 /* Post.swift */; };
		82D73CA21B81718B00DFEAB0 /* CategoryViewController.swift in Sources */ = {isa = PBXBuildFile; fileRef = 82D73CA11B81718B00DFEAB0 /* CategoryViewController.swift */; };
		82D73CA51B81720E00DFEAB0 /* PostViewController.swift in Sources */ = {isa = PBXBuildFile; fileRef = 82D73CA41B81720E00DFEAB0 /* PostViewController.swift */; };
		82D73CA81B82419700DFEAB0 /* AVFoundation.framework in Frameworks */ = {isa = PBXBuildFile; fileRef = 82D73CA71B82419700DFEAB0 /* AVFoundation.framework */; };
		82D73CAA1B82479400DFEAB0 /* RecordedAudio.swift in Sources */ = {isa = PBXBuildFile; fileRef = 82D73CA91B82479400DFEAB0 /* RecordedAudio.swift */; };
/* End PBXBuildFile section */

/* Begin PBXContainerItemProxy section */
		1536E29E1C6E802100471E86 /* PBXContainerItemProxy */ = {
			isa = PBXContainerItemProxy;
			containerPortal = 1536E2941C6E802000471E86 /* Alamofire.xcodeproj */;
			proxyType = 2;
			remoteGlobalIDString = F8111E3319A95C8B0040E7D1;
			remoteInfo = "Alamofire iOS";
		};
		1536E2A01C6E802100471E86 /* PBXContainerItemProxy */ = {
			isa = PBXContainerItemProxy;
			containerPortal = 1536E2941C6E802000471E86 /* Alamofire.xcodeproj */;
			proxyType = 2;
			remoteGlobalIDString = F8111E3E19A95C8B0040E7D1;
			remoteInfo = "Alamofire iOS Tests";
		};
		1536E2A21C6E802100471E86 /* PBXContainerItemProxy */ = {
			isa = PBXContainerItemProxy;
			containerPortal = 1536E2941C6E802000471E86 /* Alamofire.xcodeproj */;
			proxyType = 2;
			remoteGlobalIDString = 4DD67C0B1A5C55C900ED2280;
			remoteInfo = "Alamofire OSX";
		};
		1536E2A41C6E802100471E86 /* PBXContainerItemProxy */ = {
			isa = PBXContainerItemProxy;
			containerPortal = 1536E2941C6E802000471E86 /* Alamofire.xcodeproj */;
			proxyType = 2;
			remoteGlobalIDString = F829C6B21A7A94F100A2CD59;
			remoteInfo = "Alamofire OSX Tests";
		};
		1536E2A61C6E802100471E86 /* PBXContainerItemProxy */ = {
			isa = PBXContainerItemProxy;
			containerPortal = 1536E2941C6E802000471E86 /* Alamofire.xcodeproj */;
			proxyType = 2;
			remoteGlobalIDString = 4CF626EF1BA7CB3E0011A099;
			remoteInfo = "Alamofire tvOS";
		};
		1536E2A81C6E802100471E86 /* PBXContainerItemProxy */ = {
			isa = PBXContainerItemProxy;
			containerPortal = 1536E2941C6E802000471E86 /* Alamofire.xcodeproj */;
			proxyType = 2;
			remoteGlobalIDString = 4CF626F81BA7CB3E0011A099;
			remoteInfo = "Alamofire tvOS Tests";
		};
		1536E2AA1C6E802100471E86 /* PBXContainerItemProxy */ = {
			isa = PBXContainerItemProxy;
			containerPortal = 1536E2941C6E802000471E86 /* Alamofire.xcodeproj */;
			proxyType = 2;
			remoteGlobalIDString = E4202FE01B667AA100C997FB;
			remoteInfo = "Alamofire watchOS";
		};
		1536E2AE1C6E805700471E86 /* PBXContainerItemProxy */ = {
			isa = PBXContainerItemProxy;
			containerPortal = 1536E2941C6E802000471E86 /* Alamofire.xcodeproj */;
			proxyType = 1;
			remoteGlobalIDString = F8111E3219A95C8B0040E7D1;
			remoteInfo = "Alamofire iOS";
		};
		1536E2E21C6ECCF600471E86 /* PBXContainerItemProxy */ = {
			isa = PBXContainerItemProxy;
			containerPortal = 1536E2D81C6ECCF500471E86 /* SwiftyJSON.xcodeproj */;
			proxyType = 2;
			remoteGlobalIDString = 2E4FEFDB19575BE100351305;
			remoteInfo = "SwiftyJSON iOS";
		};
		1536E2E41C6ECCF600471E86 /* PBXContainerItemProxy */ = {
			isa = PBXContainerItemProxy;
			containerPortal = 1536E2D81C6ECCF500471E86 /* SwiftyJSON.xcodeproj */;
			proxyType = 2;
			remoteGlobalIDString = 2E4FEFE619575BE100351305;
			remoteInfo = "SwiftyJSON iOS Tests";
		};
		1536E2E61C6ECCF600471E86 /* PBXContainerItemProxy */ = {
			isa = PBXContainerItemProxy;
			containerPortal = 1536E2D81C6ECCF500471E86 /* SwiftyJSON.xcodeproj */;
			proxyType = 2;
			remoteGlobalIDString = 9C7DFC5B1A9102BD005AA3F7;
			remoteInfo = "SwiftyJSON OSX";
		};
		1536E2E81C6ECCF600471E86 /* PBXContainerItemProxy */ = {
			isa = PBXContainerItemProxy;
			containerPortal = 1536E2D81C6ECCF500471E86 /* SwiftyJSON.xcodeproj */;
			proxyType = 2;
			remoteGlobalIDString = 9C7DFC651A9102BD005AA3F7;
			remoteInfo = "SwiftyJSON OSX Tests";
		};
		1536E2EA1C6ECCF600471E86 /* PBXContainerItemProxy */ = {
			isa = PBXContainerItemProxy;
			containerPortal = 1536E2D81C6ECCF500471E86 /* SwiftyJSON.xcodeproj */;
			proxyType = 2;
			remoteGlobalIDString = E4D7CCE81B9465A700EE7221;
			remoteInfo = "SwiftyJSON watchOS";
		};
		1536E2EC1C6ECCF600471E86 /* PBXContainerItemProxy */ = {
			isa = PBXContainerItemProxy;
			containerPortal = 1536E2D81C6ECCF500471E86 /* SwiftyJSON.xcodeproj */;
			proxyType = 2;
			remoteGlobalIDString = 7236B4F61BAC14150020529B;
			remoteInfo = "SwiftyJSON tvOS";
		};
		1536E2EE1C6ECCF600471E86 /* PBXContainerItemProxy */ = {
			isa = PBXContainerItemProxy;
			containerPortal = 1536E2D81C6ECCF500471E86 /* SwiftyJSON.xcodeproj */;
			proxyType = 2;
			remoteGlobalIDString = A8580F741BCF5C5B00DA927B;
			remoteInfo = "SwiftyJSON tvOS Tests";
		};
		1536E2F21C6ECD0800471E86 /* PBXContainerItemProxy */ = {
			isa = PBXContainerItemProxy;
			containerPortal = 1536E2D81C6ECCF500471E86 /* SwiftyJSON.xcodeproj */;
			proxyType = 1;
			remoteGlobalIDString = 2E4FEFDA19575BE100351305;
			remoteInfo = "SwiftyJSON iOS";
		};
		157971141CDE394000C512F6 /* PBXContainerItemProxy */ = {
			isa = PBXContainerItemProxy;
			containerPortal = 1579710D1CDE394000C512F6 /* Alamofire-SwiftyJSON.xcodeproj */;
			proxyType = 2;
			remoteGlobalIDString = A8AFB70F19D1401D0070765E;
			remoteInfo = AlamofireSwiftyJSON;
		};
		157971161CDE394000C512F6 /* PBXContainerItemProxy */ = {
			isa = PBXContainerItemProxy;
			containerPortal = 1579710D1CDE394000C512F6 /* Alamofire-SwiftyJSON.xcodeproj */;
			proxyType = 2;
			remoteGlobalIDString = A8AFB71A19D1401D0070765E;
			remoteInfo = AlamofireSwiftyJSONTests;
		};
		1579711B1CDE396500C512F6 /* PBXContainerItemProxy */ = {
			isa = PBXContainerItemProxy;
			containerPortal = 1579710D1CDE394000C512F6 /* Alamofire-SwiftyJSON.xcodeproj */;
			proxyType = 1;
			remoteGlobalIDString = A8AFB70E19D1401D0070765E;
			remoteInfo = AlamofireSwiftyJSON;
		};
		8283BE2B1B0143AF0085F9A6 /* PBXContainerItemProxy */ = {
			isa = PBXContainerItemProxy;
			containerPortal = 8283BE0A1B0143AF0085F9A6 /* Project object */;
			proxyType = 1;
			remoteGlobalIDString = 8283BE111B0143AF0085F9A6;
			remoteInfo = mplango;
		};
/* End PBXContainerItemProxy section */

/* Begin PBXCopyFilesBuildPhase section */
		54D3F5C31C6383FD003BDE76 /* Embed Frameworks */ = {
			isa = PBXCopyFilesBuildPhase;
			buildActionMask = 2147483647;
			dstPath = "";
			dstSubfolderSpec = 10;
			files = (
				1536E2AD1C6E805700471E86 /* Alamofire.framework in Embed Frameworks */,
				1579711A1CDE396500C512F6 /* AlamofireSwiftyJSON.framework in Embed Frameworks */,
				1536E2F11C6ECD0800471E86 /* SwiftyJSON.framework in Embed Frameworks */,
			);
			name = "Embed Frameworks";
			runOnlyForDeploymentPostprocessing = 0;
		};
/* End PBXCopyFilesBuildPhase section */

/* Begin PBXFileReference section */
		1513D99A1C4D163600D1729C /* ImageUtils.swift */ = {isa = PBXFileReference; fileEncoding = 4; lastKnownFileType = sourcecode.swift; path = ImageUtils.swift; sourceTree = "<group>"; };
		1536E2941C6E802000471E86 /* Alamofire.xcodeproj */ = {isa = PBXFileReference; lastKnownFileType = "wrapper.pb-project"; name = Alamofire.xcodeproj; path = "Alamofire-master/Alamofire.xcodeproj"; sourceTree = "<group>"; };
		1536E2D81C6ECCF500471E86 /* SwiftyJSON.xcodeproj */ = {isa = PBXFileReference; lastKnownFileType = "wrapper.pb-project"; name = SwiftyJSON.xcodeproj; path = "SwiftyJSON-master/SwiftyJSON.xcodeproj"; sourceTree = "<group>"; };
		1536E2F91C6F711900471E86 /* ActivityIndicator.swift */ = {isa = PBXFileReference; fileEncoding = 4; lastKnownFileType = sourcecode.swift; path = ActivityIndicator.swift; sourceTree = "<group>"; };
		1536E30A1C6FBE0F00471E86 /* CountryUtils.swift */ = {isa = PBXFileReference; fileEncoding = 4; lastKnownFileType = sourcecode.swift; path = CountryUtils.swift; sourceTree = "<group>"; };
		1536E30C1C71F6A500471E86 /* mplango 10.xcdatamodel */ = {isa = PBXFileReference; lastKnownFileType = wrapper.xcdatamodel; path = "mplango 10.xcdatamodel"; sourceTree = "<group>"; };
		1536E30D1C71FCC900471E86 /* mplango 11.xcdatamodel */ = {isa = PBXFileReference; lastKnownFileType = wrapper.xcdatamodel; path = "mplango 11.xcdatamodel"; sourceTree = "<group>"; };
		153C20EC1CEA71B700C3FB8F /* Comment.swift */ = {isa = PBXFileReference; fileEncoding = 4; lastKnownFileType = sourcecode.swift; path = Comment.swift; sourceTree = "<group>"; };
		157970FE1CDD7E2D00C512F6 /* UrlRequestUtils.swift */ = {isa = PBXFileReference; fileEncoding = 4; lastKnownFileType = sourcecode.swift; path = UrlRequestUtils.swift; sourceTree = "<group>"; };
		1579710D1CDE394000C512F6 /* Alamofire-SwiftyJSON.xcodeproj */ = {isa = PBXFileReference; lastKnownFileType = "wrapper.pb-project"; name = "Alamofire-SwiftyJSON.xcodeproj"; path = "Alamofire-SwiftyJSON-master/Alamofire-SwiftyJSON.xcodeproj"; sourceTree = "<group>"; };
		159C11AD1BF5768A0018EBE1 /* RUser.swift */ = {isa = PBXFileReference; fileEncoding = 4; lastKnownFileType = sourcecode.swift; path = RUser.swift; sourceTree = "<group>"; };
		159C11B11BF586D70018EBE1 /* mplango 8.xcdatamodel */ = {isa = PBXFileReference; lastKnownFileType = wrapper.xcdatamodel; path = "mplango 8.xcdatamodel"; sourceTree = "<group>"; };
		159C11B21BF589D70018EBE1 /* RestApiManager.swift */ = {isa = PBXFileReference; fileEncoding = 4; lastKnownFileType = sourcecode.swift; path = RestApiManager.swift; sourceTree = "<group>"; };
		159C11B61BF58B1C0018EBE1 /* EndpointUtils.swift */ = {isa = PBXFileReference; fileEncoding = 4; lastKnownFileType = sourcecode.swift; path = EndpointUtils.swift; sourceTree = "<group>"; };
		15FE53BA1CA6F6B0002A28CC /* FBAnnotation.swift */ = {isa = PBXFileReference; fileEncoding = 4; lastKnownFileType = sourcecode.swift; path = FBAnnotation.swift; sourceTree = "<group>"; };
		15FE53BB1CA6F6B0002A28CC /* FBAnnotationCluster.swift */ = {isa = PBXFileReference; fileEncoding = 4; lastKnownFileType = sourcecode.swift; path = FBAnnotationCluster.swift; sourceTree = "<group>"; };
		15FE53BC1CA6F6B0002A28CC /* FBAnnotationClusterView.swift */ = {isa = PBXFileReference; fileEncoding = 4; lastKnownFileType = sourcecode.swift; path = FBAnnotationClusterView.swift; sourceTree = "<group>"; };
		15FE53BD1CA6F6B0002A28CC /* FBBoundingBox.swift */ = {isa = PBXFileReference; fileEncoding = 4; lastKnownFileType = sourcecode.swift; path = FBBoundingBox.swift; sourceTree = "<group>"; };
		15FE53BE1CA6F6B0002A28CC /* FBClusteringManager.swift */ = {isa = PBXFileReference; fileEncoding = 4; lastKnownFileType = sourcecode.swift; path = FBClusteringManager.swift; sourceTree = "<group>"; };
		15FE53BF1CA6F6B0002A28CC /* FBQuadTree.swift */ = {isa = PBXFileReference; fileEncoding = 4; lastKnownFileType = sourcecode.swift; path = FBQuadTree.swift; sourceTree = "<group>"; };
		15FE53C01CA6F6B0002A28CC /* FBQuadTreeNode.swift */ = {isa = PBXFileReference; fileEncoding = 4; lastKnownFileType = sourcecode.swift; path = FBQuadTreeNode.swift; sourceTree = "<group>"; };
		540A4A401C11EF5A00C166D8 /* PostDetailViewController.swift */ = {isa = PBXFileReference; fileEncoding = 4; lastKnownFileType = sourcecode.swift; path = PostDetailViewController.swift; sourceTree = "<group>"; };
		540B2C321CD27B10005ED5D6 /* ContactCell.swift */ = {isa = PBXFileReference; fileEncoding = 4; lastKnownFileType = sourcecode.swift; path = ContactCell.swift; sourceTree = "<group>"; };
		541546141B7D1548008E182C /* ProfileVC.swift */ = {isa = PBXFileReference; fileEncoding = 4; lastKnownFileType = sourcecode.swift; path = ProfileVC.swift; sourceTree = "<group>"; };
		5415F8311C1F22DE0036D4E0 /* mplango.entitlements */ = {isa = PBXFileReference; lastKnownFileType = text.xml; path = mplango.entitlements; sourceTree = "<group>"; };
		54241A0C1B7E1B1E0074D350 /* mplango 3.xcdatamodel */ = {isa = PBXFileReference; lastKnownFileType = wrapper.xcdatamodel; path = "mplango 3.xcdatamodel"; sourceTree = "<group>"; };
		54241A0D1B7E31BF0074D350 /* mplango 4.xcdatamodel */ = {isa = PBXFileReference; lastKnownFileType = wrapper.xcdatamodel; path = "mplango 4.xcdatamodel"; sourceTree = "<group>"; };
		54241A0E1B7E321E0074D350 /* mplango 5.xcdatamodel */ = {isa = PBXFileReference; lastKnownFileType = wrapper.xcdatamodel; path = "mplango 5.xcdatamodel"; sourceTree = "<group>"; };
		54241A0F1B7E34130074D350 /* mplango 6.xcdatamodel */ = {isa = PBXFileReference; lastKnownFileType = wrapper.xcdatamodel; path = "mplango 6.xcdatamodel"; sourceTree = "<group>"; };
		54241A101B7E35040074D350 /* Carnet.swift */ = {isa = PBXFileReference; fileEncoding = 4; lastKnownFileType = sourcecode.swift; path = Carnet.swift; sourceTree = "<group>"; };
		54241A121B7E367A0074D350 /* mplango 7.xcdatamodel */ = {isa = PBXFileReference; lastKnownFileType = wrapper.xcdatamodel; path = "mplango 7.xcdatamodel"; sourceTree = "<group>"; };
		5426BC2C1C62C24F000EBB74 /* mplango 9.xcdatamodel */ = {isa = PBXFileReference; lastKnownFileType = wrapper.xcdatamodel; path = "mplango 9.xcdatamodel"; sourceTree = "<group>"; };
		542B4B031B73A06F0099349E /* CarnetAddVC.swift */ = {isa = PBXFileReference; fileEncoding = 4; lastKnownFileType = sourcecode.swift; path = CarnetAddVC.swift; sourceTree = "<group>"; };
		542B4B0F1B73F4100099349E /* CarnetViewController.swift */ = {isa = PBXFileReference; fileEncoding = 4; lastKnownFileType = sourcecode.swift; path = CarnetViewController.swift; sourceTree = "<group>"; };
		542DEE3F1B8A178800A09A00 /* TabBarController.swift */ = {isa = PBXFileReference; fileEncoding = 4; lastKnownFileType = sourcecode.swift; path = TabBarController.swift; sourceTree = "<group>"; };
		543A48721BDD4226008E9D71 /* tuto1VC.swift */ = {isa = PBXFileReference; fileEncoding = 4; lastKnownFileType = sourcecode.swift; name = tuto1VC.swift; path = mplango/tuto1VC.swift; sourceTree = "<group>"; };
		5448EB001C1B71DB004D771A /* helpSettingsVC.swift */ = {isa = PBXFileReference; fileEncoding = 4; lastKnownFileType = sourcecode.swift; path = helpSettingsVC.swift; sourceTree = "<group>"; };
		544F17931CE25B8000B45683 /* Main.storyboard */ = {isa = PBXFileReference; fileEncoding = 4; lastKnownFileType = file.storyboard; path = Main.storyboard; sourceTree = "<group>"; };
		544F17951CE260C400B45683 /* ChangeEmail.swift */ = {isa = PBXFileReference; fileEncoding = 4; lastKnownFileType = sourcecode.swift; path = ChangeEmail.swift; sourceTree = "<group>"; };
		544F17AE1CE2627F00B45683 /* EditProfile.swift */ = {isa = PBXFileReference; fileEncoding = 4; lastKnownFileType = sourcecode.swift; path = EditProfile.swift; sourceTree = "<group>"; };
		546042101C19A62800A6A2C4 /* CommentCell.swift */ = {isa = PBXFileReference; fileEncoding = 4; lastKnownFileType = sourcecode.swift; path = CommentCell.swift; sourceTree = "<group>"; };
		546042141C19B4E300A6A2C4 /* CommentsVC.swift */ = {isa = PBXFileReference; fileEncoding = 4; lastKnownFileType = sourcecode.swift; path = CommentsVC.swift; sourceTree = "<group>"; };
		5470F0A01B8DE6EA00E3BA64 /* ProfileGameVC.swift */ = {isa = PBXFileReference; fileEncoding = 4; lastKnownFileType = sourcecode.swift; path = ProfileGameVC.swift; sourceTree = "<group>"; };
		54841D5A1BF62CD900008022 /* mplango 8.xcdatamodel */ = {isa = PBXFileReference; lastKnownFileType = wrapper.xcdatamodel; path = "mplango 8.xcdatamodel"; sourceTree = "<group>"; };
		5484F8441CC6C59C002EFB41 /* CarnetTableViewCell.swift */ = {isa = PBXFileReference; fileEncoding = 4; lastKnownFileType = sourcecode.swift; path = CarnetTableViewCell.swift; sourceTree = "<group>"; };
		54B4A7EB1BEB8E2400199613 /* Settings.swift */ = {isa = PBXFileReference; fileEncoding = 4; lastKnownFileType = sourcecode.swift; path = Settings.swift; sourceTree = "<group>"; };
		54B4A7F01BEB9DF100199613 /* ChangePasswrd.swift */ = {isa = PBXFileReference; fileEncoding = 4; lastKnownFileType = sourcecode.swift; path = ChangePasswrd.swift; sourceTree = "<group>"; };
		54C26FDE1C0FA08B002B5B5D /* TestsVC.swift */ = {isa = PBXFileReference; fileEncoding = 4; lastKnownFileType = sourcecode.swift; path = TestsVC.swift; sourceTree = "<group>"; };
		54C3621A1CDBCDDC00396754 /* fixedOrientation.swift */ = {isa = PBXFileReference; fileEncoding = 4; lastKnownFileType = sourcecode.swift; path = fixedOrientation.swift; sourceTree = "<group>"; };
		54D02AB61BD949F900B62860 /* UITextViewExt.swift */ = {isa = PBXFileReference; fileEncoding = 4; lastKnownFileType = sourcecode.swift; path = UITextViewExt.swift; sourceTree = "<group>"; };
		54D02AB91BD94C0700B62860 /* RewardViewController.swift */ = {isa = PBXFileReference; fileEncoding = 4; lastKnownFileType = sourcecode.swift; path = RewardViewController.swift; sourceTree = "<group>"; };
		54D750611B763F7200A78824 /* CarnetTVC.swift */ = {isa = PBXFileReference; fileEncoding = 4; lastKnownFileType = sourcecode.swift; path = CarnetTVC.swift; sourceTree = "<group>"; };
		54E971711B6ED1F5005F27F1 /* FiraMono-Bold.ttf */ = {isa = PBXFileReference; lastKnownFileType = file; path = "FiraMono-Bold.ttf"; sourceTree = "<group>"; };
		54E971721B6ED1F5005F27F1 /* FiraMono-Medium.ttf */ = {isa = PBXFileReference; lastKnownFileType = file; path = "FiraMono-Medium.ttf"; sourceTree = "<group>"; };
		54E971731B6ED1F5005F27F1 /* FiraMono-Regular.ttf */ = {isa = PBXFileReference; lastKnownFileType = file; path = "FiraMono-Regular.ttf"; sourceTree = "<group>"; };
		54E971741B6ED1F5005F27F1 /* FiraSans-Bold.ttf */ = {isa = PBXFileReference; lastKnownFileType = file; path = "FiraSans-Bold.ttf"; sourceTree = "<group>"; };
		54E971751B6ED1F5005F27F1 /* FiraSans-BoldItalic.ttf */ = {isa = PBXFileReference; lastKnownFileType = file; path = "FiraSans-BoldItalic.ttf"; sourceTree = "<group>"; };
		54E971761B6ED1F5005F27F1 /* FiraSans-Book.ttf */ = {isa = PBXFileReference; lastKnownFileType = file; path = "FiraSans-Book.ttf"; sourceTree = "<group>"; };
		54E971771B6ED1F5005F27F1 /* FiraSans-BookItalic.ttf */ = {isa = PBXFileReference; lastKnownFileType = file; path = "FiraSans-BookItalic.ttf"; sourceTree = "<group>"; };
		54E971781B6ED1F5005F27F1 /* FiraSans-Eight.ttf */ = {isa = PBXFileReference; lastKnownFileType = file; path = "FiraSans-Eight.ttf"; sourceTree = "<group>"; };
		54E971791B6ED1F5005F27F1 /* FiraSans-EightItalic.ttf */ = {isa = PBXFileReference; lastKnownFileType = file; path = "FiraSans-EightItalic.ttf"; sourceTree = "<group>"; };
		54E9717A1B6ED1F5005F27F1 /* FiraSans-ExtraBold.ttf */ = {isa = PBXFileReference; lastKnownFileType = file; path = "FiraSans-ExtraBold.ttf"; sourceTree = "<group>"; };
		54E9717B1B6ED1F5005F27F1 /* FiraSans-ExtraBoldItalic.ttf */ = {isa = PBXFileReference; lastKnownFileType = file; path = "FiraSans-ExtraBoldItalic.ttf"; sourceTree = "<group>"; };
		54E9717C1B6ED1F5005F27F1 /* FiraSans-ExtraLight.ttf */ = {isa = PBXFileReference; lastKnownFileType = file; path = "FiraSans-ExtraLight.ttf"; sourceTree = "<group>"; };
		54E9717D1B6ED1F5005F27F1 /* FiraSans-ExtraLightItalic.ttf */ = {isa = PBXFileReference; lastKnownFileType = file; path = "FiraSans-ExtraLightItalic.ttf"; sourceTree = "<group>"; };
		54E9717E1B6ED1F5005F27F1 /* FiraSans-Four.ttf */ = {isa = PBXFileReference; lastKnownFileType = file; path = "FiraSans-Four.ttf"; sourceTree = "<group>"; };
		54E9717F1B6ED1F5005F27F1 /* FiraSans-FourItalic.ttf */ = {isa = PBXFileReference; lastKnownFileType = file; path = "FiraSans-FourItalic.ttf"; sourceTree = "<group>"; };
		54E971801B6ED1F5005F27F1 /* FiraSans-Hair.ttf */ = {isa = PBXFileReference; lastKnownFileType = file; path = "FiraSans-Hair.ttf"; sourceTree = "<group>"; };
		54E971811B6ED1F5005F27F1 /* FiraSans-HairItalic.ttf */ = {isa = PBXFileReference; lastKnownFileType = file; path = "FiraSans-HairItalic.ttf"; sourceTree = "<group>"; };
		54E971821B6ED1F5005F27F1 /* FiraSans-Heavy.ttf */ = {isa = PBXFileReference; lastKnownFileType = file; path = "FiraSans-Heavy.ttf"; sourceTree = "<group>"; };
		54E971831B6ED1F5005F27F1 /* FiraSans-HeavyItalic.ttf */ = {isa = PBXFileReference; lastKnownFileType = file; path = "FiraSans-HeavyItalic.ttf"; sourceTree = "<group>"; };
		54E971841B6ED1F5005F27F1 /* FiraSans-Italic.ttf */ = {isa = PBXFileReference; lastKnownFileType = file; path = "FiraSans-Italic.ttf"; sourceTree = "<group>"; };
		54E971851B6ED1F5005F27F1 /* FiraSans-Light.ttf */ = {isa = PBXFileReference; lastKnownFileType = file; path = "FiraSans-Light.ttf"; sourceTree = "<group>"; };
		54E971861B6ED1F5005F27F1 /* FiraSans-LightItalic.ttf */ = {isa = PBXFileReference; lastKnownFileType = file; path = "FiraSans-LightItalic.ttf"; sourceTree = "<group>"; };
		54E971871B6ED1F5005F27F1 /* FiraSans-Medium.ttf */ = {isa = PBXFileReference; lastKnownFileType = file; path = "FiraSans-Medium.ttf"; sourceTree = "<group>"; };
		54E971881B6ED1F5005F27F1 /* FiraSans-MediumItalic.ttf */ = {isa = PBXFileReference; lastKnownFileType = file; path = "FiraSans-MediumItalic.ttf"; sourceTree = "<group>"; };
		54E971891B6ED1F5005F27F1 /* FiraSans-Regular.ttf */ = {isa = PBXFileReference; lastKnownFileType = file; path = "FiraSans-Regular.ttf"; sourceTree = "<group>"; };
		54E9718A1B6ED1F5005F27F1 /* FiraSans-SemiBold.ttf */ = {isa = PBXFileReference; lastKnownFileType = file; path = "FiraSans-SemiBold.ttf"; sourceTree = "<group>"; };
		54E9718B1B6ED1F5005F27F1 /* FiraSans-SemiBoldItalic.ttf */ = {isa = PBXFileReference; lastKnownFileType = file; path = "FiraSans-SemiBoldItalic.ttf"; sourceTree = "<group>"; };
		54E9718C1B6ED1F5005F27F1 /* FiraSans-Thin.ttf */ = {isa = PBXFileReference; lastKnownFileType = file; path = "FiraSans-Thin.ttf"; sourceTree = "<group>"; };
		54E9718D1B6ED1F5005F27F1 /* FiraSans-ThinItalic.ttf */ = {isa = PBXFileReference; lastKnownFileType = file; path = "FiraSans-ThinItalic.ttf"; sourceTree = "<group>"; };
		54E9718E1B6ED1F5005F27F1 /* FiraSans-Two.ttf */ = {isa = PBXFileReference; lastKnownFileType = file; path = "FiraSans-Two.ttf"; sourceTree = "<group>"; };
		54E9718F1B6ED1F5005F27F1 /* FiraSans-TwoItalic.ttf */ = {isa = PBXFileReference; lastKnownFileType = file; path = "FiraSans-TwoItalic.ttf"; sourceTree = "<group>"; };
		54E971901B6ED1F5005F27F1 /* FiraSans-Ultra.ttf */ = {isa = PBXFileReference; lastKnownFileType = file; path = "FiraSans-Ultra.ttf"; sourceTree = "<group>"; };
		54E971911B6ED1F5005F27F1 /* FiraSans-UltraItalic.ttf */ = {isa = PBXFileReference; lastKnownFileType = file; path = "FiraSans-UltraItalic.ttf"; sourceTree = "<group>"; };
		54E971921B6ED1F5005F27F1 /* FiraSans-UltraLight.ttf */ = {isa = PBXFileReference; lastKnownFileType = file; path = "FiraSans-UltraLight.ttf"; sourceTree = "<group>"; };
		54E971931B6ED1F5005F27F1 /* FiraSans-UltraLightItalic.ttf */ = {isa = PBXFileReference; lastKnownFileType = file; path = "FiraSans-UltraLightItalic.ttf"; sourceTree = "<group>"; };
		54EEA4741C1F616A00AF6C71 /* FollowersTVC.swift */ = {isa = PBXFileReference; fileEncoding = 4; lastKnownFileType = sourcecode.swift; path = FollowersTVC.swift; sourceTree = "<group>"; };
		54F0896B1C20A05100089687 /* FollowingTVC.swift */ = {isa = PBXFileReference; fileEncoding = 4; lastKnownFileType = sourcecode.swift; path = FollowingTVC.swift; sourceTree = "<group>"; };
		823CC0081B46291700F633F8 /* PostAnnotation.swift */ = {isa = PBXFileReference; fileEncoding = 4; lastKnownFileType = sourcecode.swift; path = PostAnnotation.swift; sourceTree = "<group>"; };
		823CC00C1B4629C000F633F8 /* MapView.swift */ = {isa = PBXFileReference; fileEncoding = 4; lastKnownFileType = sourcecode.swift; path = MapView.swift; sourceTree = "<group>"; };
		8256CAFD1B40FD730002708C /* ContactViewController.swift */ = {isa = PBXFileReference; fileEncoding = 4; lastKnownFileType = sourcecode.swift; path = ContactViewController.swift; sourceTree = "<group>"; };
		8283BE121B0143AF0085F9A6 /* mplango.app */ = {isa = PBXFileReference; explicitFileType = wrapper.application; includeInIndex = 0; path = mplango.app; sourceTree = BUILT_PRODUCTS_DIR; };
		8283BE161B0143AF0085F9A6 /* Info.plist */ = {isa = PBXFileReference; lastKnownFileType = text.plist.xml; path = Info.plist; sourceTree = "<group>"; };
		8283BE171B0143AF0085F9A6 /* AppDelegate.swift */ = {isa = PBXFileReference; lastKnownFileType = sourcecode.swift; path = AppDelegate.swift; sourceTree = "<group>"; };
		8283BE1A1B0143AF0085F9A6 /* mplango.xcdatamodel */ = {isa = PBXFileReference; lastKnownFileType = wrapper.xcdatamodel; path = mplango.xcdatamodel; sourceTree = "<group>"; };
		8283BE1C1B0143AF0085F9A6 /* AccountViewController.swift */ = {isa = PBXFileReference; lastKnownFileType = sourcecode.swift; path = AccountViewController.swift; sourceTree = "<group>"; };
		8283BE211B0143AF0085F9A6 /* Images.xcassets */ = {isa = PBXFileReference; lastKnownFileType = folder.assetcatalog; path = Images.xcassets; sourceTree = "<group>"; };
		8283BE241B0143AF0085F9A6 /* Base */ = {isa = PBXFileReference; lastKnownFileType = file.xib; name = Base; path = Base.lproj/LaunchScreen.xib; sourceTree = "<group>"; };
		8283BE2A1B0143AF0085F9A6 /* mplangoTests.xctest */ = {isa = PBXFileReference; explicitFileType = wrapper.cfbundle; includeInIndex = 0; path = mplangoTests.xctest; sourceTree = BUILT_PRODUCTS_DIR; };
		8283BE2F1B0143AF0085F9A6 /* Info.plist */ = {isa = PBXFileReference; lastKnownFileType = text.plist.xml; path = Info.plist; sourceTree = "<group>"; };
		8283BE301B0143AF0085F9A6 /* mplangoTests.swift */ = {isa = PBXFileReference; lastKnownFileType = sourcecode.swift; path = mplangoTests.swift; sourceTree = "<group>"; };
		8283BE3C1B0162F00085F9A6 /* User.swift */ = {isa = PBXFileReference; fileEncoding = 4; lastKnownFileType = sourcecode.swift; path = User.swift; sourceTree = "<group>"; };
		8283BE421B0233440085F9A6 /* LoginViewController.swift */ = {isa = PBXFileReference; fileEncoding = 4; lastKnownFileType = sourcecode.swift; path = LoginViewController.swift; sourceTree = "<group>"; };
		8283BE441B02364E0085F9A6 /* ForgotPassViewController.swift */ = {isa = PBXFileReference; fileEncoding = 4; lastKnownFileType = sourcecode.swift; path = ForgotPassViewController.swift; sourceTree = "<group>"; };
		8283BE461B0236880085F9A6 /* MapViewController.swift */ = {isa = PBXFileReference; fileEncoding = 4; lastKnownFileType = sourcecode.swift; path = MapViewController.swift; sourceTree = "<group>"; };
		82842E431B61EA7900E7C860 /* InitialViewController.swift */ = {isa = PBXFileReference; fileEncoding = 4; lastKnownFileType = sourcecode.swift; path = InitialViewController.swift; sourceTree = "<group>"; };
		82D73C9B1B8139DB00DFEAB0 /* Post.swift */ = {isa = PBXFileReference; fileEncoding = 4; lastKnownFileType = sourcecode.swift; path = Post.swift; sourceTree = "<group>"; };
		82D73CA11B81718B00DFEAB0 /* CategoryViewController.swift */ = {isa = PBXFileReference; fileEncoding = 4; lastKnownFileType = sourcecode.swift; path = CategoryViewController.swift; sourceTree = "<group>"; };
		82D73CA41B81720E00DFEAB0 /* PostViewController.swift */ = {isa = PBXFileReference; fileEncoding = 4; lastKnownFileType = sourcecode.swift; path = PostViewController.swift; sourceTree = "<group>"; };
		82D73CA71B82419700DFEAB0 /* AVFoundation.framework */ = {isa = PBXFileReference; lastKnownFileType = wrapper.framework; name = AVFoundation.framework; path = System/Library/Frameworks/AVFoundation.framework; sourceTree = SDKROOT; };
		82D73CA91B82479400DFEAB0 /* RecordedAudio.swift */ = {isa = PBXFileReference; fileEncoding = 4; lastKnownFileType = sourcecode.swift; path = RecordedAudio.swift; sourceTree = "<group>"; };
/* End PBXFileReference section */

/* Begin PBXFrameworksBuildPhase section */
		8283BE0F1B0143AF0085F9A6 /* Frameworks */ = {
			isa = PBXFrameworksBuildPhase;
			buildActionMask = 2147483647;
			files = (
				157971181CDE395C00C512F6 /* AlamofireSwiftyJSON.framework in Frameworks */,
				1536E2F01C6ECD0800471E86 /* SwiftyJSON.framework in Frameworks */,
				82D73CA81B82419700DFEAB0 /* AVFoundation.framework in Frameworks */,
				1536E2AC1C6E805700471E86 /* Alamofire.framework in Frameworks */,
				157971191CDE396500C512F6 /* AlamofireSwiftyJSON.framework in Frameworks */,
			);
			runOnlyForDeploymentPostprocessing = 0;
		};
		8283BE271B0143AF0085F9A6 /* Frameworks */ = {
			isa = PBXFrameworksBuildPhase;
			buildActionMask = 2147483647;
			files = (
			);
			runOnlyForDeploymentPostprocessing = 0;
		};
/* End PBXFrameworksBuildPhase section */

/* Begin PBXGroup section */
		1536E2951C6E802000471E86 /* Products */ = {
			isa = PBXGroup;
			children = (
				1536E29F1C6E802100471E86 /* Alamofire.framework */,
				1536E2A11C6E802100471E86 /* Alamofire iOS Tests.xctest */,
				1536E2A31C6E802100471E86 /* Alamofire.framework */,
				1536E2A51C6E802100471E86 /* Alamofire OSX Tests.xctest */,
				1536E2A71C6E802100471E86 /* Alamofire.framework */,
				1536E2A91C6E802100471E86 /* Alamofire tvOS Tests.xctest */,
				1536E2AB1C6E802100471E86 /* Alamofire.framework */,
			);
			name = Products;
			sourceTree = "<group>";
		};
		1536E2D91C6ECCF500471E86 /* Products */ = {
			isa = PBXGroup;
			children = (
				1536E2E31C6ECCF600471E86 /* SwiftyJSON.framework */,
				1536E2E51C6ECCF600471E86 /* SwiftyJSON iOS Tests.xctest */,
				1536E2E71C6ECCF600471E86 /* SwiftyJSON.framework */,
				1536E2E91C6ECCF600471E86 /* SwiftyJSON OSX Tests.xctest */,
				1536E2EB1C6ECCF600471E86 /* SwiftyJSON.framework */,
				1536E2ED1C6ECCF600471E86 /* SwiftyJSON.framework */,
				1536E2EF1C6ECCF600471E86 /* SwiftyJSON tvOS Tests.xctest */,
			);
			name = Products;
			sourceTree = "<group>";
		};
		1579710E1CDE394000C512F6 /* Products */ = {
			isa = PBXGroup;
			children = (
				157971151CDE394000C512F6 /* AlamofireSwiftyJSON.framework */,
				157971171CDE394000C512F6 /* AlamofireSwiftyJSONTests.xctest */,
			);
			name = Products;
			sourceTree = "<group>";
		};
		159C11B51BF589DF0018EBE1 /* Service */ = {
			isa = PBXGroup;
			children = (
				159C11B21BF589D70018EBE1 /* RestApiManager.swift */,
			);
			name = Service;
			sourceTree = "<group>";
		};
		15FE53AC1CA6F67F002A28CC /* Cluster */ = {
			isa = PBXGroup;
			children = (
				15FE53BA1CA6F6B0002A28CC /* FBAnnotation.swift */,
				15FE53BB1CA6F6B0002A28CC /* FBAnnotationCluster.swift */,
				15FE53BC1CA6F6B0002A28CC /* FBAnnotationClusterView.swift */,
				15FE53BD1CA6F6B0002A28CC /* FBBoundingBox.swift */,
				15FE53BE1CA6F6B0002A28CC /* FBClusteringManager.swift */,
				15FE53BF1CA6F6B0002A28CC /* FBQuadTree.swift */,
				15FE53C01CA6F6B0002A28CC /* FBQuadTreeNode.swift */,
			);
			name = Cluster;
			sourceTree = "<group>";
		};
		542BABD21C62B131000D618D /* Utils */ = {
			isa = PBXGroup;
			children = (
				159C11B61BF58B1C0018EBE1 /* EndpointUtils.swift */,
				54C3621A1CDBCDDC00396754 /* fixedOrientation.swift */,
				1513D99A1C4D163600D1729C /* ImageUtils.swift */,
				1536E2F91C6F711900471E86 /* ActivityIndicator.swift */,
				1536E30A1C6FBE0F00471E86 /* CountryUtils.swift */,
				157970FE1CDD7E2D00C512F6 /* UrlRequestUtils.swift */,
			);
			name = Utils;
			sourceTree = "<group>";
		};
		543A48761BDD422E008E9D71 /* Tutorial screens */ = {
			isa = PBXGroup;
			children = (
				543A48721BDD4226008E9D71 /* tuto1VC.swift */,
			);
			name = "Tutorial screens";
			path = ..;
			sourceTree = "<group>";
		};
		54A32FF31B8A76D100623A61 /* Testes */ = {
			isa = PBXGroup;
			children = (
				54C26FDE1C0FA08B002B5B5D /* TestsVC.swift */,
			);
			name = Testes;
			sourceTree = "<group>";
		};
		8283BE091B0143AF0085F9A6 = {
			isa = PBXGroup;
			children = (
				1579710D1CDE394000C512F6 /* Alamofire-SwiftyJSON.xcodeproj */,
				1536E2D81C6ECCF500471E86 /* SwiftyJSON.xcodeproj */,
				1536E2941C6E802000471E86 /* Alamofire.xcodeproj */,
				82D73CA71B82419700DFEAB0 /* AVFoundation.framework */,
				8283BE141B0143AF0085F9A6 /* mplango */,
				8283BE2D1B0143AF0085F9A6 /* mplangoTests */,
				8283BE131B0143AF0085F9A6 /* Products */,
			);
			sourceTree = "<group>";
		};
		8283BE131B0143AF0085F9A6 /* Products */ = {
			isa = PBXGroup;
			children = (
				8283BE121B0143AF0085F9A6 /* mplango.app */,
				8283BE2A1B0143AF0085F9A6 /* mplangoTests.xctest */,
			);
			name = Products;
			sourceTree = "<group>";
		};
		8283BE141B0143AF0085F9A6 /* mplango */ = {
			isa = PBXGroup;
			children = (
				542BABD21C62B131000D618D /* Utils */,
				5415F8311C1F22DE0036D4E0 /* mplango.entitlements */,
				159C11B51BF589DF0018EBE1 /* Service */,
				8283BE171B0143AF0085F9A6 /* AppDelegate.swift */,
				542DEE3F1B8A178800A09A00 /* TabBarController.swift */,
				828C717D1B83C3E8009FE9B5 /* Entity */,
				828C717E1B83C409009FE9B5 /* Model */,
				828C717F1B83C424009FE9B5 /* Controller */,
				543A48761BDD422E008E9D71 /* Tutorial screens */,
				8283BE211B0143AF0085F9A6 /* Images.xcassets */,
				544F17931CE25B8000B45683 /* Main.storyboard */,
				8283BE231B0143AF0085F9A6 /* LaunchScreen.xib */,
				8283BE191B0143AF0085F9A6 /* mplango.xcdatamodeld */,
				8283BE151B0143AF0085F9A6 /* Supporting Files */,
			);
			path = mplango;
			sourceTree = "<group>";
		};
		8283BE151B0143AF0085F9A6 /* Supporting Files */ = {
			isa = PBXGroup;
			children = (
				54E971711B6ED1F5005F27F1 /* FiraMono-Bold.ttf */,
				54E971721B6ED1F5005F27F1 /* FiraMono-Medium.ttf */,
				54E971731B6ED1F5005F27F1 /* FiraMono-Regular.ttf */,
				54E971741B6ED1F5005F27F1 /* FiraSans-Bold.ttf */,
				54E971751B6ED1F5005F27F1 /* FiraSans-BoldItalic.ttf */,
				54E971761B6ED1F5005F27F1 /* FiraSans-Book.ttf */,
				54E971771B6ED1F5005F27F1 /* FiraSans-BookItalic.ttf */,
				54E971781B6ED1F5005F27F1 /* FiraSans-Eight.ttf */,
				54E971791B6ED1F5005F27F1 /* FiraSans-EightItalic.ttf */,
				54E9717A1B6ED1F5005F27F1 /* FiraSans-ExtraBold.ttf */,
				54E9717B1B6ED1F5005F27F1 /* FiraSans-ExtraBoldItalic.ttf */,
				54E9717C1B6ED1F5005F27F1 /* FiraSans-ExtraLight.ttf */,
				54E9717D1B6ED1F5005F27F1 /* FiraSans-ExtraLightItalic.ttf */,
				54E9717E1B6ED1F5005F27F1 /* FiraSans-Four.ttf */,
				54E9717F1B6ED1F5005F27F1 /* FiraSans-FourItalic.ttf */,
				54E971801B6ED1F5005F27F1 /* FiraSans-Hair.ttf */,
				54E971811B6ED1F5005F27F1 /* FiraSans-HairItalic.ttf */,
				54E971821B6ED1F5005F27F1 /* FiraSans-Heavy.ttf */,
				54E971831B6ED1F5005F27F1 /* FiraSans-HeavyItalic.ttf */,
				54E971841B6ED1F5005F27F1 /* FiraSans-Italic.ttf */,
				54E971851B6ED1F5005F27F1 /* FiraSans-Light.ttf */,
				54E971861B6ED1F5005F27F1 /* FiraSans-LightItalic.ttf */,
				54E971871B6ED1F5005F27F1 /* FiraSans-Medium.ttf */,
				54E971881B6ED1F5005F27F1 /* FiraSans-MediumItalic.ttf */,
				54E971891B6ED1F5005F27F1 /* FiraSans-Regular.ttf */,
				54E9718A1B6ED1F5005F27F1 /* FiraSans-SemiBold.ttf */,
				54E9718B1B6ED1F5005F27F1 /* FiraSans-SemiBoldItalic.ttf */,
				54E9718C1B6ED1F5005F27F1 /* FiraSans-Thin.ttf */,
				54E9718D1B6ED1F5005F27F1 /* FiraSans-ThinItalic.ttf */,
				54E9718E1B6ED1F5005F27F1 /* FiraSans-Two.ttf */,
				54E9718F1B6ED1F5005F27F1 /* FiraSans-TwoItalic.ttf */,
				54E971901B6ED1F5005F27F1 /* FiraSans-Ultra.ttf */,
				54E971911B6ED1F5005F27F1 /* FiraSans-UltraItalic.ttf */,
				54E971921B6ED1F5005F27F1 /* FiraSans-UltraLight.ttf */,
				54E971931B6ED1F5005F27F1 /* FiraSans-UltraLightItalic.ttf */,
				8283BE161B0143AF0085F9A6 /* Info.plist */,
			);
			name = "Supporting Files";
			sourceTree = "<group>";
		};
		8283BE2D1B0143AF0085F9A6 /* mplangoTests */ = {
			isa = PBXGroup;
			children = (
				8283BE301B0143AF0085F9A6 /* mplangoTests.swift */,
				8283BE2E1B0143AF0085F9A6 /* Supporting Files */,
			);
			path = mplangoTests;
			sourceTree = "<group>";
		};
		8283BE2E1B0143AF0085F9A6 /* Supporting Files */ = {
			isa = PBXGroup;
			children = (
				8283BE2F1B0143AF0085F9A6 /* Info.plist */,
			);
			name = "Supporting Files";
			sourceTree = "<group>";
		};
		828C717D1B83C3E8009FE9B5 /* Entity */ = {
			isa = PBXGroup;
			children = (
				8283BE3C1B0162F00085F9A6 /* User.swift */,
				82D73C9B1B8139DB00DFEAB0 /* Post.swift */,
				54241A101B7E35040074D350 /* Carnet.swift */,
				159C11AD1BF5768A0018EBE1 /* RUser.swift */,
				153C20EC1CEA71B700C3FB8F /* Comment.swift */,
			);
			name = Entity;
			sourceTree = "<group>";
		};
		828C717E1B83C409009FE9B5 /* Model */ = {
			isa = PBXGroup;
			children = (
				82D73CA91B82479400DFEAB0 /* RecordedAudio.swift */,
				823CC0081B46291700F633F8 /* PostAnnotation.swift */,
			);
			name = Model;
			sourceTree = "<group>";
		};
		828C717F1B83C424009FE9B5 /* Controller */ = {
			isa = PBXGroup;
			children = (
				828C71831B83C573009FE9B5 /* User */,
				828C71811B83C526009FE9B5 /* Carnet */,
				828C71841B83C582009FE9B5 /* Post */,
				82842E431B61EA7900E7C860 /* InitialViewController.swift */,
				54A32FF31B8A76D100623A61 /* Testes */,
				828C71821B83C54C009FE9B5 /* Map */,
			);
			name = Controller;
			sourceTree = "<group>";
		};
		828C71811B83C526009FE9B5 /* Carnet */ = {
			isa = PBXGroup;
			children = (
				54D750611B763F7200A78824 /* CarnetTVC.swift */,
				5484F8441CC6C59C002EFB41 /* CarnetTableViewCell.swift */,
				542B4B031B73A06F0099349E /* CarnetAddVC.swift */,
				542B4B0F1B73F4100099349E /* CarnetViewController.swift */,
			);
			name = Carnet;
			sourceTree = "<group>";
		};
		828C71821B83C54C009FE9B5 /* Map */ = {
			isa = PBXGroup;
			children = (
				15FE53AC1CA6F67F002A28CC /* Cluster */,
				8283BE461B0236880085F9A6 /* MapViewController.swift */,
				823CC00C1B4629C000F633F8 /* MapView.swift */,
			);
			name = Map;
			sourceTree = "<group>";
		};
		828C71831B83C573009FE9B5 /* User */ = {
			isa = PBXGroup;
			children = (
				8283BE1C1B0143AF0085F9A6 /* AccountViewController.swift */,
				8283BE421B0233440085F9A6 /* LoginViewController.swift */,
				8283BE441B02364E0085F9A6 /* ForgotPassViewController.swift */,
				541546141B7D1548008E182C /* ProfileVC.swift */,
				5470F0A01B8DE6EA00E3BA64 /* ProfileGameVC.swift */,
				8256CAFD1B40FD730002708C /* ContactViewController.swift */,
				540B2C321CD27B10005ED5D6 /* ContactCell.swift */,
				54EEA4741C1F616A00AF6C71 /* FollowersTVC.swift */,
				54F0896B1C20A05100089687 /* FollowingTVC.swift */,
				544F17AE1CE2627F00B45683 /* EditProfile.swift */,
				544F17951CE260C400B45683 /* ChangeEmail.swift */,
				54B4A7F01BEB9DF100199613 /* ChangePasswrd.swift */,
				5448EB001C1B71DB004D771A /* helpSettingsVC.swift */,
				54B4A7EB1BEB8E2400199613 /* Settings.swift */,
			);
			name = User;
			sourceTree = "<group>";
		};
		828C71841B83C582009FE9B5 /* Post */ = {
			isa = PBXGroup;
			children = (
				540A4A401C11EF5A00C166D8 /* PostDetailViewController.swift */,
				82D73CA41B81720E00DFEAB0 /* PostViewController.swift */,
				54D02AB61BD949F900B62860 /* UITextViewExt.swift */,
				54D02AB91BD94C0700B62860 /* RewardViewController.swift */,
				82D73CA11B81718B00DFEAB0 /* CategoryViewController.swift */,
				546042141C19B4E300A6A2C4 /* CommentsVC.swift */,
				546042101C19A62800A6A2C4 /* CommentCell.swift */,
			);
			name = Post;
			sourceTree = "<group>";
		};
/* End PBXGroup section */

/* Begin PBXNativeTarget section */
		8283BE111B0143AF0085F9A6 /* mplango */ = {
			isa = PBXNativeTarget;
			buildConfigurationList = 8283BE341B0143AF0085F9A6 /* Build configuration list for PBXNativeTarget "mplango" */;
			buildPhases = (
				8283BE0E1B0143AF0085F9A6 /* Sources */,
				8283BE0F1B0143AF0085F9A6 /* Frameworks */,
				8283BE101B0143AF0085F9A6 /* Resources */,
				54D3F5C31C6383FD003BDE76 /* Embed Frameworks */,
			);
			buildRules = (
			);
			dependencies = (
				1536E2AF1C6E805700471E86 /* PBXTargetDependency */,
				1536E2F31C6ECD0800471E86 /* PBXTargetDependency */,
				1579711C1CDE396500C512F6 /* PBXTargetDependency */,
			);
			name = mplango;
			productName = mplango;
			productReference = 8283BE121B0143AF0085F9A6 /* mplango.app */;
			productType = "com.apple.product-type.application";
		};
		8283BE291B0143AF0085F9A6 /* mplangoTests */ = {
			isa = PBXNativeTarget;
			buildConfigurationList = 8283BE371B0143AF0085F9A6 /* Build configuration list for PBXNativeTarget "mplangoTests" */;
			buildPhases = (
				8283BE261B0143AF0085F9A6 /* Sources */,
				8283BE271B0143AF0085F9A6 /* Frameworks */,
				8283BE281B0143AF0085F9A6 /* Resources */,
			);
			buildRules = (
			);
			dependencies = (
				8283BE2C1B0143AF0085F9A6 /* PBXTargetDependency */,
			);
			name = mplangoTests;
			productName = mplangoTests;
			productReference = 8283BE2A1B0143AF0085F9A6 /* mplangoTests.xctest */;
			productType = "com.apple.product-type.bundle.unit-test";
		};
/* End PBXNativeTarget section */

/* Begin PBXProject section */
		8283BE0A1B0143AF0085F9A6 /* Project object */ = {
			isa = PBXProject;
			attributes = {
				LastSwiftMigration = 0720;
				LastSwiftUpdateCheck = 0700;
				LastUpgradeCheck = 0700;
				ORGANIZATIONNAME = unb.br;
				TargetAttributes = {
					8283BE111B0143AF0085F9A6 = {
						CreatedOnToolsVersion = 6.3;
						DevelopmentTeam = 2B3UEHLLJ3;
						SystemCapabilities = {
							com.apple.BackgroundModes = {
								enabled = 1;
							};
							com.apple.DataProtection = {
								enabled = 0;
							};
							com.apple.HealthKit = {
								enabled = 0;
							};
							com.apple.HomeKit = {
								enabled = 0;
							};
							com.apple.InterAppAudio = {
								enabled = 0;
							};
							com.apple.Keychain = {
								enabled = 0;
							};
							com.apple.Maps.iOS = {
								enabled = 0;
							};
							com.apple.WAC = {
								enabled = 0;
							};
						};
					};
					8283BE291B0143AF0085F9A6 = {
						CreatedOnToolsVersion = 6.3;
						TestTargetID = 8283BE111B0143AF0085F9A6;
					};
				};
			};
			buildConfigurationList = 8283BE0D1B0143AF0085F9A6 /* Build configuration list for PBXProject "mplango" */;
			compatibilityVersion = "Xcode 3.2";
			developmentRegion = English;
			hasScannedForEncodings = 0;
			knownRegions = (
				en,
				Base,
			);
			mainGroup = 8283BE091B0143AF0085F9A6;
			productRefGroup = 8283BE131B0143AF0085F9A6 /* Products */;
			projectDirPath = "";
			projectReferences = (
				{
					ProductGroup = 1579710E1CDE394000C512F6 /* Products */;
					ProjectRef = 1579710D1CDE394000C512F6 /* Alamofire-SwiftyJSON.xcodeproj */;
				},
				{
					ProductGroup = 1536E2951C6E802000471E86 /* Products */;
					ProjectRef = 1536E2941C6E802000471E86 /* Alamofire.xcodeproj */;
				},
				{
					ProductGroup = 1536E2D91C6ECCF500471E86 /* Products */;
					ProjectRef = 1536E2D81C6ECCF500471E86 /* SwiftyJSON.xcodeproj */;
				},
			);
			projectRoot = "";
			targets = (
				8283BE111B0143AF0085F9A6 /* mplango */,
				8283BE291B0143AF0085F9A6 /* mplangoTests */,
			);
		};
/* End PBXProject section */

/* Begin PBXReferenceProxy section */
		1536E29F1C6E802100471E86 /* Alamofire.framework */ = {
			isa = PBXReferenceProxy;
			fileType = wrapper.framework;
			path = Alamofire.framework;
			remoteRef = 1536E29E1C6E802100471E86 /* PBXContainerItemProxy */;
			sourceTree = BUILT_PRODUCTS_DIR;
		};
		1536E2A11C6E802100471E86 /* Alamofire iOS Tests.xctest */ = {
			isa = PBXReferenceProxy;
			fileType = wrapper.cfbundle;
			path = "Alamofire iOS Tests.xctest";
			remoteRef = 1536E2A01C6E802100471E86 /* PBXContainerItemProxy */;
			sourceTree = BUILT_PRODUCTS_DIR;
		};
		1536E2A31C6E802100471E86 /* Alamofire.framework */ = {
			isa = PBXReferenceProxy;
			fileType = wrapper.framework;
			path = Alamofire.framework;
			remoteRef = 1536E2A21C6E802100471E86 /* PBXContainerItemProxy */;
			sourceTree = BUILT_PRODUCTS_DIR;
		};
		1536E2A51C6E802100471E86 /* Alamofire OSX Tests.xctest */ = {
			isa = PBXReferenceProxy;
			fileType = wrapper.cfbundle;
			path = "Alamofire OSX Tests.xctest";
			remoteRef = 1536E2A41C6E802100471E86 /* PBXContainerItemProxy */;
			sourceTree = BUILT_PRODUCTS_DIR;
		};
		1536E2A71C6E802100471E86 /* Alamofire.framework */ = {
			isa = PBXReferenceProxy;
			fileType = wrapper.framework;
			path = Alamofire.framework;
			remoteRef = 1536E2A61C6E802100471E86 /* PBXContainerItemProxy */;
			sourceTree = BUILT_PRODUCTS_DIR;
		};
		1536E2A91C6E802100471E86 /* Alamofire tvOS Tests.xctest */ = {
			isa = PBXReferenceProxy;
			fileType = wrapper.cfbundle;
			path = "Alamofire tvOS Tests.xctest";
			remoteRef = 1536E2A81C6E802100471E86 /* PBXContainerItemProxy */;
			sourceTree = BUILT_PRODUCTS_DIR;
		};
		1536E2AB1C6E802100471E86 /* Alamofire.framework */ = {
			isa = PBXReferenceProxy;
			fileType = wrapper.framework;
			path = Alamofire.framework;
			remoteRef = 1536E2AA1C6E802100471E86 /* PBXContainerItemProxy */;
			sourceTree = BUILT_PRODUCTS_DIR;
		};
		1536E2E31C6ECCF600471E86 /* SwiftyJSON.framework */ = {
			isa = PBXReferenceProxy;
			fileType = wrapper.framework;
			path = SwiftyJSON.framework;
			remoteRef = 1536E2E21C6ECCF600471E86 /* PBXContainerItemProxy */;
			sourceTree = BUILT_PRODUCTS_DIR;
		};
		1536E2E51C6ECCF600471E86 /* SwiftyJSON iOS Tests.xctest */ = {
			isa = PBXReferenceProxy;
			fileType = wrapper.cfbundle;
			path = "SwiftyJSON iOS Tests.xctest";
			remoteRef = 1536E2E41C6ECCF600471E86 /* PBXContainerItemProxy */;
			sourceTree = BUILT_PRODUCTS_DIR;
		};
		1536E2E71C6ECCF600471E86 /* SwiftyJSON.framework */ = {
			isa = PBXReferenceProxy;
			fileType = wrapper.framework;
			path = SwiftyJSON.framework;
			remoteRef = 1536E2E61C6ECCF600471E86 /* PBXContainerItemProxy */;
			sourceTree = BUILT_PRODUCTS_DIR;
		};
		1536E2E91C6ECCF600471E86 /* SwiftyJSON OSX Tests.xctest */ = {
			isa = PBXReferenceProxy;
			fileType = wrapper.cfbundle;
			path = "SwiftyJSON OSX Tests.xctest";
			remoteRef = 1536E2E81C6ECCF600471E86 /* PBXContainerItemProxy */;
			sourceTree = BUILT_PRODUCTS_DIR;
		};
		1536E2EB1C6ECCF600471E86 /* SwiftyJSON.framework */ = {
			isa = PBXReferenceProxy;
			fileType = wrapper.framework;
			path = SwiftyJSON.framework;
			remoteRef = 1536E2EA1C6ECCF600471E86 /* PBXContainerItemProxy */;
			sourceTree = BUILT_PRODUCTS_DIR;
		};
		1536E2ED1C6ECCF600471E86 /* SwiftyJSON.framework */ = {
			isa = PBXReferenceProxy;
			fileType = wrapper.framework;
			path = SwiftyJSON.framework;
			remoteRef = 1536E2EC1C6ECCF600471E86 /* PBXContainerItemProxy */;
			sourceTree = BUILT_PRODUCTS_DIR;
		};
		1536E2EF1C6ECCF600471E86 /* SwiftyJSON tvOS Tests.xctest */ = {
			isa = PBXReferenceProxy;
			fileType = wrapper.cfbundle;
			path = "SwiftyJSON tvOS Tests.xctest";
			remoteRef = 1536E2EE1C6ECCF600471E86 /* PBXContainerItemProxy */;
			sourceTree = BUILT_PRODUCTS_DIR;
		};
		157971151CDE394000C512F6 /* AlamofireSwiftyJSON.framework */ = {
			isa = PBXReferenceProxy;
			fileType = wrapper.framework;
			path = AlamofireSwiftyJSON.framework;
			remoteRef = 157971141CDE394000C512F6 /* PBXContainerItemProxy */;
			sourceTree = BUILT_PRODUCTS_DIR;
		};
		157971171CDE394000C512F6 /* AlamofireSwiftyJSONTests.xctest */ = {
			isa = PBXReferenceProxy;
			fileType = wrapper.cfbundle;
			path = AlamofireSwiftyJSONTests.xctest;
			remoteRef = 157971161CDE394000C512F6 /* PBXContainerItemProxy */;
			sourceTree = BUILT_PRODUCTS_DIR;
		};
/* End PBXReferenceProxy section */

/* Begin PBXResourcesBuildPhase section */
		8283BE101B0143AF0085F9A6 /* Resources */ = {
			isa = PBXResourcesBuildPhase;
			buildActionMask = 2147483647;
			files = (
				54E971941B6ED25B005F27F1 /* FiraMono-Bold.ttf in Resources */,
				54E971951B6ED25B005F27F1 /* FiraMono-Medium.ttf in Resources */,
				54E971961B6ED25B005F27F1 /* FiraMono-Regular.ttf in Resources */,
				54E971971B6ED25B005F27F1 /* FiraSans-Bold.ttf in Resources */,
				54E971981B6ED25B005F27F1 /* FiraSans-BoldItalic.ttf in Resources */,
				54E971991B6ED25B005F27F1 /* FiraSans-Book.ttf in Resources */,
				54E9719A1B6ED25B005F27F1 /* FiraSans-BookItalic.ttf in Resources */,
				54E9719B1B6ED25B005F27F1 /* FiraSans-Eight.ttf in Resources */,
				54E9719C1B6ED25B005F27F1 /* FiraSans-EightItalic.ttf in Resources */,
				54E9719D1B6ED25B005F27F1 /* FiraSans-ExtraBold.ttf in Resources */,
				54E9719E1B6ED25B005F27F1 /* FiraSans-ExtraBoldItalic.ttf in Resources */,
				54E9719F1B6ED25B005F27F1 /* FiraSans-ExtraLight.ttf in Resources */,
				54E971A01B6ED25B005F27F1 /* FiraSans-ExtraLightItalic.ttf in Resources */,
				54E971A11B6ED25B005F27F1 /* FiraSans-Four.ttf in Resources */,
				54E971A21B6ED25B005F27F1 /* FiraSans-FourItalic.ttf in Resources */,
				54E971A31B6ED25B005F27F1 /* FiraSans-Hair.ttf in Resources */,
				54E971A41B6ED25B005F27F1 /* FiraSans-HairItalic.ttf in Resources */,
				54E971A51B6ED25B005F27F1 /* FiraSans-Heavy.ttf in Resources */,
				54E971A61B6ED25B005F27F1 /* FiraSans-HeavyItalic.ttf in Resources */,
				54E971A71B6ED25B005F27F1 /* FiraSans-Italic.ttf in Resources */,
				54E971A81B6ED25B005F27F1 /* FiraSans-Light.ttf in Resources */,
				54E971A91B6ED25B005F27F1 /* FiraSans-LightItalic.ttf in Resources */,
				54E971AA1B6ED25B005F27F1 /* FiraSans-Medium.ttf in Resources */,
				54E971AB1B6ED25B005F27F1 /* FiraSans-MediumItalic.ttf in Resources */,
				54E971AC1B6ED25B005F27F1 /* FiraSans-Regular.ttf in Resources */,
				54E971AD1B6ED25B005F27F1 /* FiraSans-SemiBold.ttf in Resources */,
				54E971AE1B6ED25B005F27F1 /* FiraSans-SemiBoldItalic.ttf in Resources */,
				54E971AF1B6ED25B005F27F1 /* FiraSans-Thin.ttf in Resources */,
				54E971B01B6ED25B005F27F1 /* FiraSans-ThinItalic.ttf in Resources */,
				54E971B11B6ED25B005F27F1 /* FiraSans-Two.ttf in Resources */,
				54E971B21B6ED25B005F27F1 /* FiraSans-TwoItalic.ttf in Resources */,
				54E971B31B6ED25B005F27F1 /* FiraSans-Ultra.ttf in Resources */,
				544F17941CE25B8000B45683 /* Main.storyboard in Resources */,
				54E971B41B6ED25B005F27F1 /* FiraSans-UltraItalic.ttf in Resources */,
				54E971B51B6ED25B005F27F1 /* FiraSans-UltraLight.ttf in Resources */,
				54E971B61B6ED25B005F27F1 /* FiraSans-UltraLightItalic.ttf in Resources */,
				8283BE251B0143AF0085F9A6 /* LaunchScreen.xib in Resources */,
				8283BE221B0143AF0085F9A6 /* Images.xcassets in Resources */,
			);
			runOnlyForDeploymentPostprocessing = 0;
		};
		8283BE281B0143AF0085F9A6 /* Resources */ = {
			isa = PBXResourcesBuildPhase;
			buildActionMask = 2147483647;
			files = (
			);
			runOnlyForDeploymentPostprocessing = 0;
		};
/* End PBXResourcesBuildPhase section */

/* Begin PBXSourcesBuildPhase section */
		8283BE0E1B0143AF0085F9A6 /* Sources */ = {
			isa = PBXSourcesBuildPhase;
			buildActionMask = 2147483647;
			files = (
				15FE53C31CA6F6B0002A28CC /* FBAnnotationClusterView.swift in Sources */,
				54C3621B1CDBCDDC00396754 /* fixedOrientation.swift in Sources */,
				82D73CAA1B82479400DFEAB0 /* RecordedAudio.swift in Sources */,
				54241A111B7E35040074D350 /* Carnet.swift in Sources */,
				823CC00D1B4629C000F633F8 /* MapView.swift in Sources */,
				1536E30B1C6FBE1000471E86 /* CountryUtils.swift in Sources */,
				542B4B041B73A06F0099349E /* CarnetAddVC.swift in Sources */,
				544F17961CE260C400B45683 /* ChangeEmail.swift in Sources */,
				542DEE401B8A178800A09A00 /* TabBarController.swift in Sources */,
				540A4A411C11EF5A00C166D8 /* PostDetailViewController.swift in Sources */,
				543A48741BDD4226008E9D71 /* tuto1VC.swift in Sources */,
				82842E441B61EA7900E7C860 /* InitialViewController.swift in Sources */,
				82D73C9C1B8139DB00DFEAB0 /* Post.swift in Sources */,
				8283BE451B02364E0085F9A6 /* ForgotPassViewController.swift in Sources */,
				82D73CA51B81720E00DFEAB0 /* PostViewController.swift in Sources */,
				54C26FDF1C0FA08B002B5B5D /* TestsVC.swift in Sources */,
				546042151C19B4E300A6A2C4 /* CommentsVC.swift in Sources */,
				5470F0A11B8DE6EA00E3BA64 /* ProfileGameVC.swift in Sources */,
				1536E2FA1C6F711900471E86 /* ActivityIndicator.swift in Sources */,
				5484F8451CC6C59C002EFB41 /* CarnetTableViewCell.swift in Sources */,
				54D750621B763F7200A78824 /* CarnetTVC.swift in Sources */,
				541546161B7D1548008E182C /* ProfileVC.swift in Sources */,
				8283BE431B0233440085F9A6 /* LoginViewController.swift in Sources */,
				15FE53C61CA6F6B0002A28CC /* FBQuadTree.swift in Sources */,
				8283BE3D1B0162F00085F9A6 /* User.swift in Sources */,
				153C20ED1CEA71B700C3FB8F /* Comment.swift in Sources */,
				15FE53C21CA6F6B0002A28CC /* FBAnnotationCluster.swift in Sources */,
				54EEA4751C1F616A00AF6C71 /* FollowersTVC.swift in Sources */,
				159C11B71BF58B1C0018EBE1 /* EndpointUtils.swift in Sources */,
				8283BE471B0236880085F9A6 /* MapViewController.swift in Sources */,
				8283BE1D1B0143AF0085F9A6 /* AccountViewController.swift in Sources */,
				157970FF1CDD7E2D00C512F6 /* UrlRequestUtils.swift in Sources */,
				5448EB011C1B71DB004D771A /* helpSettingsVC.swift in Sources */,
				15FE53C11CA6F6B0002A28CC /* FBAnnotation.swift in Sources */,
				159C11B31BF589D70018EBE1 /* RestApiManager.swift in Sources */,
				544F17AF1CE2627F00B45683 /* EditProfile.swift in Sources */,
				540B2C331CD27B10005ED5D6 /* ContactCell.swift in Sources */,
				546042111C19A62800A6A2C4 /* CommentCell.swift in Sources */,
				15FE53C71CA6F6B0002A28CC /* FBQuadTreeNode.swift in Sources */,
				8283BE1B1B0143AF0085F9A6 /* mplango.xcdatamodeld in Sources */,
				54D02ABA1BD94C0700B62860 /* RewardViewController.swift in Sources */,
				54B4A7F11BEB9DF100199613 /* ChangePasswrd.swift in Sources */,
				8256CAFE1B40FD730002708C /* ContactViewController.swift in Sources */,
				54B4A7EC1BEB8E2400199613 /* Settings.swift in Sources */,
				54D02AB71BD949F900B62860 /* UITextViewExt.swift in Sources */,
				15FE53C41CA6F6B0002A28CC /* FBBoundingBox.swift in Sources */,
				542B4B101B73F4100099349E /* CarnetViewController.swift in Sources */,
				8283BE181B0143AF0085F9A6 /* AppDelegate.swift in Sources */,
				82D73CA21B81718B00DFEAB0 /* CategoryViewController.swift in Sources */,
				159C11AE1BF5768A0018EBE1 /* RUser.swift in Sources */,
				823CC0091B46291700F633F8 /* PostAnnotation.swift in Sources */,
				54F0896C1C20A05100089687 /* FollowingTVC.swift in Sources */,
				1513D99B1C4D163600D1729C /* ImageUtils.swift in Sources */,
				15FE53C51CA6F6B0002A28CC /* FBClusteringManager.swift in Sources */,
			);
			runOnlyForDeploymentPostprocessing = 0;
		};
		8283BE261B0143AF0085F9A6 /* Sources */ = {
			isa = PBXSourcesBuildPhase;
			buildActionMask = 2147483647;
			files = (
				1513D99C1C4D163600D1729C /* ImageUtils.swift in Sources */,
				8283BE311B0143AF0085F9A6 /* mplangoTests.swift in Sources */,
			);
			runOnlyForDeploymentPostprocessing = 0;
		};
/* End PBXSourcesBuildPhase section */

/* Begin PBXTargetDependency section */
		1536E2AF1C6E805700471E86 /* PBXTargetDependency */ = {
			isa = PBXTargetDependency;
			name = "Alamofire iOS";
			targetProxy = 1536E2AE1C6E805700471E86 /* PBXContainerItemProxy */;
		};
		1536E2F31C6ECD0800471E86 /* PBXTargetDependency */ = {
			isa = PBXTargetDependency;
			name = "SwiftyJSON iOS";
			targetProxy = 1536E2F21C6ECD0800471E86 /* PBXContainerItemProxy */;
		};
		1579711C1CDE396500C512F6 /* PBXTargetDependency */ = {
			isa = PBXTargetDependency;
			name = AlamofireSwiftyJSON;
			targetProxy = 1579711B1CDE396500C512F6 /* PBXContainerItemProxy */;
		};
		8283BE2C1B0143AF0085F9A6 /* PBXTargetDependency */ = {
			isa = PBXTargetDependency;
			target = 8283BE111B0143AF0085F9A6 /* mplango */;
			targetProxy = 8283BE2B1B0143AF0085F9A6 /* PBXContainerItemProxy */;
		};
/* End PBXTargetDependency section */

/* Begin PBXVariantGroup section */
		8283BE231B0143AF0085F9A6 /* LaunchScreen.xib */ = {
			isa = PBXVariantGroup;
			children = (
				8283BE241B0143AF0085F9A6 /* Base */,
			);
			name = LaunchScreen.xib;
			sourceTree = "<group>";
		};
/* End PBXVariantGroup section */

/* Begin XCBuildConfiguration section */
		8283BE321B0143AF0085F9A6 /* Debug */ = {
			isa = XCBuildConfiguration;
			buildSettings = {
				ALWAYS_SEARCH_USER_PATHS = NO;
				CLANG_CXX_LANGUAGE_STANDARD = "gnu++0x";
				CLANG_CXX_LIBRARY = "libc++";
				CLANG_ENABLE_MODULES = YES;
				CLANG_ENABLE_OBJC_ARC = YES;
				CLANG_WARN_BOOL_CONVERSION = YES;
				CLANG_WARN_CONSTANT_CONVERSION = YES;
				CLANG_WARN_DIRECT_OBJC_ISA_USAGE = YES_ERROR;
				CLANG_WARN_EMPTY_BODY = YES;
				CLANG_WARN_ENUM_CONVERSION = YES;
				CLANG_WARN_INT_CONVERSION = YES;
				CLANG_WARN_OBJC_ROOT_CLASS = YES_ERROR;
				CLANG_WARN_UNREACHABLE_CODE = YES;
				CLANG_WARN__DUPLICATE_METHOD_MATCH = YES;
				"CODE_SIGN_IDENTITY[sdk=iphoneos*]" = "iPhone Developer";
				COPY_PHASE_STRIP = NO;
				DEBUG_INFORMATION_FORMAT = "dwarf-with-dsym";
				ENABLE_STRICT_OBJC_MSGSEND = YES;
				ENABLE_TESTABILITY = YES;
				GCC_C_LANGUAGE_STANDARD = gnu99;
				GCC_DYNAMIC_NO_PIC = NO;
				GCC_NO_COMMON_BLOCKS = YES;
				GCC_OPTIMIZATION_LEVEL = 0;
				GCC_PREPROCESSOR_DEFINITIONS = (
					"DEBUG=1",
					"$(inherited)",
				);
				GCC_SYMBOLS_PRIVATE_EXTERN = NO;
				GCC_WARN_64_TO_32_BIT_CONVERSION = YES;
				GCC_WARN_ABOUT_RETURN_TYPE = YES_ERROR;
				GCC_WARN_UNDECLARED_SELECTOR = YES;
				GCC_WARN_UNINITIALIZED_AUTOS = YES_AGGRESSIVE;
				GCC_WARN_UNUSED_FUNCTION = YES;
				GCC_WARN_UNUSED_VARIABLE = YES;
				IPHONEOS_DEPLOYMENT_TARGET = 9.0;
				MTL_ENABLE_DEBUG_INFO = YES;
				ONLY_ACTIVE_ARCH = YES;
				SDKROOT = iphoneos;
				SWIFT_OPTIMIZATION_LEVEL = "-Onone";
			};
			name = Debug;
		};
		8283BE331B0143AF0085F9A6 /* Release */ = {
			isa = XCBuildConfiguration;
			buildSettings = {
				ALWAYS_SEARCH_USER_PATHS = NO;
				CLANG_CXX_LANGUAGE_STANDARD = "gnu++0x";
				CLANG_CXX_LIBRARY = "libc++";
				CLANG_ENABLE_MODULES = YES;
				CLANG_ENABLE_OBJC_ARC = YES;
				CLANG_WARN_BOOL_CONVERSION = YES;
				CLANG_WARN_CONSTANT_CONVERSION = YES;
				CLANG_WARN_DIRECT_OBJC_ISA_USAGE = YES_ERROR;
				CLANG_WARN_EMPTY_BODY = YES;
				CLANG_WARN_ENUM_CONVERSION = YES;
				CLANG_WARN_INT_CONVERSION = YES;
				CLANG_WARN_OBJC_ROOT_CLASS = YES_ERROR;
				CLANG_WARN_UNREACHABLE_CODE = YES;
				CLANG_WARN__DUPLICATE_METHOD_MATCH = YES;
				"CODE_SIGN_IDENTITY[sdk=iphoneos*]" = "iPhone Developer";
				COPY_PHASE_STRIP = NO;
				DEBUG_INFORMATION_FORMAT = "dwarf-with-dsym";
				ENABLE_NS_ASSERTIONS = NO;
				ENABLE_STRICT_OBJC_MSGSEND = YES;
				GCC_C_LANGUAGE_STANDARD = gnu99;
				GCC_NO_COMMON_BLOCKS = YES;
				GCC_WARN_64_TO_32_BIT_CONVERSION = YES;
				GCC_WARN_ABOUT_RETURN_TYPE = YES_ERROR;
				GCC_WARN_UNDECLARED_SELECTOR = YES;
				GCC_WARN_UNINITIALIZED_AUTOS = YES_AGGRESSIVE;
				GCC_WARN_UNUSED_FUNCTION = YES;
				GCC_WARN_UNUSED_VARIABLE = YES;
				IPHONEOS_DEPLOYMENT_TARGET = 9.0;
				MTL_ENABLE_DEBUG_INFO = NO;
				SDKROOT = iphoneos;
				VALIDATE_PRODUCT = YES;
			};
			name = Release;
		};
		8283BE351B0143AF0085F9A6 /* Debug */ = {
			isa = XCBuildConfiguration;
			buildSettings = {
				ASSETCATALOG_COMPILER_APPICON_NAME = AppIcon;
				CODE_SIGN_IDENTITY = "iPhone Developer";
				"CODE_SIGN_IDENTITY[sdk=iphoneos*]" = "iPhone Developer";
				EMBEDDED_CONTENT_CONTAINS_SWIFT = YES;
				INFOPLIST_FILE = mplango/Info.plist;
				LD_RUNPATH_SEARCH_PATHS = "$(inherited) @executable_path/Frameworks";
				PRODUCT_BUNDLE_IDENTIFIER = mplango.unb;
				PRODUCT_NAME = "$(TARGET_NAME)";
				PROVISIONING_PROFILE = "";
			};
			name = Debug;
		};
		8283BE361B0143AF0085F9A6 /* Release */ = {
			isa = XCBuildConfiguration;
			buildSettings = {
				ASSETCATALOG_COMPILER_APPICON_NAME = AppIcon;
				CODE_SIGN_IDENTITY = "iPhone Developer";
				"CODE_SIGN_IDENTITY[sdk=iphoneos*]" = "iPhone Developer";
				EMBEDDED_CONTENT_CONTAINS_SWIFT = YES;
				INFOPLIST_FILE = mplango/Info.plist;
				LD_RUNPATH_SEARCH_PATHS = "$(inherited) @executable_path/Frameworks";
				PRODUCT_BUNDLE_IDENTIFIER = mplango.unb;
				PRODUCT_NAME = "$(TARGET_NAME)";
				PROVISIONING_PROFILE = "";
				SWIFT_OPTIMIZATION_LEVEL = "-Owholemodule";
			};
			name = Release;
		};
		8283BE381B0143AF0085F9A6 /* Debug */ = {
			isa = XCBuildConfiguration;
			buildSettings = {
				BUNDLE_LOADER = "$(TEST_HOST)";
				FRAMEWORK_SEARCH_PATHS = (
					"$(SDKROOT)/Developer/Library/Frameworks",
					"$(inherited)",
				);
				GCC_PREPROCESSOR_DEFINITIONS = (
					"DEBUG=1",
					"$(inherited)",
				);
				INFOPLIST_FILE = mplangoTests/Info.plist;
				LD_RUNPATH_SEARCH_PATHS = "$(inherited) @executable_path/Frameworks @loader_path/Frameworks";
				PRODUCT_BUNDLE_IDENTIFIER = "unb.$(PRODUCT_NAME:rfc1034identifier)";
				PRODUCT_NAME = "$(TARGET_NAME)";
				TEST_HOST = "$(BUILT_PRODUCTS_DIR)/mplango.app/mplango";
			};
			name = Debug;
		};
		8283BE391B0143AF0085F9A6 /* Release */ = {
			isa = XCBuildConfiguration;
			buildSettings = {
				BUNDLE_LOADER = "$(TEST_HOST)";
				FRAMEWORK_SEARCH_PATHS = (
					"$(SDKROOT)/Developer/Library/Frameworks",
					"$(inherited)",
				);
				INFOPLIST_FILE = mplangoTests/Info.plist;
				LD_RUNPATH_SEARCH_PATHS = "$(inherited) @executable_path/Frameworks @loader_path/Frameworks";
				PRODUCT_BUNDLE_IDENTIFIER = "unb.$(PRODUCT_NAME:rfc1034identifier)";
				PRODUCT_NAME = "$(TARGET_NAME)";
				TEST_HOST = "$(BUILT_PRODUCTS_DIR)/mplango.app/mplango";
			};
			name = Release;
		};
/* End XCBuildConfiguration section */

/* Begin XCConfigurationList section */
		8283BE0D1B0143AF0085F9A6 /* Build configuration list for PBXProject "mplango" */ = {
			isa = XCConfigurationList;
			buildConfigurations = (
				8283BE321B0143AF0085F9A6 /* Debug */,
				8283BE331B0143AF0085F9A6 /* Release */,
			);
			defaultConfigurationIsVisible = 0;
			defaultConfigurationName = Release;
		};
		8283BE341B0143AF0085F9A6 /* Build configuration list for PBXNativeTarget "mplango" */ = {
			isa = XCConfigurationList;
			buildConfigurations = (
				8283BE351B0143AF0085F9A6 /* Debug */,
				8283BE361B0143AF0085F9A6 /* Release */,
			);
			defaultConfigurationIsVisible = 0;
			defaultConfigurationName = Release;
		};
		8283BE371B0143AF0085F9A6 /* Build configuration list for PBXNativeTarget "mplangoTests" */ = {
			isa = XCConfigurationList;
			buildConfigurations = (
				8283BE381B0143AF0085F9A6 /* Debug */,
				8283BE391B0143AF0085F9A6 /* Release */,
			);
			defaultConfigurationIsVisible = 0;
			defaultConfigurationName = Release;
		};
/* End XCConfigurationList section */

/* Begin XCVersionGroup section */
		8283BE191B0143AF0085F9A6 /* mplango.xcdatamodeld */ = {
			isa = XCVersionGroup;
			children = (
				1536E30D1C71FCC900471E86 /* mplango 11.xcdatamodel */,
				1536E30C1C71F6A500471E86 /* mplango 10.xcdatamodel */,
				5426BC2C1C62C24F000EBB74 /* mplango 9.xcdatamodel */,
				54841D5A1BF62CD900008022 /* mplango 8.xcdatamodel */,
				159C11B11BF586D70018EBE1 /* mplango 8.xcdatamodel */,
				54241A121B7E367A0074D350 /* mplango 7.xcdatamodel */,
				54241A0F1B7E34130074D350 /* mplango 6.xcdatamodel */,
				54241A0E1B7E321E0074D350 /* mplango 5.xcdatamodel */,
				54241A0D1B7E31BF0074D350 /* mplango 4.xcdatamodel */,
				54241A0C1B7E1B1E0074D350 /* mplango 3.xcdatamodel */,
				8283BE1A1B0143AF0085F9A6 /* mplango.xcdatamodel */,
			);
			currentVersion = 1536E30D1C71FCC900471E86 /* mplango 11.xcdatamodel */;
			path = mplango.xcdatamodeld;
			sourceTree = "<group>";
			versionGroupType = wrapper.xcdatamodel;
		};
/* End XCVersionGroup section */
	};
	rootObject = 8283BE0A1B0143AF0085F9A6 /* Project object */;
}
